// !$*UTF8*$!
{
	archiveVersion = 1;
	classes = {
	};
	objectVersion = 46;
	objects = {

/* Begin PBXBuildFile section */
		04F24EA79E2FEB16726F1559 /* libcocos2d Mac.a in Frameworks */ = {isa = PBXBuildFile; fileRef = 1D364C16A410D74FA7F2CF54 /* libcocos2d Mac.a */; };
		1D60589F0D05DD5A006BFB54 /* Foundation.framework in Frameworks */ = {isa = PBXBuildFile; fileRef = 1D30AB110D05D00D00671497 /* Foundation.framework */; };
		1DF5F4E00D08C38300B7A737 /* UIKit.framework in Frameworks */ = {isa = PBXBuildFile; fileRef = 1DF5F4DF0D08C38300B7A737 /* UIKit.framework */; };
		288765A50DF7441C002DB57D /* CoreGraphics.framework in Frameworks */ = {isa = PBXBuildFile; fileRef = 288765A40DF7441C002DB57D /* CoreGraphics.framework */; };
		31122E761BC7658100F08C65 /* HomeScene.cpp in Sources */ = {isa = PBXBuildFile; fileRef = 31122E741BC7658100F08C65 /* HomeScene.cpp */; settings = {ASSET_TAGS = (); }; };
		31122E771BC7658100F08C65 /* HomeScene.cpp in Sources */ = {isa = PBXBuildFile; fileRef = 31122E741BC7658100F08C65 /* HomeScene.cpp */; settings = {ASSET_TAGS = (); }; };
		31122E7A1BC76DCF00F08C65 /* SceneMediator.cpp in Sources */ = {isa = PBXBuildFile; fileRef = 31122E781BC76DCF00F08C65 /* SceneMediator.cpp */; settings = {ASSET_TAGS = (); }; };
		31122E7B1BC76DCF00F08C65 /* SceneMediator.cpp in Sources */ = {isa = PBXBuildFile; fileRef = 31122E781BC76DCF00F08C65 /* SceneMediator.cpp */; settings = {ASSET_TAGS = (); }; };
		31122E7D1BC77C4B00F08C65 /* start.png in Resources */ = {isa = PBXBuildFile; fileRef = 31122E7C1BC77C4B00F08C65 /* start.png */; settings = {ASSET_TAGS = (); }; };
		31122E7E1BC77C4B00F08C65 /* start.png in Resources */ = {isa = PBXBuildFile; fileRef = 31122E7C1BC77C4B00F08C65 /* start.png */; settings = {ASSET_TAGS = (); }; };
		31122E811BC77FA000F08C65 /* MainBackground.cpp in Sources */ = {isa = PBXBuildFile; fileRef = 31122E7F1BC77FA000F08C65 /* MainBackground.cpp */; settings = {ASSET_TAGS = (); }; };
		31122E821BC77FA000F08C65 /* MainBackground.cpp in Sources */ = {isa = PBXBuildFile; fileRef = 31122E7F1BC77FA000F08C65 /* MainBackground.cpp */; settings = {ASSET_TAGS = (); }; };
		31122E841BC780C400F08C65 /* mainBG.png in Resources */ = {isa = PBXBuildFile; fileRef = 31122E831BC780C400F08C65 /* mainBG.png */; settings = {ASSET_TAGS = (); }; };
		31122E851BC780C400F08C65 /* mainBG.png in Resources */ = {isa = PBXBuildFile; fileRef = 31122E831BC780C400F08C65 /* mainBG.png */; settings = {ASSET_TAGS = (); }; };
		31122E871BC7852F00F08C65 /* score.png in Resources */ = {isa = PBXBuildFile; fileRef = 31122E861BC7852F00F08C65 /* score.png */; settings = {ASSET_TAGS = (); }; };
		31122E881BC7852F00F08C65 /* score.png in Resources */ = {isa = PBXBuildFile; fileRef = 31122E861BC7852F00F08C65 /* score.png */; settings = {ASSET_TAGS = (); }; };
		31122E8A1BC786DA00F08C65 /* status.png in Resources */ = {isa = PBXBuildFile; fileRef = 31122E891BC786DA00F08C65 /* status.png */; settings = {ASSET_TAGS = (); }; };
		31122E8B1BC786DA00F08C65 /* status.png in Resources */ = {isa = PBXBuildFile; fileRef = 31122E891BC786DA00F08C65 /* status.png */; settings = {ASSET_TAGS = (); }; };
		31122E8D1BC7872800F08C65 /* exit.png in Resources */ = {isa = PBXBuildFile; fileRef = 31122E8C1BC7872800F08C65 /* exit.png */; settings = {ASSET_TAGS = (); }; };
		31122E8E1BC7872800F08C65 /* exit.png in Resources */ = {isa = PBXBuildFile; fileRef = 31122E8C1BC7872800F08C65 /* exit.png */; settings = {ASSET_TAGS = (); }; };
		31122E911BC7884600F08C65 /* StatusScene.cpp in Sources */ = {isa = PBXBuildFile; fileRef = 31122E8F1BC7884600F08C65 /* StatusScene.cpp */; settings = {ASSET_TAGS = (); }; };
		31122E921BC7884600F08C65 /* StatusScene.cpp in Sources */ = {isa = PBXBuildFile; fileRef = 31122E8F1BC7884600F08C65 /* StatusScene.cpp */; settings = {ASSET_TAGS = (); }; };
		31122E941BC79CC800F08C65 /* home.png in Resources */ = {isa = PBXBuildFile; fileRef = 31122E931BC79CC800F08C65 /* home.png */; settings = {ASSET_TAGS = (); }; };
		31122E951BC79CC800F08C65 /* home.png in Resources */ = {isa = PBXBuildFile; fileRef = 31122E931BC79CC800F08C65 /* home.png */; settings = {ASSET_TAGS = (); }; };
		31122EA31BC7B6E000F08C65 /* StatusDataManager.cpp in Sources */ = {isa = PBXBuildFile; fileRef = 31122EA11BC7B6E000F08C65 /* StatusDataManager.cpp */; settings = {ASSET_TAGS = (); }; };
		31122EA41BC7B6E000F08C65 /* StatusDataManager.cpp in Sources */ = {isa = PBXBuildFile; fileRef = 31122EA11BC7B6E000F08C65 /* StatusDataManager.cpp */; settings = {ASSET_TAGS = (); }; };
		31122EAA1BCC9DBC00F08C65 /* character_icon_0.png in Resources */ = {isa = PBXBuildFile; fileRef = 31122EA51BCC9DBC00F08C65 /* character_icon_0.png */; settings = {ASSET_TAGS = (); }; };
		31122EAB1BCC9DBC00F08C65 /* character_icon_0.png in Resources */ = {isa = PBXBuildFile; fileRef = 31122EA51BCC9DBC00F08C65 /* character_icon_0.png */; settings = {ASSET_TAGS = (); }; };
		31122EAC1BCC9DBC00F08C65 /* element_blue.png in Resources */ = {isa = PBXBuildFile; fileRef = 31122EA61BCC9DBC00F08C65 /* element_blue.png */; settings = {ASSET_TAGS = (); }; };
		31122EAD1BCC9DBC00F08C65 /* element_blue.png in Resources */ = {isa = PBXBuildFile; fileRef = 31122EA61BCC9DBC00F08C65 /* element_blue.png */; settings = {ASSET_TAGS = (); }; };
		31122EAE1BCC9DBC00F08C65 /* element_green.png in Resources */ = {isa = PBXBuildFile; fileRef = 31122EA71BCC9DBC00F08C65 /* element_green.png */; settings = {ASSET_TAGS = (); }; };
		31122EAF1BCC9DBC00F08C65 /* element_green.png in Resources */ = {isa = PBXBuildFile; fileRef = 31122EA71BCC9DBC00F08C65 /* element_green.png */; settings = {ASSET_TAGS = (); }; };
		31122EB01BCC9DBC00F08C65 /* element_red.png in Resources */ = {isa = PBXBuildFile; fileRef = 31122EA81BCC9DBC00F08C65 /* element_red.png */; settings = {ASSET_TAGS = (); }; };
		31122EB11BCC9DBC00F08C65 /* element_red.png in Resources */ = {isa = PBXBuildFile; fileRef = 31122EA81BCC9DBC00F08C65 /* element_red.png */; settings = {ASSET_TAGS = (); }; };
		31122EB21BCC9DBC00F08C65 /* element_yellow.png in Resources */ = {isa = PBXBuildFile; fileRef = 31122EA91BCC9DBC00F08C65 /* element_yellow.png */; settings = {ASSET_TAGS = (); }; };
		31122EB31BCC9DBC00F08C65 /* element_yellow.png in Resources */ = {isa = PBXBuildFile; fileRef = 31122EA91BCC9DBC00F08C65 /* element_yellow.png */; settings = {ASSET_TAGS = (); }; };
		31122EB51BCCBEDF00F08C65 /* Chara_illust.png in Resources */ = {isa = PBXBuildFile; fileRef = 31122EB41BCCBEDF00F08C65 /* Chara_illust.png */; settings = {ASSET_TAGS = (); }; };
		31122EB61BCCBEDF00F08C65 /* Chara_illust.png in Resources */ = {isa = PBXBuildFile; fileRef = 31122EB41BCCBEDF00F08C65 /* Chara_illust.png */; settings = {ASSET_TAGS = (); }; };
		31122EC11BCD01CD00F08C65 /* ui in Resources */ = {isa = PBXBuildFile; fileRef = 31122EC01BCD01CD00F08C65 /* ui */; settings = {ASSET_TAGS = (); }; };
		31122EC21BCD01CD00F08C65 /* ui in Resources */ = {isa = PBXBuildFile; fileRef = 31122EC01BCD01CD00F08C65 /* ui */; settings = {ASSET_TAGS = (); }; };
		31122EC61BCE27A300F08C65 /* CsvParser.cpp in Sources */ = {isa = PBXBuildFile; fileRef = 31122EC41BCE27A300F08C65 /* CsvParser.cpp */; settings = {ASSET_TAGS = (); }; };
		31122EC71BCE27A300F08C65 /* CsvParser.cpp in Sources */ = {isa = PBXBuildFile; fileRef = 31122EC41BCE27A300F08C65 /* CsvParser.cpp */; settings = {ASSET_TAGS = (); }; };
		3141AECE1BD4B6F1001F09B6 /* GameStageController.cpp in Sources */ = {isa = PBXBuildFile; fileRef = 3141AECC1BD4B6F1001F09B6 /* GameStageController.cpp */; settings = {ASSET_TAGS = (); }; };
		3141AECF1BD4B6F1001F09B6 /* GameStageController.cpp in Sources */ = {isa = PBXBuildFile; fileRef = 3141AECC1BD4B6F1001F09B6 /* GameStageController.cpp */; settings = {ASSET_TAGS = (); }; };
		3141AED31BD4B8F0001F09B6 /* Jewel.cpp in Sources */ = {isa = PBXBuildFile; fileRef = 3141AED11BD4B8F0001F09B6 /* Jewel.cpp */; settings = {ASSET_TAGS = (); }; };
		3141AED41BD4B8F0001F09B6 /* Jewel.cpp in Sources */ = {isa = PBXBuildFile; fileRef = 3141AED11BD4B8F0001F09B6 /* Jewel.cpp */; settings = {ASSET_TAGS = (); }; };
		3141AED71BD4BCF9001F09B6 /* JewelGrid.cpp in Sources */ = {isa = PBXBuildFile; fileRef = 3141AED51BD4BCF9001F09B6 /* JewelGrid.cpp */; settings = {ASSET_TAGS = (); }; };
		3141AED81BD4BCF9001F09B6 /* JewelGrid.cpp in Sources */ = {isa = PBXBuildFile; fileRef = 3141AED51BD4BCF9001F09B6 /* JewelGrid.cpp */; settings = {ASSET_TAGS = (); }; };
		3141AEDA1BD4C03B001F09B6 /* crush.ogg in Resources */ = {isa = PBXBuildFile; fileRef = 3141AED91BD4C03B001F09B6 /* crush.ogg */; settings = {ASSET_TAGS = (); }; };
		3141AEDB1BD4C03B001F09B6 /* crush.ogg in Resources */ = {isa = PBXBuildFile; fileRef = 3141AED91BD4C03B001F09B6 /* crush.ogg */; settings = {ASSET_TAGS = (); }; };
		3141AEE01BD4DB47001F09B6 /* element_0.png in Resources */ = {isa = PBXBuildFile; fileRef = 3141AEDC1BD4DB47001F09B6 /* element_0.png */; settings = {ASSET_TAGS = (); }; };
		3141AEE11BD4DB47001F09B6 /* element_0.png in Resources */ = {isa = PBXBuildFile; fileRef = 3141AEDC1BD4DB47001F09B6 /* element_0.png */; settings = {ASSET_TAGS = (); }; };
		3141AEE21BD4DB47001F09B6 /* element_1.png in Resources */ = {isa = PBXBuildFile; fileRef = 3141AEDD1BD4DB47001F09B6 /* element_1.png */; settings = {ASSET_TAGS = (); }; };
		3141AEE31BD4DB47001F09B6 /* element_1.png in Resources */ = {isa = PBXBuildFile; fileRef = 3141AEDD1BD4DB47001F09B6 /* element_1.png */; settings = {ASSET_TAGS = (); }; };
		3141AEE41BD4DB47001F09B6 /* element_2.png in Resources */ = {isa = PBXBuildFile; fileRef = 3141AEDE1BD4DB47001F09B6 /* element_2.png */; settings = {ASSET_TAGS = (); }; };
		3141AEE51BD4DB47001F09B6 /* element_2.png in Resources */ = {isa = PBXBuildFile; fileRef = 3141AEDE1BD4DB47001F09B6 /* element_2.png */; settings = {ASSET_TAGS = (); }; };
		3141AEE61BD4DB47001F09B6 /* element_3.png in Resources */ = {isa = PBXBuildFile; fileRef = 3141AEDF1BD4DB47001F09B6 /* element_3.png */; settings = {ASSET_TAGS = (); }; };
		3141AEE71BD4DB47001F09B6 /* element_3.png in Resources */ = {isa = PBXBuildFile; fileRef = 3141AEDF1BD4DB47001F09B6 /* element_3.png */; settings = {ASSET_TAGS = (); }; };
		3141AEEB1BD5DB6F001F09B6 /* JewelGridStatus.cpp in Sources */ = {isa = PBXBuildFile; fileRef = 3141AEE91BD5DB6F001F09B6 /* JewelGridStatus.cpp */; settings = {ASSET_TAGS = (); }; };
		3141AEEC1BD5DB6F001F09B6 /* JewelGridStatus.cpp in Sources */ = {isa = PBXBuildFile; fileRef = 3141AEE91BD5DB6F001F09B6 /* JewelGridStatus.cpp */; settings = {ASSET_TAGS = (); }; };
		3141AEEF1BD615CB001F09B6 /* MapLayer.cpp in Sources */ = {isa = PBXBuildFile; fileRef = 3141AEED1BD615CB001F09B6 /* MapLayer.cpp */; settings = {ASSET_TAGS = (); }; };
		3141AEF01BD615CB001F09B6 /* MapLayer.cpp in Sources */ = {isa = PBXBuildFile; fileRef = 3141AEED1BD615CB001F09B6 /* MapLayer.cpp */; settings = {ASSET_TAGS = (); }; };
		3141AEF21BD6217F001F09B6 /* map_00.tmx in Resources */ = {isa = PBXBuildFile; fileRef = 3141AEF11BD6217F001F09B6 /* map_00.tmx */; settings = {ASSET_TAGS = (); }; };
		3141AEF31BD6217F001F09B6 /* map_00.tmx in Resources */ = {isa = PBXBuildFile; fileRef = 3141AEF11BD6217F001F09B6 /* map_00.tmx */; settings = {ASSET_TAGS = (); }; };
		3141AEF51BD62333001F09B6 /* tmw_desert_spacing.png in Resources */ = {isa = PBXBuildFile; fileRef = 3141AEF41BD62333001F09B6 /* tmw_desert_spacing.png */; settings = {ASSET_TAGS = (); }; };
		3141AEF61BD62333001F09B6 /* tmw_desert_spacing.png in Resources */ = {isa = PBXBuildFile; fileRef = 3141AEF41BD62333001F09B6 /* tmw_desert_spacing.png */; settings = {ASSET_TAGS = (); }; };
		31599BE21BCF5E58005E92C5 /* data in Resources */ = {isa = PBXBuildFile; fileRef = 31599BE11BCF5E58005E92C5 /* data */; settings = {ASSET_TAGS = (); }; };
		3185615D1BD4855800627C21 /* StageSelectScene.cpp in Sources */ = {isa = PBXBuildFile; fileRef = 3185615B1BD4855800627C21 /* StageSelectScene.cpp */; settings = {ASSET_TAGS = (); }; };
		3185615E1BD4855800627C21 /* StageSelectScene.cpp in Sources */ = {isa = PBXBuildFile; fileRef = 3185615B1BD4855800627C21 /* StageSelectScene.cpp */; settings = {ASSET_TAGS = (); }; };
		318561621BD4A48800627C21 /* GameStageScene.cpp in Sources */ = {isa = PBXBuildFile; fileRef = 318561601BD4A48800627C21 /* GameStageScene.cpp */; settings = {ASSET_TAGS = (); }; };
		318561631BD4A48800627C21 /* GameStageScene.cpp in Sources */ = {isa = PBXBuildFile; fileRef = 318561601BD4A48800627C21 /* GameStageScene.cpp */; settings = {ASSET_TAGS = (); }; };
		3188E6721BCF8DD100AC8FBC /* PuzzleData.cpp in Sources */ = {isa = PBXBuildFile; fileRef = 3188E6701BCF8DD100AC8FBC /* PuzzleData.cpp */; settings = {ASSET_TAGS = (); }; };
		3188E6731BCF8DD100AC8FBC /* PuzzleData.cpp in Sources */ = {isa = PBXBuildFile; fileRef = 3188E6701BCF8DD100AC8FBC /* PuzzleData.cpp */; settings = {ASSET_TAGS = (); }; };
		3188E6761BCF8E7900AC8FBC /* StageData.cpp in Sources */ = {isa = PBXBuildFile; fileRef = 3188E6741BCF8E7900AC8FBC /* StageData.cpp */; settings = {ASSET_TAGS = (); }; };
		3188E6771BCF8E7900AC8FBC /* StageData.cpp in Sources */ = {isa = PBXBuildFile; fileRef = 3188E6741BCF8E7900AC8FBC /* StageData.cpp */; settings = {ASSET_TAGS = (); }; };
		3188E67A1BCFBA4500AC8FBC /* StageScoreRecord.cpp in Sources */ = {isa = PBXBuildFile; fileRef = 3188E6791BCFBA4500AC8FBC /* StageScoreRecord.cpp */; settings = {ASSET_TAGS = (); }; };
		3188E67B1BCFBA4500AC8FBC /* StageScoreRecord.cpp in Sources */ = {isa = PBXBuildFile; fileRef = 3188E6791BCFBA4500AC8FBC /* StageScoreRecord.cpp */; settings = {ASSET_TAGS = (); }; };
		3188E67E1BD09D8200AC8FBC /* StageDataManager.cpp in Sources */ = {isa = PBXBuildFile; fileRef = 3188E67C1BD09D8200AC8FBC /* StageDataManager.cpp */; settings = {ASSET_TAGS = (); }; };
		3188E67F1BD09D8200AC8FBC /* StageDataManager.cpp in Sources */ = {isa = PBXBuildFile; fileRef = 3188E67C1BD09D8200AC8FBC /* StageDataManager.cpp */; settings = {ASSET_TAGS = (); }; };
		3188E6821BD0A6BB00AC8FBC /* StageScoreScene.cpp in Sources */ = {isa = PBXBuildFile; fileRef = 3188E6801BD0A6BB00AC8FBC /* StageScoreScene.cpp */; settings = {ASSET_TAGS = (); }; };
		3188E6831BD0A6BB00AC8FBC /* StageScoreScene.cpp in Sources */ = {isa = PBXBuildFile; fileRef = 3188E6801BD0A6BB00AC8FBC /* StageScoreScene.cpp */; settings = {ASSET_TAGS = (); }; };
		3188E6851BD0B68000AC8FBC /* stageIcon_0.png in Resources */ = {isa = PBXBuildFile; fileRef = 3188E6841BD0B68000AC8FBC /* stageIcon_0.png */; settings = {ASSET_TAGS = (); }; };
		3188E6861BD0B68000AC8FBC /* stageIcon_0.png in Resources */ = {isa = PBXBuildFile; fileRef = 3188E6841BD0B68000AC8FBC /* stageIcon_0.png */; settings = {ASSET_TAGS = (); }; };
		31CD823E1BD6464C0009D1FB /* Player_on_map.png in Resources */ = {isa = PBXBuildFile; fileRef = 31CD823D1BD6464C0009D1FB /* Player_on_map.png */; settings = {ASSET_TAGS = (); }; };
		31CD82451BD725F00009D1FB /* MapItemBase.cpp in Sources */ = {isa = PBXBuildFile; fileRef = 31CD82431BD725F00009D1FB /* MapItemBase.cpp */; settings = {ASSET_TAGS = (); }; };
		31CD82461BD725F00009D1FB /* MapItemBase.cpp in Sources */ = {isa = PBXBuildFile; fileRef = 31CD82431BD725F00009D1FB /* MapItemBase.cpp */; settings = {ASSET_TAGS = (); }; };
		31CD82491BD767440009D1FB /* MapItemPlayer.cpp in Sources */ = {isa = PBXBuildFile; fileRef = 31CD82471BD767440009D1FB /* MapItemPlayer.cpp */; settings = {ASSET_TAGS = (); }; };
		31CD824A1BD767440009D1FB /* MapItemPlayer.cpp in Sources */ = {isa = PBXBuildFile; fileRef = 31CD82471BD767440009D1FB /* MapItemPlayer.cpp */; settings = {ASSET_TAGS = (); }; };
		31CD824D1BD769EC0009D1FB /* MapItemEnemy.cpp in Sources */ = {isa = PBXBuildFile; fileRef = 31CD824B1BD769EC0009D1FB /* MapItemEnemy.cpp */; settings = {ASSET_TAGS = (); }; };
		31CD824E1BD769EC0009D1FB /* MapItemEnemy.cpp in Sources */ = {isa = PBXBuildFile; fileRef = 31CD824B1BD769EC0009D1FB /* MapItemEnemy.cpp */; settings = {ASSET_TAGS = (); }; };
		31CD82521BD77CD40009D1FB /* MapController.cpp in Sources */ = {isa = PBXBuildFile; fileRef = 31CD82501BD77CD40009D1FB /* MapController.cpp */; settings = {ASSET_TAGS = (); }; };
		31CD82531BD77CD40009D1FB /* MapController.cpp in Sources */ = {isa = PBXBuildFile; fileRef = 31CD82501BD77CD40009D1FB /* MapController.cpp */; settings = {ASSET_TAGS = (); }; };
		31CD82561BD882DA0009D1FB /* IDPool.cpp in Sources */ = {isa = PBXBuildFile; fileRef = 31CD82541BD882DA0009D1FB /* IDPool.cpp */; settings = {ASSET_TAGS = (); }; };
		31CD82571BD882DA0009D1FB /* IDPool.cpp in Sources */ = {isa = PBXBuildFile; fileRef = 31CD82541BD882DA0009D1FB /* IDPool.cpp */; settings = {ASSET_TAGS = (); }; };
		46880B8819C43A87006E1F66 /* AppDelegate.cpp in Sources */ = {isa = PBXBuildFile; fileRef = 46880B8419C43A87006E1F66 /* AppDelegate.cpp */; };
		46880B8919C43A87006E1F66 /* AppDelegate.cpp in Sources */ = {isa = PBXBuildFile; fileRef = 46880B8419C43A87006E1F66 /* AppDelegate.cpp */; };
		503AE0F817EB97AB00D1A890 /* Icon.icns in Resources */ = {isa = PBXBuildFile; fileRef = 503AE0F617EB97AB00D1A890 /* Icon.icns */; };
		503AE10017EB989F00D1A890 /* AppController.mm in Sources */ = {isa = PBXBuildFile; fileRef = 503AE0FB17EB989F00D1A890 /* AppController.mm */; };
		503AE10117EB989F00D1A890 /* main.m in Sources */ = {isa = PBXBuildFile; fileRef = 503AE0FC17EB989F00D1A890 /* main.m */; };
		503AE10217EB989F00D1A890 /* RootViewController.mm in Sources */ = {isa = PBXBuildFile; fileRef = 503AE0FF17EB989F00D1A890 /* RootViewController.mm */; };
		503AE10517EB98FF00D1A890 /* main.cpp in Sources */ = {isa = PBXBuildFile; fileRef = 503AE10317EB98FF00D1A890 /* main.cpp */; };
		503AE11B17EB9C5A00D1A890 /* IOKit.framework in Frameworks */ = {isa = PBXBuildFile; fileRef = 503AE11A17EB9C5A00D1A890 /* IOKit.framework */; };
		5087E76317EB910900C73F5D /* Foundation.framework in Frameworks */ = {isa = PBXBuildFile; fileRef = 1D30AB110D05D00D00671497 /* Foundation.framework */; };
		5087E76717EB910900C73F5D /* libz.dylib in Frameworks */ = {isa = PBXBuildFile; fileRef = BF170DB412928DE900B8313A /* libz.dylib */; };
		5087E76817EB910900C73F5D /* QuartzCore.framework in Frameworks */ = {isa = PBXBuildFile; fileRef = BF1C47EA1293683800B63C5D /* QuartzCore.framework */; };
		5087E76917EB910900C73F5D /* OpenAL.framework in Frameworks */ = {isa = PBXBuildFile; fileRef = D44C620B132DFF330009C878 /* OpenAL.framework */; };
		5087E76A17EB910900C73F5D /* AVFoundation.framework in Frameworks */ = {isa = PBXBuildFile; fileRef = D44C620D132DFF430009C878 /* AVFoundation.framework */; };
		5087E76B17EB910900C73F5D /* AudioToolbox.framework in Frameworks */ = {isa = PBXBuildFile; fileRef = D44C620F132DFF4E0009C878 /* AudioToolbox.framework */; };
		5087E77D17EB970100C73F5D /* Default-568h@2x.png in Resources */ = {isa = PBXBuildFile; fileRef = 5087E77217EB970100C73F5D /* Default-568h@2x.png */; };
		5087E77E17EB970100C73F5D /* Default.png in Resources */ = {isa = PBXBuildFile; fileRef = 5087E77317EB970100C73F5D /* Default.png */; };
		5087E77F17EB970100C73F5D /* Default@2x.png in Resources */ = {isa = PBXBuildFile; fileRef = 5087E77417EB970100C73F5D /* Default@2x.png */; };
		5087E78017EB970100C73F5D /* Icon-114.png in Resources */ = {isa = PBXBuildFile; fileRef = 5087E77517EB970100C73F5D /* Icon-114.png */; };
		5087E78117EB970100C73F5D /* Icon-120.png in Resources */ = {isa = PBXBuildFile; fileRef = 5087E77617EB970100C73F5D /* Icon-120.png */; };
		5087E78217EB970100C73F5D /* Icon-144.png in Resources */ = {isa = PBXBuildFile; fileRef = 5087E77717EB970100C73F5D /* Icon-144.png */; };
		5087E78317EB970100C73F5D /* Icon-152.png in Resources */ = {isa = PBXBuildFile; fileRef = 5087E77817EB970100C73F5D /* Icon-152.png */; };
		5087E78417EB970100C73F5D /* Icon-57.png in Resources */ = {isa = PBXBuildFile; fileRef = 5087E77917EB970100C73F5D /* Icon-57.png */; };
		5087E78517EB970100C73F5D /* Icon-72.png in Resources */ = {isa = PBXBuildFile; fileRef = 5087E77A17EB970100C73F5D /* Icon-72.png */; };
		5087E78617EB970100C73F5D /* Icon-76.png in Resources */ = {isa = PBXBuildFile; fileRef = 5087E77B17EB970100C73F5D /* Icon-76.png */; };
		5087E78917EB974C00C73F5D /* AppKit.framework in Frameworks */ = {isa = PBXBuildFile; fileRef = 5087E78817EB974C00C73F5D /* AppKit.framework */; };
		5087E78B17EB975400C73F5D /* OpenGL.framework in Frameworks */ = {isa = PBXBuildFile; fileRef = 5087E78A17EB975400C73F5D /* OpenGL.framework */; };
		50EF629617ECD46A001EB2F8 /* Icon-40.png in Resources */ = {isa = PBXBuildFile; fileRef = 50EF629217ECD46A001EB2F8 /* Icon-40.png */; };
		50EF629717ECD46A001EB2F8 /* Icon-58.png in Resources */ = {isa = PBXBuildFile; fileRef = 50EF629317ECD46A001EB2F8 /* Icon-58.png */; };
		50EF629817ECD46A001EB2F8 /* Icon-80.png in Resources */ = {isa = PBXBuildFile; fileRef = 50EF629417ECD46A001EB2F8 /* Icon-80.png */; };
		50EF629917ECD46A001EB2F8 /* Icon-100.png in Resources */ = {isa = PBXBuildFile; fileRef = 50EF629517ECD46A001EB2F8 /* Icon-100.png */; };
		50EF62A217ECD613001EB2F8 /* Icon-29.png in Resources */ = {isa = PBXBuildFile; fileRef = 50EF62A017ECD613001EB2F8 /* Icon-29.png */; };
		50EF62A317ECD613001EB2F8 /* Icon-50.png in Resources */ = {isa = PBXBuildFile; fileRef = 50EF62A117ECD613001EB2F8 /* Icon-50.png */; };
		521A8E6419F0C34300D177D7 /* Default-667h@2x.png in Resources */ = {isa = PBXBuildFile; fileRef = 521A8E6219F0C34300D177D7 /* Default-667h@2x.png */; };
		521A8E6519F0C34300D177D7 /* Default-736h@3x.png in Resources */ = {isa = PBXBuildFile; fileRef = 521A8E6319F0C34300D177D7 /* Default-736h@3x.png */; };
		52B47A471A53D09C004E4C60 /* Security.framework in Frameworks */ = {isa = PBXBuildFile; fileRef = 52B47A461A53D09B004E4C60 /* Security.framework */; };
		8262943E1AAF051F00CB7CF7 /* Security.framework in Frameworks */ = {isa = PBXBuildFile; fileRef = 8262943D1AAF051F00CB7CF7 /* Security.framework */; };
		BF171245129291EC00B8313A /* OpenGLES.framework in Frameworks */ = {isa = PBXBuildFile; fileRef = BF170DB012928DE900B8313A /* OpenGLES.framework */; };
		BF1712471292920000B8313A /* libz.dylib in Frameworks */ = {isa = PBXBuildFile; fileRef = BF170DB412928DE900B8313A /* libz.dylib */; };
		BF1C47F01293687400B63C5D /* QuartzCore.framework in Frameworks */ = {isa = PBXBuildFile; fileRef = BF1C47EA1293683800B63C5D /* QuartzCore.framework */; };
		C1A34EC3B3688816E3878B27 /* libcocos2d iOS.a in Frameworks */ = {isa = PBXBuildFile; fileRef = 89AD4506B527F53C15871621 /* libcocos2d iOS.a */; };
		D44C620C132DFF330009C878 /* OpenAL.framework in Frameworks */ = {isa = PBXBuildFile; fileRef = D44C620B132DFF330009C878 /* OpenAL.framework */; };
		D44C620E132DFF430009C878 /* AVFoundation.framework in Frameworks */ = {isa = PBXBuildFile; fileRef = D44C620D132DFF430009C878 /* AVFoundation.framework */; };
		D44C6210132DFF4E0009C878 /* AudioToolbox.framework in Frameworks */ = {isa = PBXBuildFile; fileRef = D44C620F132DFF4E0009C878 /* AudioToolbox.framework */; };
		D6B0611B1803AB670077942B /* CoreMotion.framework in Frameworks */ = {isa = PBXBuildFile; fileRef = D6B0611A1803AB670077942B /* CoreMotion.framework */; };
		ED545A7C1B68A1F400C3958E /* libiconv.dylib in Frameworks */ = {isa = PBXBuildFile; fileRef = ED545A7B1B68A1F400C3958E /* libiconv.dylib */; };
		ED545A7E1B68A1FA00C3958E /* libiconv.dylib in Frameworks */ = {isa = PBXBuildFile; fileRef = ED545A7D1B68A1FA00C3958E /* libiconv.dylib */; };
/* End PBXBuildFile section */

/* Begin PBXFileReference section */
		1ACB3243164770DE00914215 /* libcurl.a */ = {isa = PBXFileReference; lastKnownFileType = archive.ar; name = libcurl.a; path = ../../cocos2dx/platform/third_party/ios/libraries/libcurl.a; sourceTree = "<group>"; };
		1D30AB110D05D00D00671497 /* Foundation.framework */ = {isa = PBXFileReference; lastKnownFileType = wrapper.framework; name = Foundation.framework; path = System/Library/Frameworks/Foundation.framework; sourceTree = SDKROOT; };
		1D364C16A410D74FA7F2CF54 /* libcocos2d Mac.a */ = {isa = PBXFileReference; lastKnownFileType = archive.ar; name = "libcocos2d Mac.a"; path = "/Applications/Cocos/frameworks/cocos2d-x-3.8/prebuilt/mac/libcocos2d Mac.a"; sourceTree = "<absolute>"; };
		1D6058910D05DD3D006BFB54 /* MatchPuzzleRPGT-mobile.app */ = {isa = PBXFileReference; explicitFileType = wrapper.application; includeInIndex = 0; path = "MatchPuzzleRPGT-mobile.app"; sourceTree = BUILT_PRODUCTS_DIR; };
		1DF5F4DF0D08C38300B7A737 /* UIKit.framework */ = {isa = PBXFileReference; lastKnownFileType = wrapper.framework; name = UIKit.framework; path = System/Library/Frameworks/UIKit.framework; sourceTree = SDKROOT; };
		288765A40DF7441C002DB57D /* CoreGraphics.framework */ = {isa = PBXFileReference; lastKnownFileType = wrapper.framework; name = CoreGraphics.framework; path = System/Library/Frameworks/CoreGraphics.framework; sourceTree = SDKROOT; };
		31122E741BC7658100F08C65 /* HomeScene.cpp */ = {isa = PBXFileReference; fileEncoding = 4; lastKnownFileType = sourcecode.cpp.cpp; path = HomeScene.cpp; sourceTree = "<group>"; };
		31122E751BC7658100F08C65 /* HomeScene.h */ = {isa = PBXFileReference; fileEncoding = 4; lastKnownFileType = sourcecode.c.h; path = HomeScene.h; sourceTree = "<group>"; };
		31122E781BC76DCF00F08C65 /* SceneMediator.cpp */ = {isa = PBXFileReference; fileEncoding = 4; lastKnownFileType = sourcecode.cpp.cpp; path = SceneMediator.cpp; sourceTree = "<group>"; };
		31122E791BC76DCF00F08C65 /* SceneMediator.h */ = {isa = PBXFileReference; fileEncoding = 4; lastKnownFileType = sourcecode.c.h; path = SceneMediator.h; sourceTree = "<group>"; };
		31122E7C1BC77C4B00F08C65 /* start.png */ = {isa = PBXFileReference; lastKnownFileType = image.png; path = start.png; sourceTree = "<group>"; };
		31122E7F1BC77FA000F08C65 /* MainBackground.cpp */ = {isa = PBXFileReference; fileEncoding = 4; lastKnownFileType = sourcecode.cpp.cpp; path = MainBackground.cpp; sourceTree = "<group>"; };
		31122E801BC77FA000F08C65 /* MainBackground.h */ = {isa = PBXFileReference; fileEncoding = 4; lastKnownFileType = sourcecode.c.h; path = MainBackground.h; sourceTree = "<group>"; };
		31122E831BC780C400F08C65 /* mainBG.png */ = {isa = PBXFileReference; lastKnownFileType = image.png; path = mainBG.png; sourceTree = "<group>"; };
		31122E861BC7852F00F08C65 /* score.png */ = {isa = PBXFileReference; lastKnownFileType = image.png; path = score.png; sourceTree = "<group>"; };
		31122E891BC786DA00F08C65 /* status.png */ = {isa = PBXFileReference; lastKnownFileType = image.png; path = status.png; sourceTree = "<group>"; };
		31122E8C1BC7872800F08C65 /* exit.png */ = {isa = PBXFileReference; lastKnownFileType = image.png; path = exit.png; sourceTree = "<group>"; };
		31122E8F1BC7884600F08C65 /* StatusScene.cpp */ = {isa = PBXFileReference; fileEncoding = 4; lastKnownFileType = sourcecode.cpp.cpp; path = StatusScene.cpp; sourceTree = "<group>"; };
		31122E901BC7884600F08C65 /* StatusScene.h */ = {isa = PBXFileReference; fileEncoding = 4; lastKnownFileType = sourcecode.c.h; path = StatusScene.h; sourceTree = "<group>"; };
		31122E931BC79CC800F08C65 /* home.png */ = {isa = PBXFileReference; lastKnownFileType = image.png; path = home.png; sourceTree = "<group>"; };
		31122E961BC7A19400F08C65 /* ElementType.h */ = {isa = PBXFileReference; fileEncoding = 4; lastKnownFileType = sourcecode.c.h; path = ElementType.h; sourceTree = "<group>"; };
		31122E981BC7A4A100F08C65 /* UnitData.h */ = {isa = PBXFileReference; fileEncoding = 4; lastKnownFileType = sourcecode.c.h; path = UnitData.h; sourceTree = "<group>"; };
		31122E9C1BC7A88900F08C65 /* UnitOfPlayerRecord.h */ = {isa = PBXFileReference; fileEncoding = 4; lastKnownFileType = sourcecode.c.h; path = UnitOfPlayerRecord.h; sourceTree = "<group>"; };
		31122EA01BC7B52600F08C65 /* PlayerStatusData.h */ = {isa = PBXFileReference; fileEncoding = 4; lastKnownFileType = sourcecode.c.h; path = PlayerStatusData.h; sourceTree = "<group>"; };
		31122EA11BC7B6E000F08C65 /* StatusDataManager.cpp */ = {isa = PBXFileReference; fileEncoding = 4; lastKnownFileType = sourcecode.cpp.cpp; path = StatusDataManager.cpp; sourceTree = "<group>"; };
		31122EA21BC7B6E000F08C65 /* StatusDataManager.h */ = {isa = PBXFileReference; fileEncoding = 4; lastKnownFileType = sourcecode.c.h; path = StatusDataManager.h; sourceTree = "<group>"; };
		31122EA51BCC9DBC00F08C65 /* character_icon_0.png */ = {isa = PBXFileReference; lastKnownFileType = image.png; path = character_icon_0.png; sourceTree = "<group>"; };
		31122EA61BCC9DBC00F08C65 /* element_blue.png */ = {isa = PBXFileReference; lastKnownFileType = image.png; path = element_blue.png; sourceTree = "<group>"; };
		31122EA71BCC9DBC00F08C65 /* element_green.png */ = {isa = PBXFileReference; lastKnownFileType = image.png; path = element_green.png; sourceTree = "<group>"; };
		31122EA81BCC9DBC00F08C65 /* element_red.png */ = {isa = PBXFileReference; lastKnownFileType = image.png; path = element_red.png; sourceTree = "<group>"; };
		31122EA91BCC9DBC00F08C65 /* element_yellow.png */ = {isa = PBXFileReference; lastKnownFileType = image.png; path = element_yellow.png; sourceTree = "<group>"; };
		31122EB41BCCBEDF00F08C65 /* Chara_illust.png */ = {isa = PBXFileReference; lastKnownFileType = image.png; path = Chara_illust.png; sourceTree = "<group>"; };
		31122EBF1BCCF22F00F08C65 /* ListItem_UnitRecord.hpp */ = {isa = PBXFileReference; fileEncoding = 4; lastKnownFileType = sourcecode.cpp.h; path = ListItem_UnitRecord.hpp; sourceTree = "<group>"; };
		31122EC01BCD01CD00F08C65 /* ui */ = {isa = PBXFileReference; lastKnownFileType = folder; path = ui; sourceTree = "<group>"; };
		31122EC41BCE27A300F08C65 /* CsvParser.cpp */ = {isa = PBXFileReference; fileEncoding = 4; lastKnownFileType = sourcecode.cpp.cpp; path = CsvParser.cpp; sourceTree = "<group>"; };
		31122EC51BCE27A300F08C65 /* CsvParser.h */ = {isa = PBXFileReference; fileEncoding = 4; lastKnownFileType = sourcecode.c.h; path = CsvParser.h; sourceTree = "<group>"; };
		3141AECC1BD4B6F1001F09B6 /* GameStageController.cpp */ = {isa = PBXFileReference; fileEncoding = 4; lastKnownFileType = sourcecode.cpp.cpp; path = GameStageController.cpp; sourceTree = "<group>"; };
		3141AECD1BD4B6F1001F09B6 /* GameStageController.h */ = {isa = PBXFileReference; fileEncoding = 4; lastKnownFileType = sourcecode.c.h; path = GameStageController.h; sourceTree = "<group>"; };
		3141AED11BD4B8F0001F09B6 /* Jewel.cpp */ = {isa = PBXFileReference; fileEncoding = 4; lastKnownFileType = sourcecode.cpp.cpp; path = Jewel.cpp; sourceTree = "<group>"; };
		3141AED21BD4B8F0001F09B6 /* Jewel.h */ = {isa = PBXFileReference; fileEncoding = 4; lastKnownFileType = sourcecode.c.h; path = Jewel.h; sourceTree = "<group>"; };
		3141AED51BD4BCF9001F09B6 /* JewelGrid.cpp */ = {isa = PBXFileReference; fileEncoding = 4; lastKnownFileType = sourcecode.cpp.cpp; path = JewelGrid.cpp; sourceTree = "<group>"; };
		3141AED61BD4BCF9001F09B6 /* JewelGrid.h */ = {isa = PBXFileReference; fileEncoding = 4; lastKnownFileType = sourcecode.c.h; path = JewelGrid.h; sourceTree = "<group>"; };
		3141AED91BD4C03B001F09B6 /* crush.ogg */ = {isa = PBXFileReference; lastKnownFileType = file; path = crush.ogg; sourceTree = "<group>"; };
		3141AEDC1BD4DB47001F09B6 /* element_0.png */ = {isa = PBXFileReference; lastKnownFileType = image.png; path = element_0.png; sourceTree = "<group>"; };
		3141AEDD1BD4DB47001F09B6 /* element_1.png */ = {isa = PBXFileReference; lastKnownFileType = image.png; path = element_1.png; sourceTree = "<group>"; };
		3141AEDE1BD4DB47001F09B6 /* element_2.png */ = {isa = PBXFileReference; lastKnownFileType = image.png; path = element_2.png; sourceTree = "<group>"; };
		3141AEDF1BD4DB47001F09B6 /* element_3.png */ = {isa = PBXFileReference; lastKnownFileType = image.png; path = element_3.png; sourceTree = "<group>"; };
		3141AEE91BD5DB6F001F09B6 /* JewelGridStatus.cpp */ = {isa = PBXFileReference; fileEncoding = 4; lastKnownFileType = sourcecode.cpp.cpp; path = JewelGridStatus.cpp; sourceTree = "<group>"; };
		3141AEEA1BD5DB6F001F09B6 /* JewelGridStatus.h */ = {isa = PBXFileReference; fileEncoding = 4; lastKnownFileType = sourcecode.c.h; path = JewelGridStatus.h; sourceTree = "<group>"; };
		3141AEED1BD615CB001F09B6 /* MapLayer.cpp */ = {isa = PBXFileReference; fileEncoding = 4; lastKnownFileType = sourcecode.cpp.cpp; path = MapLayer.cpp; sourceTree = "<group>"; };
		3141AEEE1BD615CB001F09B6 /* MapLayer.h */ = {isa = PBXFileReference; fileEncoding = 4; lastKnownFileType = sourcecode.c.h; path = MapLayer.h; sourceTree = "<group>"; };
		3141AEF11BD6217F001F09B6 /* map_00.tmx */ = {isa = PBXFileReference; fileEncoding = 4; lastKnownFileType = text.xml; path = map_00.tmx; sourceTree = "<group>"; };
		3141AEF41BD62333001F09B6 /* tmw_desert_spacing.png */ = {isa = PBXFileReference; lastKnownFileType = image.png; path = tmw_desert_spacing.png; sourceTree = "<group>"; };
		3141AEF71BD63320001F09B6 /* UIHelper.hpp */ = {isa = PBXFileReference; fileEncoding = 4; lastKnownFileType = sourcecode.cpp.h; path = UIHelper.hpp; sourceTree = "<group>"; };
		31599BE11BCF5E58005E92C5 /* data */ = {isa = PBXFileReference; lastKnownFileType = folder; path = data; sourceTree = "<group>"; };
		31599BE31BCF6971005E92C5 /* Layer_PlayerStatus.hpp */ = {isa = PBXFileReference; fileEncoding = 4; lastKnownFileType = sourcecode.cpp.h; path = Layer_PlayerStatus.hpp; sourceTree = "<group>"; };
		3185615B1BD4855800627C21 /* StageSelectScene.cpp */ = {isa = PBXFileReference; fileEncoding = 4; lastKnownFileType = sourcecode.cpp.cpp; path = StageSelectScene.cpp; sourceTree = "<group>"; };
		3185615C1BD4855800627C21 /* StageSelectScene.h */ = {isa = PBXFileReference; fileEncoding = 4; lastKnownFileType = sourcecode.c.h; path = StageSelectScene.h; sourceTree = "<group>"; };
		3185615F1BD4899100627C21 /* Item_SelectStage.hpp */ = {isa = PBXFileReference; fileEncoding = 4; lastKnownFileType = sourcecode.cpp.h; path = Item_SelectStage.hpp; sourceTree = "<group>"; };
		318561601BD4A48800627C21 /* GameStageScene.cpp */ = {isa = PBXFileReference; fileEncoding = 4; lastKnownFileType = sourcecode.cpp.cpp; path = GameStageScene.cpp; sourceTree = "<group>"; };
		318561611BD4A48800627C21 /* GameStageScene.h */ = {isa = PBXFileReference; fileEncoding = 4; lastKnownFileType = sourcecode.c.h; path = GameStageScene.h; sourceTree = "<group>"; };
		3188E6701BCF8DD100AC8FBC /* PuzzleData.cpp */ = {isa = PBXFileReference; fileEncoding = 4; lastKnownFileType = sourcecode.cpp.cpp; path = PuzzleData.cpp; sourceTree = "<group>"; };
		3188E6711BCF8DD100AC8FBC /* PuzzleData.h */ = {isa = PBXFileReference; fileEncoding = 4; lastKnownFileType = sourcecode.c.h; path = PuzzleData.h; sourceTree = "<group>"; };
		3188E6741BCF8E7900AC8FBC /* StageData.cpp */ = {isa = PBXFileReference; fileEncoding = 4; lastKnownFileType = sourcecode.cpp.cpp; path = StageData.cpp; sourceTree = "<group>"; };
		3188E6751BCF8E7900AC8FBC /* StageData.h */ = {isa = PBXFileReference; fileEncoding = 4; lastKnownFileType = sourcecode.c.h; path = StageData.h; sourceTree = "<group>"; };
		3188E6781BCFB90200AC8FBC /* StageScoreRecord.h */ = {isa = PBXFileReference; fileEncoding = 4; lastKnownFileType = sourcecode.c.h; path = StageScoreRecord.h; sourceTree = "<group>"; };
		3188E6791BCFBA4500AC8FBC /* StageScoreRecord.cpp */ = {isa = PBXFileReference; fileEncoding = 4; lastKnownFileType = sourcecode.cpp.cpp; path = StageScoreRecord.cpp; sourceTree = "<group>"; };
		3188E67C1BD09D8200AC8FBC /* StageDataManager.cpp */ = {isa = PBXFileReference; fileEncoding = 4; lastKnownFileType = sourcecode.cpp.cpp; path = StageDataManager.cpp; sourceTree = "<group>"; };
		3188E67D1BD09D8200AC8FBC /* StageDataManager.h */ = {isa = PBXFileReference; fileEncoding = 4; lastKnownFileType = sourcecode.c.h; path = StageDataManager.h; sourceTree = "<group>"; };
		3188E6801BD0A6BB00AC8FBC /* StageScoreScene.cpp */ = {isa = PBXFileReference; fileEncoding = 4; lastKnownFileType = sourcecode.cpp.cpp; path = StageScoreScene.cpp; sourceTree = "<group>"; };
		3188E6811BD0A6BB00AC8FBC /* StageScoreScene.h */ = {isa = PBXFileReference; fileEncoding = 4; lastKnownFileType = sourcecode.c.h; path = StageScoreScene.h; sourceTree = "<group>"; };
		3188E6841BD0B68000AC8FBC /* stageIcon_0.png */ = {isa = PBXFileReference; lastKnownFileType = image.png; path = stageIcon_0.png; sourceTree = "<group>"; };
		3188E6871BD0E31300AC8FBC /* Item_StageScoreRecord.hpp */ = {isa = PBXFileReference; fileEncoding = 4; lastKnownFileType = sourcecode.cpp.h; path = Item_StageScoreRecord.hpp; sourceTree = "<group>"; };
		3188E6881BD1064D00AC8FBC /* TimeParser.hpp */ = {isa = PBXFileReference; fileEncoding = 4; lastKnownFileType = sourcecode.cpp.h; path = TimeParser.hpp; sourceTree = "<group>"; };
		31CD823D1BD6464C0009D1FB /* Player_on_map.png */ = {isa = PBXFileReference; lastKnownFileType = image.png; path = Player_on_map.png; sourceTree = "<group>"; };
		31CD82401BD64C000009D1FB /* IMapItem.h */ = {isa = PBXFileReference; fileEncoding = 4; lastKnownFileType = sourcecode.c.h; path = IMapItem.h; sourceTree = "<group>"; };
		31CD82431BD725F00009D1FB /* MapItemBase.cpp */ = {isa = PBXFileReference; fileEncoding = 4; lastKnownFileType = sourcecode.cpp.cpp; path = MapItemBase.cpp; sourceTree = "<group>"; };
		31CD82441BD725F00009D1FB /* MapItemBase.h */ = {isa = PBXFileReference; fileEncoding = 4; lastKnownFileType = sourcecode.c.h; path = MapItemBase.h; sourceTree = "<group>"; };
		31CD82471BD767440009D1FB /* MapItemPlayer.cpp */ = {isa = PBXFileReference; fileEncoding = 4; lastKnownFileType = sourcecode.cpp.cpp; path = MapItemPlayer.cpp; sourceTree = "<group>"; };
		31CD82481BD767440009D1FB /* MapItemPlayer.h */ = {isa = PBXFileReference; fileEncoding = 4; lastKnownFileType = sourcecode.c.h; path = MapItemPlayer.h; sourceTree = "<group>"; };
		31CD824B1BD769EC0009D1FB /* MapItemEnemy.cpp */ = {isa = PBXFileReference; fileEncoding = 4; lastKnownFileType = sourcecode.cpp.cpp; path = MapItemEnemy.cpp; sourceTree = "<group>"; };
		31CD824C1BD769EC0009D1FB /* MapItemEnemy.h */ = {isa = PBXFileReference; fileEncoding = 4; lastKnownFileType = sourcecode.c.h; path = MapItemEnemy.h; sourceTree = "<group>"; };
		31CD824F1BD76AD50009D1FB /* EnemyStatusData.h */ = {isa = PBXFileReference; fileEncoding = 4; lastKnownFileType = sourcecode.c.h; path = EnemyStatusData.h; sourceTree = "<group>"; };
		31CD82501BD77CD40009D1FB /* MapController.cpp */ = {isa = PBXFileReference; fileEncoding = 4; lastKnownFileType = sourcecode.cpp.cpp; path = MapController.cpp; sourceTree = "<group>"; };
		31CD82511BD77CD40009D1FB /* MapController.h */ = {isa = PBXFileReference; fileEncoding = 4; lastKnownFileType = sourcecode.c.h; path = MapController.h; sourceTree = "<group>"; };
		31CD82541BD882DA0009D1FB /* IDPool.cpp */ = {isa = PBXFileReference; fileEncoding = 4; lastKnownFileType = sourcecode.cpp.cpp; path = IDPool.cpp; sourceTree = "<group>"; };
		31CD82551BD882DA0009D1FB /* IDPool.h */ = {isa = PBXFileReference; fileEncoding = 4; lastKnownFileType = sourcecode.c.h; path = IDPool.h; sourceTree = "<group>"; };
		46880B8419C43A87006E1F66 /* AppDelegate.cpp */ = {isa = PBXFileReference; fileEncoding = 4; lastKnownFileType = sourcecode.cpp.cpp; path = AppDelegate.cpp; sourceTree = "<group>"; };
		46880B8519C43A87006E1F66 /* AppDelegate.h */ = {isa = PBXFileReference; fileEncoding = 4; lastKnownFileType = sourcecode.c.h; path = AppDelegate.h; sourceTree = "<group>"; };
		503AE0F617EB97AB00D1A890 /* Icon.icns */ = {isa = PBXFileReference; lastKnownFileType = image.icns; path = Icon.icns; sourceTree = "<group>"; };
		503AE0F717EB97AB00D1A890 /* Info.plist */ = {isa = PBXFileReference; fileEncoding = 4; lastKnownFileType = text.plist.xml; path = Info.plist; sourceTree = "<group>"; };
		503AE0FA17EB989F00D1A890 /* AppController.h */ = {isa = PBXFileReference; fileEncoding = 4; lastKnownFileType = sourcecode.c.h; name = AppController.h; path = ios/AppController.h; sourceTree = SOURCE_ROOT; };
		503AE0FB17EB989F00D1A890 /* AppController.mm */ = {isa = PBXFileReference; fileEncoding = 4; lastKnownFileType = sourcecode.cpp.objcpp; name = AppController.mm; path = ios/AppController.mm; sourceTree = SOURCE_ROOT; };
		503AE0FC17EB989F00D1A890 /* main.m */ = {isa = PBXFileReference; fileEncoding = 4; lastKnownFileType = sourcecode.c.objc; name = main.m; path = ios/main.m; sourceTree = SOURCE_ROOT; };
		503AE0FD17EB989F00D1A890 /* Prefix.pch */ = {isa = PBXFileReference; fileEncoding = 4; lastKnownFileType = sourcecode.c.h; name = Prefix.pch; path = ios/Prefix.pch; sourceTree = SOURCE_ROOT; };
		503AE0FE17EB989F00D1A890 /* RootViewController.h */ = {isa = PBXFileReference; fileEncoding = 4; lastKnownFileType = sourcecode.c.h; name = RootViewController.h; path = ios/RootViewController.h; sourceTree = SOURCE_ROOT; };
		503AE0FF17EB989F00D1A890 /* RootViewController.mm */ = {isa = PBXFileReference; fileEncoding = 4; lastKnownFileType = sourcecode.cpp.objcpp; name = RootViewController.mm; path = ios/RootViewController.mm; sourceTree = SOURCE_ROOT; };
		503AE10317EB98FF00D1A890 /* main.cpp */ = {isa = PBXFileReference; fileEncoding = 4; lastKnownFileType = sourcecode.cpp.cpp; name = main.cpp; path = mac/main.cpp; sourceTree = "<group>"; };
		503AE10417EB98FF00D1A890 /* Prefix.pch */ = {isa = PBXFileReference; fileEncoding = 4; lastKnownFileType = sourcecode.c.h; name = Prefix.pch; path = mac/Prefix.pch; sourceTree = "<group>"; };
		503AE11117EB99EE00D1A890 /* libcurl.dylib */ = {isa = PBXFileReference; lastKnownFileType = "compiled.mach-o.dylib"; name = libcurl.dylib; path = usr/lib/libcurl.dylib; sourceTree = SDKROOT; };
		503AE11A17EB9C5A00D1A890 /* IOKit.framework */ = {isa = PBXFileReference; lastKnownFileType = wrapper.framework; name = IOKit.framework; path = System/Library/Frameworks/IOKit.framework; sourceTree = SDKROOT; };
		5087E76F17EB910900C73F5D /* MatchPuzzleRPGT-desktop.app */ = {isa = PBXFileReference; explicitFileType = wrapper.application; includeInIndex = 0; path = "MatchPuzzleRPGT-desktop.app"; sourceTree = BUILT_PRODUCTS_DIR; };
		5087E77217EB970100C73F5D /* Default-568h@2x.png */ = {isa = PBXFileReference; lastKnownFileType = image.png; path = "Default-568h@2x.png"; sourceTree = "<group>"; };
		5087E77317EB970100C73F5D /* Default.png */ = {isa = PBXFileReference; lastKnownFileType = image.png; path = Default.png; sourceTree = "<group>"; };
		5087E77417EB970100C73F5D /* Default@2x.png */ = {isa = PBXFileReference; lastKnownFileType = image.png; path = "Default@2x.png"; sourceTree = "<group>"; };
		5087E77517EB970100C73F5D /* Icon-114.png */ = {isa = PBXFileReference; lastKnownFileType = image.png; path = "Icon-114.png"; sourceTree = "<group>"; };
		5087E77617EB970100C73F5D /* Icon-120.png */ = {isa = PBXFileReference; lastKnownFileType = image.png; path = "Icon-120.png"; sourceTree = "<group>"; };
		5087E77717EB970100C73F5D /* Icon-144.png */ = {isa = PBXFileReference; lastKnownFileType = image.png; path = "Icon-144.png"; sourceTree = "<group>"; };
		5087E77817EB970100C73F5D /* Icon-152.png */ = {isa = PBXFileReference; lastKnownFileType = image.png; path = "Icon-152.png"; sourceTree = "<group>"; };
		5087E77917EB970100C73F5D /* Icon-57.png */ = {isa = PBXFileReference; lastKnownFileType = image.png; path = "Icon-57.png"; sourceTree = "<group>"; };
		5087E77A17EB970100C73F5D /* Icon-72.png */ = {isa = PBXFileReference; lastKnownFileType = image.png; path = "Icon-72.png"; sourceTree = "<group>"; };
		5087E77B17EB970100C73F5D /* Icon-76.png */ = {isa = PBXFileReference; lastKnownFileType = image.png; path = "Icon-76.png"; sourceTree = "<group>"; };
		5087E77C17EB970100C73F5D /* Info.plist */ = {isa = PBXFileReference; fileEncoding = 4; lastKnownFileType = text.plist.xml; path = Info.plist; sourceTree = "<group>"; };
		5087E78817EB974C00C73F5D /* AppKit.framework */ = {isa = PBXFileReference; lastKnownFileType = wrapper.framework; name = AppKit.framework; path = System/Library/Frameworks/AppKit.framework; sourceTree = SDKROOT; };
		5087E78A17EB975400C73F5D /* OpenGL.framework */ = {isa = PBXFileReference; lastKnownFileType = wrapper.framework; name = OpenGL.framework; path = System/Library/Frameworks/OpenGL.framework; sourceTree = SDKROOT; };
		50EF629217ECD46A001EB2F8 /* Icon-40.png */ = {isa = PBXFileReference; lastKnownFileType = image.png; path = "Icon-40.png"; sourceTree = "<group>"; };
		50EF629317ECD46A001EB2F8 /* Icon-58.png */ = {isa = PBXFileReference; lastKnownFileType = image.png; path = "Icon-58.png"; sourceTree = "<group>"; };
		50EF629417ECD46A001EB2F8 /* Icon-80.png */ = {isa = PBXFileReference; lastKnownFileType = image.png; path = "Icon-80.png"; sourceTree = "<group>"; };
		50EF629517ECD46A001EB2F8 /* Icon-100.png */ = {isa = PBXFileReference; lastKnownFileType = image.png; path = "Icon-100.png"; sourceTree = "<group>"; };
		50EF62A017ECD613001EB2F8 /* Icon-29.png */ = {isa = PBXFileReference; lastKnownFileType = image.png; path = "Icon-29.png"; sourceTree = "<group>"; };
		50EF62A117ECD613001EB2F8 /* Icon-50.png */ = {isa = PBXFileReference; lastKnownFileType = image.png; path = "Icon-50.png"; sourceTree = "<group>"; };
		521A8E6219F0C34300D177D7 /* Default-667h@2x.png */ = {isa = PBXFileReference; lastKnownFileType = image.png; path = "Default-667h@2x.png"; sourceTree = "<group>"; };
		521A8E6319F0C34300D177D7 /* Default-736h@3x.png */ = {isa = PBXFileReference; lastKnownFileType = image.png; path = "Default-736h@3x.png"; sourceTree = "<group>"; };
		52B47A461A53D09B004E4C60 /* Security.framework */ = {isa = PBXFileReference; lastKnownFileType = wrapper.framework; name = Security.framework; path = Platforms/iPhoneOS.platform/Developer/SDKs/iPhoneOS8.1.sdk/System/Library/Frameworks/Security.framework; sourceTree = DEVELOPER_DIR; };
		8262943D1AAF051F00CB7CF7 /* Security.framework */ = {isa = PBXFileReference; lastKnownFileType = wrapper.framework; name = Security.framework; path = System/Library/Frameworks/Security.framework; sourceTree = SDKROOT; };
		89AD4506B527F53C15871621 /* libcocos2d iOS.a */ = {isa = PBXFileReference; lastKnownFileType = archive.ar; name = "libcocos2d iOS.a"; path = "/Applications/Cocos/frameworks/cocos2d-x-3.8/prebuilt/ios/libcocos2d iOS.a"; sourceTree = "<absolute>"; };
		BF170DB012928DE900B8313A /* OpenGLES.framework */ = {isa = PBXFileReference; lastKnownFileType = wrapper.framework; name = OpenGLES.framework; path = System/Library/Frameworks/OpenGLES.framework; sourceTree = SDKROOT; };
		BF170DB412928DE900B8313A /* libz.dylib */ = {isa = PBXFileReference; lastKnownFileType = "compiled.mach-o.dylib"; name = libz.dylib; path = usr/lib/libz.dylib; sourceTree = SDKROOT; };
		BF1C47EA1293683800B63C5D /* QuartzCore.framework */ = {isa = PBXFileReference; lastKnownFileType = wrapper.framework; name = QuartzCore.framework; path = System/Library/Frameworks/QuartzCore.framework; sourceTree = SDKROOT; };
		D44C620B132DFF330009C878 /* OpenAL.framework */ = {isa = PBXFileReference; lastKnownFileType = wrapper.framework; name = OpenAL.framework; path = System/Library/Frameworks/OpenAL.framework; sourceTree = SDKROOT; };
		D44C620D132DFF430009C878 /* AVFoundation.framework */ = {isa = PBXFileReference; lastKnownFileType = wrapper.framework; name = AVFoundation.framework; path = System/Library/Frameworks/AVFoundation.framework; sourceTree = SDKROOT; };
		D44C620F132DFF4E0009C878 /* AudioToolbox.framework */ = {isa = PBXFileReference; lastKnownFileType = wrapper.framework; name = AudioToolbox.framework; path = System/Library/Frameworks/AudioToolbox.framework; sourceTree = SDKROOT; };
		D6B0611A1803AB670077942B /* CoreMotion.framework */ = {isa = PBXFileReference; lastKnownFileType = wrapper.framework; name = CoreMotion.framework; path = Platforms/iPhoneOS.platform/Developer/SDKs/iPhoneOS7.0.sdk/System/Library/Frameworks/CoreMotion.framework; sourceTree = DEVELOPER_DIR; };
		ED545A7B1B68A1F400C3958E /* libiconv.dylib */ = {isa = PBXFileReference; lastKnownFileType = "compiled.mach-o.dylib"; name = libiconv.dylib; path = Platforms/iPhoneOS.platform/Developer/SDKs/iPhoneOS8.4.sdk/usr/lib/libiconv.dylib; sourceTree = DEVELOPER_DIR; };
		ED545A7D1B68A1FA00C3958E /* libiconv.dylib */ = {isa = PBXFileReference; lastKnownFileType = "compiled.mach-o.dylib"; name = libiconv.dylib; path = usr/lib/libiconv.dylib; sourceTree = SDKROOT; };
/* End PBXFileReference section */

/* Begin PBXFrameworksBuildPhase section */
		1D60588F0D05DD3D006BFB54 /* Frameworks */ = {
			isa = PBXFrameworksBuildPhase;
			buildActionMask = 2147483647;
			files = (
				ED545A7C1B68A1F400C3958E /* libiconv.dylib in Frameworks */,
				52B47A471A53D09C004E4C60 /* Security.framework in Frameworks */,
				D6B0611B1803AB670077942B /* CoreMotion.framework in Frameworks */,
				1D60589F0D05DD5A006BFB54 /* Foundation.framework in Frameworks */,
				1DF5F4E00D08C38300B7A737 /* UIKit.framework in Frameworks */,
				288765A50DF7441C002DB57D /* CoreGraphics.framework in Frameworks */,
				BF171245129291EC00B8313A /* OpenGLES.framework in Frameworks */,
				BF1712471292920000B8313A /* libz.dylib in Frameworks */,
				BF1C47F01293687400B63C5D /* QuartzCore.framework in Frameworks */,
				D44C620C132DFF330009C878 /* OpenAL.framework in Frameworks */,
				D44C620E132DFF430009C878 /* AVFoundation.framework in Frameworks */,
				D44C6210132DFF4E0009C878 /* AudioToolbox.framework in Frameworks */,
				C1A34EC3B3688816E3878B27 /* libcocos2d iOS.a in Frameworks */,
			);
			runOnlyForDeploymentPostprocessing = 0;
		};
		5087E75C17EB910900C73F5D /* Frameworks */ = {
			isa = PBXFrameworksBuildPhase;
			buildActionMask = 2147483647;
			files = (
				ED545A7E1B68A1FA00C3958E /* libiconv.dylib in Frameworks */,
				5087E76717EB910900C73F5D /* libz.dylib in Frameworks */,
				8262943E1AAF051F00CB7CF7 /* Security.framework in Frameworks */,
				503AE11B17EB9C5A00D1A890 /* IOKit.framework in Frameworks */,
				5087E78B17EB975400C73F5D /* OpenGL.framework in Frameworks */,
				5087E78917EB974C00C73F5D /* AppKit.framework in Frameworks */,
				5087E76317EB910900C73F5D /* Foundation.framework in Frameworks */,
				5087E76817EB910900C73F5D /* QuartzCore.framework in Frameworks */,
				5087E76917EB910900C73F5D /* OpenAL.framework in Frameworks */,
				5087E76A17EB910900C73F5D /* AVFoundation.framework in Frameworks */,
				5087E76B17EB910900C73F5D /* AudioToolbox.framework in Frameworks */,
				04F24EA79E2FEB16726F1559 /* libcocos2d Mac.a in Frameworks */,
			);
			runOnlyForDeploymentPostprocessing = 0;
		};
/* End PBXFrameworksBuildPhase section */

/* Begin PBXGroup section */
		080E96DDFE201D6D7F000001 /* ios */ = {
			isa = PBXGroup;
			children = (
				5087E77117EB970100C73F5D /* Icons */,
				503AE0FA17EB989F00D1A890 /* AppController.h */,
				503AE0FB17EB989F00D1A890 /* AppController.mm */,
				503AE0FC17EB989F00D1A890 /* main.m */,
				503AE0FD17EB989F00D1A890 /* Prefix.pch */,
				503AE0FE17EB989F00D1A890 /* RootViewController.h */,
				503AE0FF17EB989F00D1A890 /* RootViewController.mm */,
			);
			name = ios;
			path = Classes;
			sourceTree = "<group>";
		};
		19C28FACFE9D520D11CA2CBB /* Products */ = {
			isa = PBXGroup;
			children = (
				1D6058910D05DD3D006BFB54 /* MatchPuzzleRPGT-mobile.app */,
				5087E76F17EB910900C73F5D /* MatchPuzzleRPGT-desktop.app */,
			);
			name = Products;
			sourceTree = "<group>";
		};
		29B97314FDCFA39411CA2CEA /* CustomTemplate */ = {
			isa = PBXGroup;
			children = (
				46880B8319C43A87006E1F66 /* Classes */,
				46880B7519C43A67006E1F66 /* Resources */,
				29B97323FDCFA39411CA2CEA /* Frameworks */,
				080E96DDFE201D6D7F000001 /* ios */,
				503AE10617EB990700D1A890 /* mac */,
				19C28FACFE9D520D11CA2CBB /* Products */,
				D5CB42F08C6D43063F35C095 /* ios-libs */,
				902F42B2BBC012D29E93F7B6 /* mac-libs */,
			);
			name = CustomTemplate;
			sourceTree = "<group>";
		};
		29B97323FDCFA39411CA2CEA /* Frameworks */ = {
			isa = PBXGroup;
			children = (
				ED545A7D1B68A1FA00C3958E /* libiconv.dylib */,
				ED545A7B1B68A1F400C3958E /* libiconv.dylib */,
				8262943D1AAF051F00CB7CF7 /* Security.framework */,
				52B47A461A53D09B004E4C60 /* Security.framework */,
				D6B0611A1803AB670077942B /* CoreMotion.framework */,
				503AE11A17EB9C5A00D1A890 /* IOKit.framework */,
				503AE11117EB99EE00D1A890 /* libcurl.dylib */,
				5087E78A17EB975400C73F5D /* OpenGL.framework */,
				5087E78817EB974C00C73F5D /* AppKit.framework */,
				1ACB3243164770DE00914215 /* libcurl.a */,
				BF170DB412928DE900B8313A /* libz.dylib */,
				D44C620F132DFF4E0009C878 /* AudioToolbox.framework */,
				D44C620D132DFF430009C878 /* AVFoundation.framework */,
				288765A40DF7441C002DB57D /* CoreGraphics.framework */,
				1D30AB110D05D00D00671497 /* Foundation.framework */,
				D44C620B132DFF330009C878 /* OpenAL.framework */,
				BF170DB012928DE900B8313A /* OpenGLES.framework */,
				BF1C47EA1293683800B63C5D /* QuartzCore.framework */,
				1DF5F4DF0D08C38300B7A737 /* UIKit.framework */,
			);
			name = Frameworks;
			sourceTree = "<group>";
		};
		31122EBA1BCCF0FE00F08C65 /* DataModel */ = {
			isa = PBXGroup;
			children = (
				3188E6741BCF8E7900AC8FBC /* StageData.cpp */,
				3188E6751BCF8E7900AC8FBC /* StageData.h */,
				3188E6791BCFBA4500AC8FBC /* StageScoreRecord.cpp */,
				3188E6781BCFB90200AC8FBC /* StageScoreRecord.h */,
				31122E961BC7A19400F08C65 /* ElementType.h */,
				31122E981BC7A4A100F08C65 /* UnitData.h */,
				31122E9C1BC7A88900F08C65 /* UnitOfPlayerRecord.h */,
				31122EA01BC7B52600F08C65 /* PlayerStatusData.h */,
				31CD824F1BD76AD50009D1FB /* EnemyStatusData.h */,
				3188E6701BCF8DD100AC8FBC /* PuzzleData.cpp */,
				3188E6711BCF8DD100AC8FBC /* PuzzleData.h */,
			);
			name = DataModel;
			sourceTree = "<group>";
		};
		31122EBC1BCCF12D00F08C65 /* DataManager */ = {
			isa = PBXGroup;
			children = (
				31122EA11BC7B6E000F08C65 /* StatusDataManager.cpp */,
				31122EA21BC7B6E000F08C65 /* StatusDataManager.h */,
				3188E67C1BD09D8200AC8FBC /* StageDataManager.cpp */,
				3188E67D1BD09D8200AC8FBC /* StageDataManager.h */,
			);
			name = DataManager;
			sourceTree = "<group>";
		};
		31122EBD1BCCF14A00F08C65 /* Scene */ = {
			isa = PBXGroup;
			children = (
				31122E7F1BC77FA000F08C65 /* MainBackground.cpp */,
				31122E801BC77FA000F08C65 /* MainBackground.h */,
				31122E741BC7658100F08C65 /* HomeScene.cpp */,
				31122E751BC7658100F08C65 /* HomeScene.h */,
				31122E8F1BC7884600F08C65 /* StatusScene.cpp */,
				31122E901BC7884600F08C65 /* StatusScene.h */,
				3188E6801BD0A6BB00AC8FBC /* StageScoreScene.cpp */,
				3188E6811BD0A6BB00AC8FBC /* StageScoreScene.h */,
				3185615B1BD4855800627C21 /* StageSelectScene.cpp */,
				3185615C1BD4855800627C21 /* StageSelectScene.h */,
				318561601BD4A48800627C21 /* GameStageScene.cpp */,
				318561611BD4A48800627C21 /* GameStageScene.h */,
			);
			name = Scene;
			sourceTree = "<group>";
		};
		31122EBE1BCCF19900F08C65 /* DataVisualizer */ = {
			isa = PBXGroup;
			children = (
				31122EBF1BCCF22F00F08C65 /* ListItem_UnitRecord.hpp */,
				3185615F1BD4899100627C21 /* Item_SelectStage.hpp */,
				31599BE31BCF6971005E92C5 /* Layer_PlayerStatus.hpp */,
				3188E6871BD0E31300AC8FBC /* Item_StageScoreRecord.hpp */,
			);
			name = DataVisualizer;
			sourceTree = "<group>";
		};
		31122EC31BCE277700F08C65 /* Utils */ = {
			isa = PBXGroup;
			children = (
				31122EC41BCE27A300F08C65 /* CsvParser.cpp */,
				31122EC51BCE27A300F08C65 /* CsvParser.h */,
				31CD82541BD882DA0009D1FB /* IDPool.cpp */,
				31CD82551BD882DA0009D1FB /* IDPool.h */,
				3188E6881BD1064D00AC8FBC /* TimeParser.hpp */,
				3141AEF71BD63320001F09B6 /* UIHelper.hpp */,
			);
			name = Utils;
			sourceTree = "<group>";
		};
		3141AED01BD4B74E001F09B6 /* GameStage */ = {
			isa = PBXGroup;
			children = (
				3141AED11BD4B8F0001F09B6 /* Jewel.cpp */,
				3141AED21BD4B8F0001F09B6 /* Jewel.h */,
				3141AED51BD4BCF9001F09B6 /* JewelGrid.cpp */,
				3141AED61BD4BCF9001F09B6 /* JewelGrid.h */,
				3141AEE91BD5DB6F001F09B6 /* JewelGridStatus.cpp */,
				3141AEEA1BD5DB6F001F09B6 /* JewelGridStatus.h */,
				31CD82401BD64C000009D1FB /* IMapItem.h */,
				31CD82431BD725F00009D1FB /* MapItemBase.cpp */,
				31CD82441BD725F00009D1FB /* MapItemBase.h */,
				31CD824B1BD769EC0009D1FB /* MapItemEnemy.cpp */,
				31CD824C1BD769EC0009D1FB /* MapItemEnemy.h */,
				31CD82471BD767440009D1FB /* MapItemPlayer.cpp */,
				31CD82481BD767440009D1FB /* MapItemPlayer.h */,
				3141AEED1BD615CB001F09B6 /* MapLayer.cpp */,
				3141AEEE1BD615CB001F09B6 /* MapLayer.h */,
				31CD82501BD77CD40009D1FB /* MapController.cpp */,
				31CD82511BD77CD40009D1FB /* MapController.h */,
				3141AECC1BD4B6F1001F09B6 /* GameStageController.cpp */,
				3141AECD1BD4B6F1001F09B6 /* GameStageController.h */,
			);
			name = GameStage;
			sourceTree = "<group>";
		};
		46880B7519C43A67006E1F66 /* Resources */ = {
			isa = PBXGroup;
			children = (
				31CD823D1BD6464C0009D1FB /* Player_on_map.png */,
				3141AEF41BD62333001F09B6 /* tmw_desert_spacing.png */,
				3141AEF11BD6217F001F09B6 /* map_00.tmx */,
				3141AEDC1BD4DB47001F09B6 /* element_0.png */,
				3141AEDD1BD4DB47001F09B6 /* element_1.png */,
				3141AEDE1BD4DB47001F09B6 /* element_2.png */,
				3141AEDF1BD4DB47001F09B6 /* element_3.png */,
				3141AED91BD4C03B001F09B6 /* crush.ogg */,
				31599BE11BCF5E58005E92C5 /* data */,
				31122EC01BCD01CD00F08C65 /* ui */,
				31122EB41BCCBEDF00F08C65 /* Chara_illust.png */,
				31122EA51BCC9DBC00F08C65 /* character_icon_0.png */,
				3188E6841BD0B68000AC8FBC /* stageIcon_0.png */,
				31122EA61BCC9DBC00F08C65 /* element_blue.png */,
				31122EA71BCC9DBC00F08C65 /* element_green.png */,
				31122EA81BCC9DBC00F08C65 /* element_red.png */,
				31122EA91BCC9DBC00F08C65 /* element_yellow.png */,
				31122E831BC780C400F08C65 /* mainBG.png */,
				31122E7C1BC77C4B00F08C65 /* start.png */,
				31122E861BC7852F00F08C65 /* score.png */,
				31122E891BC786DA00F08C65 /* status.png */,
				31122E8C1BC7872800F08C65 /* exit.png */,
				31122E931BC79CC800F08C65 /* home.png */,
			);
			name = Resources;
			path = ../Resources;
			sourceTree = "<group>";
		};
		46880B8319C43A87006E1F66 /* Classes */ = {
			isa = PBXGroup;
			children = (
				3141AED01BD4B74E001F09B6 /* GameStage */,
				31122EC31BCE277700F08C65 /* Utils */,
				31122EBD1BCCF14A00F08C65 /* Scene */,
				31122EBC1BCCF12D00F08C65 /* DataManager */,
				31122EBE1BCCF19900F08C65 /* DataVisualizer */,
				31122EBA1BCCF0FE00F08C65 /* DataModel */,
				46880B8419C43A87006E1F66 /* AppDelegate.cpp */,
				46880B8519C43A87006E1F66 /* AppDelegate.h */,
				31122E781BC76DCF00F08C65 /* SceneMediator.cpp */,
				31122E791BC76DCF00F08C65 /* SceneMediator.h */,
			);
			name = Classes;
			path = ../Classes;
			sourceTree = "<group>";
		};
		503AE0F517EB97AB00D1A890 /* Icons */ = {
			isa = PBXGroup;
			children = (
				503AE0F617EB97AB00D1A890 /* Icon.icns */,
				503AE0F717EB97AB00D1A890 /* Info.plist */,
			);
			name = Icons;
			path = mac;
			sourceTree = SOURCE_ROOT;
		};
		503AE10617EB990700D1A890 /* mac */ = {
			isa = PBXGroup;
			children = (
				503AE0F517EB97AB00D1A890 /* Icons */,
				503AE10317EB98FF00D1A890 /* main.cpp */,
				503AE10417EB98FF00D1A890 /* Prefix.pch */,
			);
			name = mac;
			sourceTree = "<group>";
		};
		5087E77117EB970100C73F5D /* Icons */ = {
			isa = PBXGroup;
			children = (
				521A8E6219F0C34300D177D7 /* Default-667h@2x.png */,
				521A8E6319F0C34300D177D7 /* Default-736h@3x.png */,
				5087E77217EB970100C73F5D /* Default-568h@2x.png */,
				5087E77317EB970100C73F5D /* Default.png */,
				5087E77417EB970100C73F5D /* Default@2x.png */,
				50EF62A017ECD613001EB2F8 /* Icon-29.png */,
				50EF62A117ECD613001EB2F8 /* Icon-50.png */,
				50EF629217ECD46A001EB2F8 /* Icon-40.png */,
				50EF629317ECD46A001EB2F8 /* Icon-58.png */,
				50EF629417ECD46A001EB2F8 /* Icon-80.png */,
				50EF629517ECD46A001EB2F8 /* Icon-100.png */,
				5087E77517EB970100C73F5D /* Icon-114.png */,
				5087E77617EB970100C73F5D /* Icon-120.png */,
				5087E77717EB970100C73F5D /* Icon-144.png */,
				5087E77817EB970100C73F5D /* Icon-152.png */,
				5087E77917EB970100C73F5D /* Icon-57.png */,
				5087E77A17EB970100C73F5D /* Icon-72.png */,
				5087E77B17EB970100C73F5D /* Icon-76.png */,
				5087E77C17EB970100C73F5D /* Info.plist */,
			);
			name = Icons;
			path = ios;
			sourceTree = SOURCE_ROOT;
		};
		902F42B2BBC012D29E93F7B6 /* mac-libs */ = {
			isa = PBXGroup;
			children = (
				1D364C16A410D74FA7F2CF54 /* libcocos2d Mac.a */,
			);
			name = "mac-libs";
			sourceTree = "<group>";
		};
		D5CB42F08C6D43063F35C095 /* ios-libs */ = {
			isa = PBXGroup;
			children = (
				89AD4506B527F53C15871621 /* libcocos2d iOS.a */,
			);
			name = "ios-libs";
			sourceTree = "<group>";
		};
/* End PBXGroup section */

/* Begin PBXNativeTarget section */
		1D6058900D05DD3D006BFB54 /* MatchPuzzleRPGT-mobile */ = {
			isa = PBXNativeTarget;
			buildConfigurationList = 1D6058960D05DD3E006BFB54 /* Build configuration list for PBXNativeTarget "MatchPuzzleRPGT-mobile" */;
			buildPhases = (
				1D60588D0D05DD3D006BFB54 /* Resources */,
				1D60588E0D05DD3D006BFB54 /* Sources */,
				1D60588F0D05DD3D006BFB54 /* Frameworks */,
			);
			buildRules = (
			);
			dependencies = (
			);
			name = "MatchPuzzleRPGT-mobile";
			productName = iphone;
			productReference = 1D6058910D05DD3D006BFB54 /* MatchPuzzleRPGT-mobile.app */;
			productType = "com.apple.product-type.application";
		};
		5087E73D17EB910900C73F5D /* MatchPuzzleRPGT-desktop */ = {
			isa = PBXNativeTarget;
			buildConfigurationList = 5087E76C17EB910900C73F5D /* Build configuration list for PBXNativeTarget "MatchPuzzleRPGT-desktop" */;
			buildPhases = (
				5087E74817EB910900C73F5D /* Resources */,
				5087E75617EB910900C73F5D /* Sources */,
				5087E75C17EB910900C73F5D /* Frameworks */,
			);
			buildRules = (
			);
			dependencies = (
			);
			name = "MatchPuzzleRPGT-desktop";
			productName = iphone;
			productReference = 5087E76F17EB910900C73F5D /* MatchPuzzleRPGT-desktop.app */;
			productType = "com.apple.product-type.application";
		};
/* End PBXNativeTarget section */

/* Begin PBXProject section */
		29B97313FDCFA39411CA2CEA /* Project object */ = {
			isa = PBXProject;
			attributes = {
				LastUpgradeCheck = 0500;
			};
			buildConfigurationList = C01FCF4E08A954540054247B /* Build configuration list for PBXProject "MatchPuzzleRPGT" */;
			compatibilityVersion = "Xcode 3.2";
			developmentRegion = English;
			hasScannedForEncodings = 1;
			knownRegions = (
				English,
				Japanese,
				French,
				German,
			);
			mainGroup = 29B97314FDCFA39411CA2CEA /* CustomTemplate */;
			projectDirPath = "";
			projectRoot = "";
			targets = (
				1D6058900D05DD3D006BFB54 /* MatchPuzzleRPGT-mobile */,
				5087E73D17EB910900C73F5D /* MatchPuzzleRPGT-desktop */,
			);
		};
/* End PBXProject section */

/* Begin PBXResourcesBuildPhase section */
		1D60588D0D05DD3D006BFB54 /* Resources */ = {
			isa = PBXResourcesBuildPhase;
			buildActionMask = 2147483647;
			files = (
				31122EC11BCD01CD00F08C65 /* ui in Resources */,
				5087E78117EB970100C73F5D /* Icon-120.png in Resources */,
				31122E8A1BC786DA00F08C65 /* status.png in Resources */,
				3141AEF51BD62333001F09B6 /* tmw_desert_spacing.png in Resources */,
				5087E78617EB970100C73F5D /* Icon-76.png in Resources */,
				5087E77F17EB970100C73F5D /* Default@2x.png in Resources */,
				50EF629917ECD46A001EB2F8 /* Icon-100.png in Resources */,
				31122E871BC7852F00F08C65 /* score.png in Resources */,
				5087E78317EB970100C73F5D /* Icon-152.png in Resources */,
				5087E77D17EB970100C73F5D /* Default-568h@2x.png in Resources */,
				31122EAE1BCC9DBC00F08C65 /* element_green.png in Resources */,
				3141AEE21BD4DB47001F09B6 /* element_1.png in Resources */,
				3141AEF21BD6217F001F09B6 /* map_00.tmx in Resources */,
				31CD823E1BD6464C0009D1FB /* Player_on_map.png in Resources */,
				31122E7D1BC77C4B00F08C65 /* start.png in Resources */,
				3188E6851BD0B68000AC8FBC /* stageIcon_0.png in Resources */,
				5087E78517EB970100C73F5D /* Icon-72.png in Resources */,
				3141AEDA1BD4C03B001F09B6 /* crush.ogg in Resources */,
				31122EAC1BCC9DBC00F08C65 /* element_blue.png in Resources */,
				521A8E6519F0C34300D177D7 /* Default-736h@3x.png in Resources */,
				3141AEE41BD4DB47001F09B6 /* element_2.png in Resources */,
				3141AEE01BD4DB47001F09B6 /* element_0.png in Resources */,
				50EF62A317ECD613001EB2F8 /* Icon-50.png in Resources */,
				31122EB21BCC9DBC00F08C65 /* element_yellow.png in Resources */,
				31122E8D1BC7872800F08C65 /* exit.png in Resources */,
				5087E78017EB970100C73F5D /* Icon-114.png in Resources */,
				31122E841BC780C400F08C65 /* mainBG.png in Resources */,
				50EF62A217ECD613001EB2F8 /* Icon-29.png in Resources */,
				31122EB01BCC9DBC00F08C65 /* element_red.png in Resources */,
				50EF629617ECD46A001EB2F8 /* Icon-40.png in Resources */,
				5087E78217EB970100C73F5D /* Icon-144.png in Resources */,
				50EF629817ECD46A001EB2F8 /* Icon-80.png in Resources */,
				5087E78417EB970100C73F5D /* Icon-57.png in Resources */,
				31122E941BC79CC800F08C65 /* home.png in Resources */,
				5087E77E17EB970100C73F5D /* Default.png in Resources */,
				3141AEE61BD4DB47001F09B6 /* element_3.png in Resources */,
				521A8E6419F0C34300D177D7 /* Default-667h@2x.png in Resources */,
				31122EAA1BCC9DBC00F08C65 /* character_icon_0.png in Resources */,
				31122EB51BCCBEDF00F08C65 /* Chara_illust.png in Resources */,
				31599BE21BCF5E58005E92C5 /* data in Resources */,
				50EF629717ECD46A001EB2F8 /* Icon-58.png in Resources */,
			);
			runOnlyForDeploymentPostprocessing = 0;
		};
		5087E74817EB910900C73F5D /* Resources */ = {
			isa = PBXResourcesBuildPhase;
			buildActionMask = 2147483647;
			files = (
				3141AEE71BD4DB47001F09B6 /* element_3.png in Resources */,
				3141AEF61BD62333001F09B6 /* tmw_desert_spacing.png in Resources */,
				31122E881BC7852F00F08C65 /* score.png in Resources */,
				31122E7E1BC77C4B00F08C65 /* start.png in Resources */,
				3188E6861BD0B68000AC8FBC /* stageIcon_0.png in Resources */,
				31122E951BC79CC800F08C65 /* home.png in Resources */,
				31122EAD1BCC9DBC00F08C65 /* element_blue.png in Resources */,
				31122EAB1BCC9DBC00F08C65 /* character_icon_0.png in Resources */,
				31122E851BC780C400F08C65 /* mainBG.png in Resources */,
				3141AEE11BD4DB47001F09B6 /* element_0.png in Resources */,
				3141AEE51BD4DB47001F09B6 /* element_2.png in Resources */,
				31122EAF1BCC9DBC00F08C65 /* element_green.png in Resources */,
				3141AEF31BD6217F001F09B6 /* map_00.tmx in Resources */,
				503AE0F817EB97AB00D1A890 /* Icon.icns in Resources */,
				3141AEE31BD4DB47001F09B6 /* element_1.png in Resources */,
				3141AEDB1BD4C03B001F09B6 /* crush.ogg in Resources */,
				31122E8B1BC786DA00F08C65 /* status.png in Resources */,
				31122EC21BCD01CD00F08C65 /* ui in Resources */,
				31122E8E1BC7872800F08C65 /* exit.png in Resources */,
				31122EB31BCC9DBC00F08C65 /* element_yellow.png in Resources */,
				31122EB11BCC9DBC00F08C65 /* element_red.png in Resources */,
				31122EB61BCCBEDF00F08C65 /* Chara_illust.png in Resources */,
			);
			runOnlyForDeploymentPostprocessing = 0;
		};
/* End PBXResourcesBuildPhase section */

/* Begin PBXSourcesBuildPhase section */
		1D60588E0D05DD3D006BFB54 /* Sources */ = {
			isa = PBXSourcesBuildPhase;
			buildActionMask = 2147483647;
			files = (
				3188E6761BCF8E7900AC8FBC /* StageData.cpp in Sources */,
				3188E67A1BCFBA4500AC8FBC /* StageScoreRecord.cpp in Sources */,
				3188E67E1BD09D8200AC8FBC /* StageDataManager.cpp in Sources */,
				31122E761BC7658100F08C65 /* HomeScene.cpp in Sources */,
				3141AECE1BD4B6F1001F09B6 /* GameStageController.cpp in Sources */,
				31122E811BC77FA000F08C65 /* MainBackground.cpp in Sources */,
				3188E6821BD0A6BB00AC8FBC /* StageScoreScene.cpp in Sources */,
				3141AED71BD4BCF9001F09B6 /* JewelGrid.cpp in Sources */,
				31122E911BC7884600F08C65 /* StatusScene.cpp in Sources */,
				3141AEEB1BD5DB6F001F09B6 /* JewelGridStatus.cpp in Sources */,
				3185615D1BD4855800627C21 /* StageSelectScene.cpp in Sources */,
				31122EC61BCE27A300F08C65 /* CsvParser.cpp in Sources */,
				31CD82491BD767440009D1FB /* MapItemPlayer.cpp in Sources */,
				31122E7A1BC76DCF00F08C65 /* SceneMediator.cpp in Sources */,
				46880B8819C43A87006E1F66 /* AppDelegate.cpp in Sources */,
				3141AEEF1BD615CB001F09B6 /* MapLayer.cpp in Sources */,
				318561621BD4A48800627C21 /* GameStageScene.cpp in Sources */,
				503AE10017EB989F00D1A890 /* AppController.mm in Sources */,
				31122EA31BC7B6E000F08C65 /* StatusDataManager.cpp in Sources */,
				503AE10217EB989F00D1A890 /* RootViewController.mm in Sources */,
				31CD82521BD77CD40009D1FB /* MapController.cpp in Sources */,
				31CD82561BD882DA0009D1FB /* IDPool.cpp in Sources */,
				503AE10117EB989F00D1A890 /* main.m in Sources */,
				3188E6721BCF8DD100AC8FBC /* PuzzleData.cpp in Sources */,
				31CD82451BD725F00009D1FB /* MapItemBase.cpp in Sources */,
				3141AED31BD4B8F0001F09B6 /* Jewel.cpp in Sources */,
				31CD824D1BD769EC0009D1FB /* MapItemEnemy.cpp in Sources */,
			);
			runOnlyForDeploymentPostprocessing = 0;
		};
		5087E75617EB910900C73F5D /* Sources */ = {
			isa = PBXSourcesBuildPhase;
			buildActionMask = 2147483647;
			files = (
				46880B8919C43A87006E1F66 /* AppDelegate.cpp in Sources */,
				3188E67B1BCFBA4500AC8FBC /* StageScoreRecord.cpp in Sources */,
				31122E7B1BC76DCF00F08C65 /* SceneMediator.cpp in Sources */,
				3185615E1BD4855800627C21 /* StageSelectScene.cpp in Sources */,
				3141AEEC1BD5DB6F001F09B6 /* JewelGridStatus.cpp in Sources */,
				31122E921BC7884600F08C65 /* StatusScene.cpp in Sources */,
				3141AED81BD4BCF9001F09B6 /* JewelGrid.cpp in Sources */,
				31122E771BC7658100F08C65 /* HomeScene.cpp in Sources */,
				31CD824A1BD767440009D1FB /* MapItemPlayer.cpp in Sources */,
				3141AEF01BD615CB001F09B6 /* MapLayer.cpp in Sources */,
				31CD82461BD725F00009D1FB /* MapItemBase.cpp in Sources */,
				3141AED41BD4B8F0001F09B6 /* Jewel.cpp in Sources */,
				31CD82531BD77CD40009D1FB /* MapController.cpp in Sources */,
				31122E821BC77FA000F08C65 /* MainBackground.cpp in Sources */,
				3188E67F1BD09D8200AC8FBC /* StageDataManager.cpp in Sources */,
				503AE10517EB98FF00D1A890 /* main.cpp in Sources */,
				318561631BD4A48800627C21 /* GameStageScene.cpp in Sources */,
				31CD824E1BD769EC0009D1FB /* MapItemEnemy.cpp in Sources */,
				3141AECF1BD4B6F1001F09B6 /* GameStageController.cpp in Sources */,
				3188E6731BCF8DD100AC8FBC /* PuzzleData.cpp in Sources */,
				3188E6831BD0A6BB00AC8FBC /* StageScoreScene.cpp in Sources */,
				31122EA41BC7B6E000F08C65 /* StatusDataManager.cpp in Sources */,
				31CD82571BD882DA0009D1FB /* IDPool.cpp in Sources */,
				3188E6771BCF8E7900AC8FBC /* StageData.cpp in Sources */,
				31122EC71BCE27A300F08C65 /* CsvParser.cpp in Sources */,
			);
			runOnlyForDeploymentPostprocessing = 0;
		};
/* End PBXSourcesBuildPhase section */

/* Begin XCBuildConfiguration section */
		1D6058940D05DD3E006BFB54 /* Debug */ = {
			isa = XCBuildConfiguration;
			buildSettings = {
				ALWAYS_SEARCH_USER_PATHS = YES;
				CODE_SIGN_IDENTITY = "iPhone Developer";
				COMPRESS_PNG_FILES = NO;
				GCC_DYNAMIC_NO_PIC = NO;
				GCC_INLINES_ARE_PRIVATE_EXTERN = NO;
				GCC_PRECOMPILE_PREFIX_HEADER = YES;
				GCC_PREFIX_HEADER = ios/Prefix.pch;
				GCC_PREPROCESSOR_DEFINITIONS = (
					USE_FILE32API,
					CC_TARGET_OS_IPHONE,
					"COCOS2D_DEBUG=1",
					"CC_ENABLE_CHIPMUNK_INTEGRATION=1",
				);
				GCC_SYMBOLS_PRIVATE_EXTERN = NO;
				HEADER_SEARCH_PATHS = (
					"$(inherited)",
					"/Applications/Cocos/frameworks/cocos2d-x-3.8/cocos/platform/ios",
					"/Applications/Cocos/frameworks/cocos2d-x-3.8/cocos/platform/ios/Simulation",
				);
				INFOPLIST_FILE = ios/Info.plist;
				IPHONEOS_DEPLOYMENT_TARGET = 5.0;
				LIBRARY_SEARCH_PATHS = " /Applications/Cocos/frameworks/cocos2d-x-3.8/prebuilt/ios";
				OTHER_LDFLAGS = (
					"$(_COCOS_LIB_IOS_BEGIN)",
					"$(_COCOS_LIB_IOS_END)",
				);
				SDKROOT = iphoneos;
				TARGETED_DEVICE_FAMILY = "1,2";
				USER_HEADER_SEARCH_PATHS = "$(_COCOS_HEADER_IOS_BEGIN) $(_COCOS_HEADER_IOS_END)";
				VALID_ARCHS = "arm64 armv7";
			};
			name = Debug;
		};
		1D6058950D05DD3E006BFB54 /* Release */ = {
			isa = XCBuildConfiguration;
			buildSettings = {
				ALWAYS_SEARCH_USER_PATHS = YES;
				CODE_SIGN_IDENTITY = "iPhone Developer";
				COMPRESS_PNG_FILES = NO;
				GCC_INLINES_ARE_PRIVATE_EXTERN = NO;
				GCC_PRECOMPILE_PREFIX_HEADER = YES;
				GCC_PREFIX_HEADER = ios/Prefix.pch;
				GCC_PREPROCESSOR_DEFINITIONS = (
					USE_FILE32API,
					CC_TARGET_OS_IPHONE,
					"CC_ENABLE_CHIPMUNK_INTEGRATION=1",
				);
				GCC_SYMBOLS_PRIVATE_EXTERN = NO;
				HEADER_SEARCH_PATHS = (
					"$(inherited)",
					"/Applications/Cocos/frameworks/cocos2d-x-3.8/cocos/platform/ios",
					"/Applications/Cocos/frameworks/cocos2d-x-3.8/cocos/platform/ios/Simulation",
				);
				INFOPLIST_FILE = ios/Info.plist;
				IPHONEOS_DEPLOYMENT_TARGET = 5.0;
				LIBRARY_SEARCH_PATHS = " /Applications/Cocos/frameworks/cocos2d-x-3.8/prebuilt/ios";
				OTHER_LDFLAGS = (
					"$(_COCOS_LIB_IOS_BEGIN)",
					"$(_COCOS_LIB_IOS_END)",
				);
				SDKROOT = iphoneos;
				TARGETED_DEVICE_FAMILY = "1,2";
				USER_HEADER_SEARCH_PATHS = "$(_COCOS_HEADER_IOS_BEGIN) $(_COCOS_HEADER_IOS_END)";
				VALID_ARCHS = "arm64 armv7";
			};
			name = Release;
		};
		5087E76D17EB910900C73F5D /* Debug */ = {
			isa = XCBuildConfiguration;
			buildSettings = {
				ALWAYS_SEARCH_USER_PATHS = YES;
				ARCHS = "$(ARCHS_STANDARD_64_BIT)";
				CLANG_CXX_LANGUAGE_STANDARD = "c++0x";
				CLANG_CXX_LIBRARY = "libc++";
				GCC_DYNAMIC_NO_PIC = NO;
				GCC_INLINES_ARE_PRIVATE_EXTERN = NO;
				GCC_PRECOMPILE_PREFIX_HEADER = YES;
				GCC_PREFIX_HEADER = mac/Prefix.pch;
				GCC_PREPROCESSOR_DEFINITIONS = (
					USE_FILE32API,
					CC_TARGET_OS_MAC,
					"COCOS2D_DEBUG=1",
					"CC_ENABLE_CHIPMUNK_INTEGRATION=1",
				);
				GCC_SYMBOLS_PRIVATE_EXTERN = NO;
				HEADER_SEARCH_PATHS = (
					"$(inherited)",
					"/Applications/Cocos/frameworks/cocos2d-x-3.8/cocos/platform/mac",
					"/Applications/Cocos/frameworks/cocos2d-x-3.8/external/glfw3/include/mac",
				);
				INFOPLIST_FILE = mac/Info.plist;
				LIBRARY_SEARCH_PATHS = " /Applications/Cocos/frameworks/cocos2d-x-3.8/prebuilt/mac";
				OTHER_LDFLAGS = (
					"$(_COCOS_LIB_MAC_BEGIN)",
					"$(_COCOS_LIB_MAC_END)",
				);
				USER_HEADER_SEARCH_PATHS = "$(_COCOS_HEADER_MAC_BEGIN) $(_COCOS_HEADER_MAC_END)";
			};
			name = Debug;
		};
		5087E76E17EB910900C73F5D /* Release */ = {
			isa = XCBuildConfiguration;
			buildSettings = {
				ALWAYS_SEARCH_USER_PATHS = YES;
				ARCHS = "$(ARCHS_STANDARD_64_BIT)";
				CLANG_CXX_LANGUAGE_STANDARD = "c++0x";
				CLANG_CXX_LIBRARY = "libc++";
				GCC_INLINES_ARE_PRIVATE_EXTERN = NO;
				GCC_PRECOMPILE_PREFIX_HEADER = YES;
				GCC_PREFIX_HEADER = mac/Prefix.pch;
				GCC_PREPROCESSOR_DEFINITIONS = (
					USE_FILE32API,
					CC_TARGET_OS_MAC,
					"CC_ENABLE_CHIPMUNK_INTEGRATION=1",
				);
				GCC_SYMBOLS_PRIVATE_EXTERN = NO;
				HEADER_SEARCH_PATHS = (
					"$(inherited)",
					"/Applications/Cocos/frameworks/cocos2d-x-3.8/cocos/platform/mac",
					"/Applications/Cocos/frameworks/cocos2d-x-3.8/external/glfw3/include/mac",
				);
				INFOPLIST_FILE = mac/Info.plist;
				LIBRARY_SEARCH_PATHS = " /Applications/Cocos/frameworks/cocos2d-x-3.8/prebuilt/mac";
				OTHER_LDFLAGS = (
					"$(_COCOS_LIB_MAC_BEGIN)",
					"$(_COCOS_LIB_MAC_END)",
				);
				USER_HEADER_SEARCH_PATHS = "$(_COCOS_HEADER_MAC_BEGIN) $(_COCOS_HEADER_MAC_END)";
			};
			name = Release;
		};
		C01FCF4F08A954540054247B /* Debug */ = {
			isa = XCBuildConfiguration;
			buildSettings = {
				CLANG_CXX_LANGUAGE_STANDARD = "c++0x";
				CLANG_CXX_LIBRARY = "libc++";
				COPY_PHASE_STRIP = NO;
				GCC_OPTIMIZATION_LEVEL = 0;
				GCC_WARN_ABOUT_RETURN_TYPE = YES;
				GCC_WARN_UNUSED_VARIABLE = YES;
				HEADER_SEARCH_PATHS = (
					"/Applications/Cocos/frameworks/cocos2d-x-3.8",
					"/Applications/Cocos/frameworks/cocos2d-x-3.8/cocos",
					"/Applications/Cocos/frameworks/cocos2d-x-3.8/cocos/base",
					"/Applications/Cocos/frameworks/cocos2d-x-3.8/cocos/physics",
					"/Applications/Cocos/frameworks/cocos2d-x-3.8/cocos/math",
					"/Applications/Cocos/frameworks/cocos2d-x-3.8/cocos/2d",
					"/Applications/Cocos/frameworks/cocos2d-x-3.8/cocos/ui",
					"/Applications/Cocos/frameworks/cocos2d-x-3.8/cocos/network",
					"/Applications/Cocos/frameworks/cocos2d-x-3.8/cocos/audio/include",
					"/Applications/Cocos/frameworks/cocos2d-x-3.8/cocos/editor-support",
					"/Applications/Cocos/frameworks/cocos2d-x-3.8/extensions",
					"/Applications/Cocos/frameworks/cocos2d-x-3.8/external",
					"/Applications/Cocos/frameworks/cocos2d-x-3.8/external/chipmunk/include/chipmunk",
				);
				MACOSX_DEPLOYMENT_TARGET = 10.7;
				ONLY_ACTIVE_ARCH = YES;
				PRODUCT_NAME = "$(TARGET_NAME)";
				SDKROOT = macosx;
			};
			name = Debug;
		};
		C01FCF5008A954540054247B /* Release */ = {
			isa = XCBuildConfiguration;
			buildSettings = {
				CLANG_CXX_LANGUAGE_STANDARD = "c++0x";
				CLANG_CXX_LIBRARY = "libc++";
				GCC_WARN_ABOUT_RETURN_TYPE = YES;
				GCC_WARN_UNUSED_VARIABLE = YES;
				HEADER_SEARCH_PATHS = (
					"/Applications/Cocos/frameworks/cocos2d-x-3.8",
					"/Applications/Cocos/frameworks/cocos2d-x-3.8/cocos",
					"/Applications/Cocos/frameworks/cocos2d-x-3.8/cocos/base",
					"/Applications/Cocos/frameworks/cocos2d-x-3.8/cocos/physics",
					"/Applications/Cocos/frameworks/cocos2d-x-3.8/cocos/math",
					"/Applications/Cocos/frameworks/cocos2d-x-3.8/cocos/2d",
					"/Applications/Cocos/frameworks/cocos2d-x-3.8/cocos/ui",
					"/Applications/Cocos/frameworks/cocos2d-x-3.8/cocos/network",
					"/Applications/Cocos/frameworks/cocos2d-x-3.8/cocos/audio/include",
					"/Applications/Cocos/frameworks/cocos2d-x-3.8/cocos/editor-support",
					"/Applications/Cocos/frameworks/cocos2d-x-3.8/extensions",
					"/Applications/Cocos/frameworks/cocos2d-x-3.8/external",
					"/Applications/Cocos/frameworks/cocos2d-x-3.8/external/chipmunk/include/chipmunk",
				);
				MACOSX_DEPLOYMENT_TARGET = 10.7;
				OTHER_CFLAGS = "-DNS_BLOCK_ASSERTIONS=1";
				PRODUCT_NAME = "$(TARGET_NAME)";
				SDKROOT = macosx;
				VALIDATE_PRODUCT = YES;
			};
			name = Release;
		};
/* End XCBuildConfiguration section */

/* Begin XCConfigurationList section */
		1D6058960D05DD3E006BFB54 /* Build configuration list for PBXNativeTarget "MatchPuzzleRPGT-mobile" */ = {
			isa = XCConfigurationList;
			buildConfigurations = (
				1D6058940D05DD3E006BFB54 /* Debug */,
				1D6058950D05DD3E006BFB54 /* Release */,
			);
			defaultConfigurationIsVisible = 0;
			defaultConfigurationName = Debug;
		};
		5087E76C17EB910900C73F5D /* Build configuration list for PBXNativeTarget "MatchPuzzleRPGT-desktop" */ = {
			isa = XCConfigurationList;
			buildConfigurations = (
				5087E76D17EB910900C73F5D /* Debug */,
				5087E76E17EB910900C73F5D /* Release */,
			);
			defaultConfigurationIsVisible = 0;
			defaultConfigurationName = Debug;
		};
		C01FCF4E08A954540054247B /* Build configuration list for PBXProject "MatchPuzzleRPGT" */ = {
			isa = XCConfigurationList;
			buildConfigurations = (
				C01FCF4F08A954540054247B /* Debug */,
				C01FCF5008A954540054247B /* Release */,
			);
			defaultConfigurationIsVisible = 0;
			defaultConfigurationName = Debug;
		};
/* End XCConfigurationList section */
	};
	rootObject = 29B97313FDCFA39411CA2CEA /* Project object */;
}
