// !$*UTF8*$!
{
	archiveVersion = 1;
	classes = {
	};
	objectVersion = 46;
	objects = {

/* Begin PBXBuildFile section */
		04F24EA79E2FEB16726F1559 /* libcocos2d Mac.a in Frameworks */ = {isa = PBXBuildFile; fileRef = 1D364C16A410D74FA7F2CF54 /* libcocos2d Mac.a */; };
		1D60589F0D05DD5A006BFB54 /* Foundation.framework in Frameworks */ = {isa = PBXBuildFile; fileRef = 1D30AB110D05D00D00671497 /* Foundation.framework */; };
		1DF5F4E00D08C38300B7A737 /* UIKit.framework in Frameworks */ = {isa = PBXBuildFile; fileRef = 1DF5F4DF0D08C38300B7A737 /* UIKit.framework */; };
		288765A50DF7441C002DB57D /* CoreGraphics.framework in Frameworks */ = {isa = PBXBuildFile; fileRef = 288765A40DF7441C002DB57D /* CoreGraphics.framework */; };
		31122E7A1BC76DCF00F08C65 /* SceneMediator.cpp in Sources */ = {isa = PBXBuildFile; fileRef = 31122E781BC76DCF00F08C65 /* SceneMediator.cpp */; };
		31122E7B1BC76DCF00F08C65 /* SceneMediator.cpp in Sources */ = {isa = PBXBuildFile; fileRef = 31122E781BC76DCF00F08C65 /* SceneMediator.cpp */; };
		31122E7D1BC77C4B00F08C65 /* start.png in Resources */ = {isa = PBXBuildFile; fileRef = 31122E7C1BC77C4B00F08C65 /* start.png */; };
		31122E7E1BC77C4B00F08C65 /* start.png in Resources */ = {isa = PBXBuildFile; fileRef = 31122E7C1BC77C4B00F08C65 /* start.png */; };
		31122E841BC780C400F08C65 /* mainBG.png in Resources */ = {isa = PBXBuildFile; fileRef = 31122E831BC780C400F08C65 /* mainBG.png */; };
		31122E851BC780C400F08C65 /* mainBG.png in Resources */ = {isa = PBXBuildFile; fileRef = 31122E831BC780C400F08C65 /* mainBG.png */; };
		31122E871BC7852F00F08C65 /* score.png in Resources */ = {isa = PBXBuildFile; fileRef = 31122E861BC7852F00F08C65 /* score.png */; };
		31122E881BC7852F00F08C65 /* score.png in Resources */ = {isa = PBXBuildFile; fileRef = 31122E861BC7852F00F08C65 /* score.png */; };
		31122E8A1BC786DA00F08C65 /* status.png in Resources */ = {isa = PBXBuildFile; fileRef = 31122E891BC786DA00F08C65 /* status.png */; };
		31122E8B1BC786DA00F08C65 /* status.png in Resources */ = {isa = PBXBuildFile; fileRef = 31122E891BC786DA00F08C65 /* status.png */; };
		31122E8D1BC7872800F08C65 /* exit.png in Resources */ = {isa = PBXBuildFile; fileRef = 31122E8C1BC7872800F08C65 /* exit.png */; };
		31122E8E1BC7872800F08C65 /* exit.png in Resources */ = {isa = PBXBuildFile; fileRef = 31122E8C1BC7872800F08C65 /* exit.png */; };
		31122E941BC79CC800F08C65 /* home.png in Resources */ = {isa = PBXBuildFile; fileRef = 31122E931BC79CC800F08C65 /* home.png */; };
		31122E951BC79CC800F08C65 /* home.png in Resources */ = {isa = PBXBuildFile; fileRef = 31122E931BC79CC800F08C65 /* home.png */; };
		31122EAA1BCC9DBC00F08C65 /* character_icon_0.png in Resources */ = {isa = PBXBuildFile; fileRef = 31122EA51BCC9DBC00F08C65 /* character_icon_0.png */; };
		31122EAB1BCC9DBC00F08C65 /* character_icon_0.png in Resources */ = {isa = PBXBuildFile; fileRef = 31122EA51BCC9DBC00F08C65 /* character_icon_0.png */; };
		31122EAC1BCC9DBC00F08C65 /* element_blue.png in Resources */ = {isa = PBXBuildFile; fileRef = 31122EA61BCC9DBC00F08C65 /* element_blue.png */; };
		31122EAD1BCC9DBC00F08C65 /* element_blue.png in Resources */ = {isa = PBXBuildFile; fileRef = 31122EA61BCC9DBC00F08C65 /* element_blue.png */; };
		31122EAE1BCC9DBC00F08C65 /* element_green.png in Resources */ = {isa = PBXBuildFile; fileRef = 31122EA71BCC9DBC00F08C65 /* element_green.png */; };
		31122EAF1BCC9DBC00F08C65 /* element_green.png in Resources */ = {isa = PBXBuildFile; fileRef = 31122EA71BCC9DBC00F08C65 /* element_green.png */; };
		31122EB01BCC9DBC00F08C65 /* element_red.png in Resources */ = {isa = PBXBuildFile; fileRef = 31122EA81BCC9DBC00F08C65 /* element_red.png */; };
		31122EB11BCC9DBC00F08C65 /* element_red.png in Resources */ = {isa = PBXBuildFile; fileRef = 31122EA81BCC9DBC00F08C65 /* element_red.png */; };
		31122EB21BCC9DBC00F08C65 /* element_yellow.png in Resources */ = {isa = PBXBuildFile; fileRef = 31122EA91BCC9DBC00F08C65 /* element_yellow.png */; };
		31122EB31BCC9DBC00F08C65 /* element_yellow.png in Resources */ = {isa = PBXBuildFile; fileRef = 31122EA91BCC9DBC00F08C65 /* element_yellow.png */; };
		31122EB51BCCBEDF00F08C65 /* Chara_illust.png in Resources */ = {isa = PBXBuildFile; fileRef = 31122EB41BCCBEDF00F08C65 /* Chara_illust.png */; };
		31122EB61BCCBEDF00F08C65 /* Chara_illust.png in Resources */ = {isa = PBXBuildFile; fileRef = 31122EB41BCCBEDF00F08C65 /* Chara_illust.png */; };
		31122EC11BCD01CD00F08C65 /* ui in Resources */ = {isa = PBXBuildFile; fileRef = 31122EC01BCD01CD00F08C65 /* ui */; };
		31122EC21BCD01CD00F08C65 /* ui in Resources */ = {isa = PBXBuildFile; fileRef = 31122EC01BCD01CD00F08C65 /* ui */; };
		3128F73C1BFB222100198B11 /* Button_prevStage.png in Resources */ = {isa = PBXBuildFile; fileRef = 3128F73B1BFB222100198B11 /* Button_prevStage.png */; };
		3128F73D1BFB222100198B11 /* Button_prevStage.png in Resources */ = {isa = PBXBuildFile; fileRef = 3128F73B1BFB222100198B11 /* Button_prevStage.png */; };
		3128F73F1BFB227A00198B11 /* Button_nextStage.png in Resources */ = {isa = PBXBuildFile; fileRef = 3128F73E1BFB227A00198B11 /* Button_nextStage.png */; };
		3128F7401BFB227A00198B11 /* Button_nextStage.png in Resources */ = {isa = PBXBuildFile; fileRef = 3128F73E1BFB227A00198B11 /* Button_nextStage.png */; };
		313E6FED1BF474FB00DD3BF6 /* getUnits.png in Resources */ = {isa = PBXBuildFile; fileRef = 313E6FEC1BF474FB00DD3BF6 /* getUnits.png */; };
		313E6FEE1BF474FB00DD3BF6 /* getUnits.png in Resources */ = {isa = PBXBuildFile; fileRef = 313E6FEC1BF474FB00DD3BF6 /* getUnits.png */; };
		3141AEDA1BD4C03B001F09B6 /* crush.ogg in Resources */ = {isa = PBXBuildFile; fileRef = 3141AED91BD4C03B001F09B6 /* crush.ogg */; };
		3141AEDB1BD4C03B001F09B6 /* crush.ogg in Resources */ = {isa = PBXBuildFile; fileRef = 3141AED91BD4C03B001F09B6 /* crush.ogg */; };
		3141AEE01BD4DB47001F09B6 /* element_0.png in Resources */ = {isa = PBXBuildFile; fileRef = 3141AEDC1BD4DB47001F09B6 /* element_0.png */; };
		3141AEE11BD4DB47001F09B6 /* element_0.png in Resources */ = {isa = PBXBuildFile; fileRef = 3141AEDC1BD4DB47001F09B6 /* element_0.png */; };
		3141AEE21BD4DB47001F09B6 /* element_1.png in Resources */ = {isa = PBXBuildFile; fileRef = 3141AEDD1BD4DB47001F09B6 /* element_1.png */; };
		3141AEE31BD4DB47001F09B6 /* element_1.png in Resources */ = {isa = PBXBuildFile; fileRef = 3141AEDD1BD4DB47001F09B6 /* element_1.png */; };
		3141AEE41BD4DB47001F09B6 /* element_2.png in Resources */ = {isa = PBXBuildFile; fileRef = 3141AEDE1BD4DB47001F09B6 /* element_2.png */; };
		3141AEE51BD4DB47001F09B6 /* element_2.png in Resources */ = {isa = PBXBuildFile; fileRef = 3141AEDE1BD4DB47001F09B6 /* element_2.png */; };
		3141AEE61BD4DB47001F09B6 /* element_3.png in Resources */ = {isa = PBXBuildFile; fileRef = 3141AEDF1BD4DB47001F09B6 /* element_3.png */; };
		3141AEE71BD4DB47001F09B6 /* element_3.png in Resources */ = {isa = PBXBuildFile; fileRef = 3141AEDF1BD4DB47001F09B6 /* element_3.png */; };
		3141AEF21BD6217F001F09B6 /* map_00.tmx in Resources */ = {isa = PBXBuildFile; fileRef = 3141AEF11BD6217F001F09B6 /* map_00.tmx */; };
		3141AEF31BD6217F001F09B6 /* map_00.tmx in Resources */ = {isa = PBXBuildFile; fileRef = 3141AEF11BD6217F001F09B6 /* map_00.tmx */; };
		3141AEF51BD62333001F09B6 /* tmw_desert_spacing.png in Resources */ = {isa = PBXBuildFile; fileRef = 3141AEF41BD62333001F09B6 /* tmw_desert_spacing.png */; };
		3141AEF61BD62333001F09B6 /* tmw_desert_spacing.png in Resources */ = {isa = PBXBuildFile; fileRef = 3141AEF41BD62333001F09B6 /* tmw_desert_spacing.png */; };
		315213D31BFF21F500083D8F /* CsvParser.cpp in Sources */ = {isa = PBXBuildFile; fileRef = 315213CD1BFF21F500083D8F /* CsvParser.cpp */; };
		315213D41BFF21F500083D8F /* IDPool.cpp in Sources */ = {isa = PBXBuildFile; fileRef = 315213CF1BFF21F500083D8F /* IDPool.cpp */; };
		315213D91BFF22A700083D8F /* StageDataManager.cpp in Sources */ = {isa = PBXBuildFile; fileRef = 315213D51BFF22A700083D8F /* StageDataManager.cpp */; };
		315213DA1BFF22A700083D8F /* StatusDataManager.cpp in Sources */ = {isa = PBXBuildFile; fileRef = 315213D71BFF22A700083D8F /* StatusDataManager.cpp */; };
		315213E61BFF231400083D8F /* EnemyNode.cpp in Sources */ = {isa = PBXBuildFile; fileRef = 315213DB1BFF231400083D8F /* EnemyNode.cpp */; };
		315213E71BFF231400083D8F /* HealthBar.cpp in Sources */ = {isa = PBXBuildFile; fileRef = 315213DD1BFF231400083D8F /* HealthBar.cpp */; };
		315213E81BFF231400083D8F /* ListItem_UnitRecord.cpp in Sources */ = {isa = PBXBuildFile; fileRef = 315213E21BFF231400083D8F /* ListItem_UnitRecord.cpp */; };
		315213E91BFF231400083D8F /* ScoreBoard.cpp in Sources */ = {isa = PBXBuildFile; fileRef = 315213E41BFF231400083D8F /* ScoreBoard.cpp */; };
		315213F91BFF236C00083D8F /* PlayerAssetsData.cpp in Sources */ = {isa = PBXBuildFile; fileRef = 315213ED1BFF236C00083D8F /* PlayerAssetsData.cpp */; };
		315213FA1BFF236C00083D8F /* StageClearData.cpp in Sources */ = {isa = PBXBuildFile; fileRef = 315213F11BFF236C00083D8F /* StageClearData.cpp */; };
		315213FB1BFF236C00083D8F /* StageData.cpp in Sources */ = {isa = PBXBuildFile; fileRef = 315213F31BFF236C00083D8F /* StageData.cpp */; };
		315213FC1BFF236C00083D8F /* StageScoreRecord.cpp in Sources */ = {isa = PBXBuildFile; fileRef = 315213F51BFF236C00083D8F /* StageScoreRecord.cpp */; };
		315214151BFF23C600083D8F /* GameStageScene.cpp in Sources */ = {isa = PBXBuildFile; fileRef = 315214011BFF23C600083D8F /* GameStageScene.cpp */; };
		315214161BFF23C600083D8F /* GatchaResultLayer.cpp in Sources */ = {isa = PBXBuildFile; fileRef = 315214031BFF23C600083D8F /* GatchaResultLayer.cpp */; };
		315214171BFF23C600083D8F /* GetUnitScene.cpp in Sources */ = {isa = PBXBuildFile; fileRef = 315214051BFF23C600083D8F /* GetUnitScene.cpp */; };
		315214181BFF23C600083D8F /* HomeScene.cpp in Sources */ = {isa = PBXBuildFile; fileRef = 315214071BFF23C600083D8F /* HomeScene.cpp */; };
		315214191BFF23C600083D8F /* MainBackground.cpp in Sources */ = {isa = PBXBuildFile; fileRef = 315214091BFF23C600083D8F /* MainBackground.cpp */; };
		3152141B1BFF23C600083D8F /* StageScoreScene.cpp in Sources */ = {isa = PBXBuildFile; fileRef = 3152140D1BFF23C600083D8F /* StageScoreScene.cpp */; };
		3152141C1BFF23C600083D8F /* StageSelectScene.cpp in Sources */ = {isa = PBXBuildFile; fileRef = 3152140F1BFF23C600083D8F /* StageSelectScene.cpp */; };
		3152141D1BFF23C600083D8F /* StatusScene.cpp in Sources */ = {isa = PBXBuildFile; fileRef = 315214111BFF23C600083D8F /* StatusScene.cpp */; };
		315214331BFF256300083D8F /* GameStageController.cpp in Sources */ = {isa = PBXBuildFile; fileRef = 315214201BFF256300083D8F /* GameStageController.cpp */; };
		315214341BFF256300083D8F /* Jewel.cpp in Sources */ = {isa = PBXBuildFile; fileRef = 315214231BFF256300083D8F /* Jewel.cpp */; };
		315214351BFF256300083D8F /* JewelGrid.cpp in Sources */ = {isa = PBXBuildFile; fileRef = 315214251BFF256300083D8F /* JewelGrid.cpp */; };
		315214361BFF256300083D8F /* JewelGridStatus.cpp in Sources */ = {isa = PBXBuildFile; fileRef = 315214271BFF256300083D8F /* JewelGridStatus.cpp */; };
		315214371BFF256300083D8F /* MapController.cpp in Sources */ = {isa = PBXBuildFile; fileRef = 315214291BFF256300083D8F /* MapController.cpp */; };
		315214381BFF256300083D8F /* MapItemBase.cpp in Sources */ = {isa = PBXBuildFile; fileRef = 3152142B1BFF256300083D8F /* MapItemBase.cpp */; };
		315214391BFF256300083D8F /* MapItemEnemy.cpp in Sources */ = {isa = PBXBuildFile; fileRef = 3152142D1BFF256300083D8F /* MapItemEnemy.cpp */; };
		3152143A1BFF256300083D8F /* MapItemPlayer.cpp in Sources */ = {isa = PBXBuildFile; fileRef = 3152142F1BFF256300083D8F /* MapItemPlayer.cpp */; };
		3152143B1BFF256300083D8F /* MapLayer.cpp in Sources */ = {isa = PBXBuildFile; fileRef = 315214311BFF256300083D8F /* MapLayer.cpp */; };
		315214491BFF269400083D8F /* SimpleMapStrategyOnPuzzleStatusChange.cpp in Sources */ = {isa = PBXBuildFile; fileRef = 315214451BFF269400083D8F /* SimpleMapStrategyOnPuzzleStatusChange.cpp */; };
		3152144A1BFF269400083D8F /* SimpleMapStrategyWithUnitsOnPuzzleStatusChange.cpp in Sources */ = {isa = PBXBuildFile; fileRef = 315214471BFF269400083D8F /* SimpleMapStrategyWithUnitsOnPuzzleStatusChange.cpp */; };
		315214501BFF26D800083D8F /* ClearStageCondition_GoalMap.cpp in Sources */ = {isa = PBXBuildFile; fileRef = 3152144B1BFF26D800083D8F /* ClearStageCondition_GoalMap.cpp */; };
		315214511BFF26D800083D8F /* ClearStageCondition_NoEnemy.cpp in Sources */ = {isa = PBXBuildFile; fileRef = 3152144D1BFF26D800083D8F /* ClearStageCondition_NoEnemy.cpp */; };
		315214581BFF276D00083D8F /* AnalogStick.cpp in Sources */ = {isa = PBXBuildFile; fileRef = 315214521BFF276D00083D8F /* AnalogStick.cpp */; };
		315214591BFF276D00083D8F /* GameStageHUD.cpp in Sources */ = {isa = PBXBuildFile; fileRef = 315214541BFF276D00083D8F /* GameStageHUD.cpp */; };
		3152145A1BFF276D00083D8F /* StageClearLayer.cpp in Sources */ = {isa = PBXBuildFile; fileRef = 315214561BFF276D00083D8F /* StageClearLayer.cpp */; };
		31599BE21BCF5E58005E92C5 /* data in Resources */ = {isa = PBXBuildFile; fileRef = 31599BE11BCF5E58005E92C5 /* data */; };
		31819B571BE1B0D500C505E8 /* meta_tiles.png in Resources */ = {isa = PBXBuildFile; fileRef = 31819B561BE1B0D500C505E8 /* meta_tiles.png */; };
		31819B581BE1B0D500C505E8 /* meta_tiles.png in Resources */ = {isa = PBXBuildFile; fileRef = 31819B561BE1B0D500C505E8 /* meta_tiles.png */; };
		3188E6851BD0B68000AC8FBC /* stageIcon_0.png in Resources */ = {isa = PBXBuildFile; fileRef = 3188E6841BD0B68000AC8FBC /* stageIcon_0.png */; };
		3188E6861BD0B68000AC8FBC /* stageIcon_0.png in Resources */ = {isa = PBXBuildFile; fileRef = 3188E6841BD0B68000AC8FBC /* stageIcon_0.png */; };
		3198547E1BE758EE004A9CEE /* attack.png in Resources */ = {isa = PBXBuildFile; fileRef = 3198547D1BE758EE004A9CEE /* attack.png */; };
		3198547F1BE758EE004A9CEE /* attack.png in Resources */ = {isa = PBXBuildFile; fileRef = 3198547D1BE758EE004A9CEE /* attack.png */; };
		319DA2C91BDF26C500151EF1 /* hp.png in Resources */ = {isa = PBXBuildFile; fileRef = 319DA2C81BDF26C500151EF1 /* hp.png */; };
		319DA2CA1BDF26C500151EF1 /* hp.png in Resources */ = {isa = PBXBuildFile; fileRef = 319DA2C81BDF26C500151EF1 /* hp.png */; };
		319DA2D61BE0A7B200151EF1 /* defaultParticle.plist in Resources */ = {isa = PBXBuildFile; fileRef = 319DA2D51BE0A7B200151EF1 /* defaultParticle.plist */; };
		319DA2D71BE0A7B200151EF1 /* defaultParticle.plist in Resources */ = {isa = PBXBuildFile; fileRef = 319DA2D51BE0A7B200151EF1 /* defaultParticle.plist */; };
		31CD823E1BD6464C0009D1FB /* Player_on_map.png in Resources */ = {isa = PBXBuildFile; fileRef = 31CD823D1BD6464C0009D1FB /* Player_on_map.png */; };
		31FF12B61BD9D49400E06405 /* stick_inner.png in Resources */ = {isa = PBXBuildFile; fileRef = 31FF12B41BD9D49400E06405 /* stick_inner.png */; };
		31FF12B71BD9D49400E06405 /* stick_inner.png in Resources */ = {isa = PBXBuildFile; fileRef = 31FF12B41BD9D49400E06405 /* stick_inner.png */; };
		31FF12B81BD9D49400E06405 /* stick_outer.png in Resources */ = {isa = PBXBuildFile; fileRef = 31FF12B51BD9D49400E06405 /* stick_outer.png */; };
		31FF12B91BD9D49400E06405 /* stick_outer.png in Resources */ = {isa = PBXBuildFile; fileRef = 31FF12B51BD9D49400E06405 /* stick_outer.png */; };
		46880B8819C43A87006E1F66 /* AppDelegate.cpp in Sources */ = {isa = PBXBuildFile; fileRef = 46880B8419C43A87006E1F66 /* AppDelegate.cpp */; };
		46880B8919C43A87006E1F66 /* AppDelegate.cpp in Sources */ = {isa = PBXBuildFile; fileRef = 46880B8419C43A87006E1F66 /* AppDelegate.cpp */; };
		503AE0F817EB97AB00D1A890 /* Icon.icns in Resources */ = {isa = PBXBuildFile; fileRef = 503AE0F617EB97AB00D1A890 /* Icon.icns */; };
		503AE10017EB989F00D1A890 /* AppController.mm in Sources */ = {isa = PBXBuildFile; fileRef = 503AE0FB17EB989F00D1A890 /* AppController.mm */; };
		503AE10117EB989F00D1A890 /* main.m in Sources */ = {isa = PBXBuildFile; fileRef = 503AE0FC17EB989F00D1A890 /* main.m */; };
		503AE10217EB989F00D1A890 /* RootViewController.mm in Sources */ = {isa = PBXBuildFile; fileRef = 503AE0FF17EB989F00D1A890 /* RootViewController.mm */; };
		503AE10517EB98FF00D1A890 /* main.cpp in Sources */ = {isa = PBXBuildFile; fileRef = 503AE10317EB98FF00D1A890 /* main.cpp */; };
		503AE11B17EB9C5A00D1A890 /* IOKit.framework in Frameworks */ = {isa = PBXBuildFile; fileRef = 503AE11A17EB9C5A00D1A890 /* IOKit.framework */; };
		5087E76317EB910900C73F5D /* Foundation.framework in Frameworks */ = {isa = PBXBuildFile; fileRef = 1D30AB110D05D00D00671497 /* Foundation.framework */; };
		5087E76717EB910900C73F5D /* libz.dylib in Frameworks */ = {isa = PBXBuildFile; fileRef = BF170DB412928DE900B8313A /* libz.dylib */; };
		5087E76817EB910900C73F5D /* QuartzCore.framework in Frameworks */ = {isa = PBXBuildFile; fileRef = BF1C47EA1293683800B63C5D /* QuartzCore.framework */; };
		5087E76917EB910900C73F5D /* OpenAL.framework in Frameworks */ = {isa = PBXBuildFile; fileRef = D44C620B132DFF330009C878 /* OpenAL.framework */; };
		5087E76A17EB910900C73F5D /* AVFoundation.framework in Frameworks */ = {isa = PBXBuildFile; fileRef = D44C620D132DFF430009C878 /* AVFoundation.framework */; };
		5087E76B17EB910900C73F5D /* AudioToolbox.framework in Frameworks */ = {isa = PBXBuildFile; fileRef = D44C620F132DFF4E0009C878 /* AudioToolbox.framework */; };
		5087E77D17EB970100C73F5D /* Default-568h@2x.png in Resources */ = {isa = PBXBuildFile; fileRef = 5087E77217EB970100C73F5D /* Default-568h@2x.png */; };
		5087E77E17EB970100C73F5D /* Default.png in Resources */ = {isa = PBXBuildFile; fileRef = 5087E77317EB970100C73F5D /* Default.png */; };
		5087E77F17EB970100C73F5D /* Default@2x.png in Resources */ = {isa = PBXBuildFile; fileRef = 5087E77417EB970100C73F5D /* Default@2x.png */; };
		5087E78017EB970100C73F5D /* Icon-114.png in Resources */ = {isa = PBXBuildFile; fileRef = 5087E77517EB970100C73F5D /* Icon-114.png */; };
		5087E78117EB970100C73F5D /* Icon-120.png in Resources */ = {isa = PBXBuildFile; fileRef = 5087E77617EB970100C73F5D /* Icon-120.png */; };
		5087E78217EB970100C73F5D /* Icon-144.png in Resources */ = {isa = PBXBuildFile; fileRef = 5087E77717EB970100C73F5D /* Icon-144.png */; };
		5087E78317EB970100C73F5D /* Icon-152.png in Resources */ = {isa = PBXBuildFile; fileRef = 5087E77817EB970100C73F5D /* Icon-152.png */; };
		5087E78417EB970100C73F5D /* Icon-57.png in Resources */ = {isa = PBXBuildFile; fileRef = 5087E77917EB970100C73F5D /* Icon-57.png */; };
		5087E78517EB970100C73F5D /* Icon-72.png in Resources */ = {isa = PBXBuildFile; fileRef = 5087E77A17EB970100C73F5D /* Icon-72.png */; };
		5087E78617EB970100C73F5D /* Icon-76.png in Resources */ = {isa = PBXBuildFile; fileRef = 5087E77B17EB970100C73F5D /* Icon-76.png */; };
		5087E78917EB974C00C73F5D /* AppKit.framework in Frameworks */ = {isa = PBXBuildFile; fileRef = 5087E78817EB974C00C73F5D /* AppKit.framework */; };
		5087E78B17EB975400C73F5D /* OpenGL.framework in Frameworks */ = {isa = PBXBuildFile; fileRef = 5087E78A17EB975400C73F5D /* OpenGL.framework */; };
		50EF629617ECD46A001EB2F8 /* Icon-40.png in Resources */ = {isa = PBXBuildFile; fileRef = 50EF629217ECD46A001EB2F8 /* Icon-40.png */; };
		50EF629717ECD46A001EB2F8 /* Icon-58.png in Resources */ = {isa = PBXBuildFile; fileRef = 50EF629317ECD46A001EB2F8 /* Icon-58.png */; };
		50EF629817ECD46A001EB2F8 /* Icon-80.png in Resources */ = {isa = PBXBuildFile; fileRef = 50EF629417ECD46A001EB2F8 /* Icon-80.png */; };
		50EF629917ECD46A001EB2F8 /* Icon-100.png in Resources */ = {isa = PBXBuildFile; fileRef = 50EF629517ECD46A001EB2F8 /* Icon-100.png */; };
		50EF62A217ECD613001EB2F8 /* Icon-29.png in Resources */ = {isa = PBXBuildFile; fileRef = 50EF62A017ECD613001EB2F8 /* Icon-29.png */; };
		50EF62A317ECD613001EB2F8 /* Icon-50.png in Resources */ = {isa = PBXBuildFile; fileRef = 50EF62A117ECD613001EB2F8 /* Icon-50.png */; };
		521A8E6419F0C34300D177D7 /* Default-667h@2x.png in Resources */ = {isa = PBXBuildFile; fileRef = 521A8E6219F0C34300D177D7 /* Default-667h@2x.png */; };
		521A8E6519F0C34300D177D7 /* Default-736h@3x.png in Resources */ = {isa = PBXBuildFile; fileRef = 521A8E6319F0C34300D177D7 /* Default-736h@3x.png */; };
		52B47A471A53D09C004E4C60 /* Security.framework in Frameworks */ = {isa = PBXBuildFile; fileRef = 52B47A461A53D09B004E4C60 /* Security.framework */; };
		8262943E1AAF051F00CB7CF7 /* Security.framework in Frameworks */ = {isa = PBXBuildFile; fileRef = 8262943D1AAF051F00CB7CF7 /* Security.framework */; };
		BF171245129291EC00B8313A /* OpenGLES.framework in Frameworks */ = {isa = PBXBuildFile; fileRef = BF170DB012928DE900B8313A /* OpenGLES.framework */; };
		BF1712471292920000B8313A /* libz.dylib in Frameworks */ = {isa = PBXBuildFile; fileRef = BF170DB412928DE900B8313A /* libz.dylib */; };
		BF1C47F01293687400B63C5D /* QuartzCore.framework in Frameworks */ = {isa = PBXBuildFile; fileRef = BF1C47EA1293683800B63C5D /* QuartzCore.framework */; };
		C1A34EC3B3688816E3878B27 /* libcocos2d iOS.a in Frameworks */ = {isa = PBXBuildFile; fileRef = 89AD4506B527F53C15871621 /* libcocos2d iOS.a */; };
		D44C620C132DFF330009C878 /* OpenAL.framework in Frameworks */ = {isa = PBXBuildFile; fileRef = D44C620B132DFF330009C878 /* OpenAL.framework */; };
		D44C620E132DFF430009C878 /* AVFoundation.framework in Frameworks */ = {isa = PBXBuildFile; fileRef = D44C620D132DFF430009C878 /* AVFoundation.framework */; };
		D44C6210132DFF4E0009C878 /* AudioToolbox.framework in Frameworks */ = {isa = PBXBuildFile; fileRef = D44C620F132DFF4E0009C878 /* AudioToolbox.framework */; };
		D6B0611B1803AB670077942B /* CoreMotion.framework in Frameworks */ = {isa = PBXBuildFile; fileRef = D6B0611A1803AB670077942B /* CoreMotion.framework */; };
		ED545A7C1B68A1F400C3958E /* libiconv.dylib in Frameworks */ = {isa = PBXBuildFile; fileRef = ED545A7B1B68A1F400C3958E /* libiconv.dylib */; };
		ED545A7E1B68A1FA00C3958E /* libiconv.dylib in Frameworks */ = {isa = PBXBuildFile; fileRef = ED545A7D1B68A1FA00C3958E /* libiconv.dylib */; };
/* End PBXBuildFile section */

/* Begin PBXFileReference section */
		1ACB3243164770DE00914215 /* libcurl.a */ = {isa = PBXFileReference; lastKnownFileType = archive.ar; name = libcurl.a; path = ../../cocos2dx/platform/third_party/ios/libraries/libcurl.a; sourceTree = "<group>"; };
		1D30AB110D05D00D00671497 /* Foundation.framework */ = {isa = PBXFileReference; lastKnownFileType = wrapper.framework; name = Foundation.framework; path = System/Library/Frameworks/Foundation.framework; sourceTree = SDKROOT; };
		1D364C16A410D74FA7F2CF54 /* libcocos2d Mac.a */ = {isa = PBXFileReference; lastKnownFileType = archive.ar; name = "libcocos2d Mac.a"; path = "/Applications/Cocos/frameworks/cocos2d-x-3.8/prebuilt/mac/libcocos2d Mac.a"; sourceTree = "<absolute>"; };
		1D6058910D05DD3D006BFB54 /* MatchPuzzleRPGT-mobile.app */ = {isa = PBXFileReference; explicitFileType = wrapper.application; includeInIndex = 0; path = "MatchPuzzleRPGT-mobile.app"; sourceTree = BUILT_PRODUCTS_DIR; };
		1DF5F4DF0D08C38300B7A737 /* UIKit.framework */ = {isa = PBXFileReference; lastKnownFileType = wrapper.framework; name = UIKit.framework; path = System/Library/Frameworks/UIKit.framework; sourceTree = SDKROOT; };
		288765A40DF7441C002DB57D /* CoreGraphics.framework */ = {isa = PBXFileReference; lastKnownFileType = wrapper.framework; name = CoreGraphics.framework; path = System/Library/Frameworks/CoreGraphics.framework; sourceTree = SDKROOT; };
		31122E781BC76DCF00F08C65 /* SceneMediator.cpp */ = {isa = PBXFileReference; fileEncoding = 4; lastKnownFileType = sourcecode.cpp.cpp; path = SceneMediator.cpp; sourceTree = "<group>"; };
		31122E791BC76DCF00F08C65 /* SceneMediator.h */ = {isa = PBXFileReference; fileEncoding = 4; lastKnownFileType = sourcecode.c.h; path = SceneMediator.h; sourceTree = "<group>"; };
		31122E7C1BC77C4B00F08C65 /* start.png */ = {isa = PBXFileReference; lastKnownFileType = image.png; path = start.png; sourceTree = "<group>"; };
		31122E831BC780C400F08C65 /* mainBG.png */ = {isa = PBXFileReference; lastKnownFileType = image.png; path = mainBG.png; sourceTree = "<group>"; };
		31122E861BC7852F00F08C65 /* score.png */ = {isa = PBXFileReference; lastKnownFileType = image.png; path = score.png; sourceTree = "<group>"; };
		31122E891BC786DA00F08C65 /* status.png */ = {isa = PBXFileReference; lastKnownFileType = image.png; path = status.png; sourceTree = "<group>"; };
		31122E8C1BC7872800F08C65 /* exit.png */ = {isa = PBXFileReference; lastKnownFileType = image.png; path = exit.png; sourceTree = "<group>"; };
		31122E931BC79CC800F08C65 /* home.png */ = {isa = PBXFileReference; lastKnownFileType = image.png; path = home.png; sourceTree = "<group>"; };
		31122EA51BCC9DBC00F08C65 /* character_icon_0.png */ = {isa = PBXFileReference; lastKnownFileType = image.png; path = character_icon_0.png; sourceTree = "<group>"; };
		31122EA61BCC9DBC00F08C65 /* element_blue.png */ = {isa = PBXFileReference; lastKnownFileType = image.png; path = element_blue.png; sourceTree = "<group>"; };
		31122EA71BCC9DBC00F08C65 /* element_green.png */ = {isa = PBXFileReference; lastKnownFileType = image.png; path = element_green.png; sourceTree = "<group>"; };
		31122EA81BCC9DBC00F08C65 /* element_red.png */ = {isa = PBXFileReference; lastKnownFileType = image.png; path = element_red.png; sourceTree = "<group>"; };
		31122EA91BCC9DBC00F08C65 /* element_yellow.png */ = {isa = PBXFileReference; lastKnownFileType = image.png; path = element_yellow.png; sourceTree = "<group>"; };
		31122EB41BCCBEDF00F08C65 /* Chara_illust.png */ = {isa = PBXFileReference; lastKnownFileType = image.png; path = Chara_illust.png; sourceTree = "<group>"; };
		31122EC01BCD01CD00F08C65 /* ui */ = {isa = PBXFileReference; lastKnownFileType = folder; path = ui; sourceTree = "<group>"; };
		3128F73B1BFB222100198B11 /* Button_prevStage.png */ = {isa = PBXFileReference; lastKnownFileType = image.png; path = Button_prevStage.png; sourceTree = "<group>"; };
		3128F73E1BFB227A00198B11 /* Button_nextStage.png */ = {isa = PBXFileReference; lastKnownFileType = image.png; path = Button_nextStage.png; sourceTree = "<group>"; };
		313E6FEC1BF474FB00DD3BF6 /* getUnits.png */ = {isa = PBXFileReference; lastKnownFileType = image.png; name = getUnits.png; path = ui/getUnits.png; sourceTree = "<group>"; };
		3141AED91BD4C03B001F09B6 /* crush.ogg */ = {isa = PBXFileReference; lastKnownFileType = file; path = crush.ogg; sourceTree = "<group>"; };
		3141AEDC1BD4DB47001F09B6 /* element_0.png */ = {isa = PBXFileReference; lastKnownFileType = image.png; path = element_0.png; sourceTree = "<group>"; };
		3141AEDD1BD4DB47001F09B6 /* element_1.png */ = {isa = PBXFileReference; lastKnownFileType = image.png; path = element_1.png; sourceTree = "<group>"; };
		3141AEDE1BD4DB47001F09B6 /* element_2.png */ = {isa = PBXFileReference; lastKnownFileType = image.png; path = element_2.png; sourceTree = "<group>"; };
		3141AEDF1BD4DB47001F09B6 /* element_3.png */ = {isa = PBXFileReference; lastKnownFileType = image.png; path = element_3.png; sourceTree = "<group>"; };
		3141AEF11BD6217F001F09B6 /* map_00.tmx */ = {isa = PBXFileReference; fileEncoding = 4; lastKnownFileType = text.xml; path = map_00.tmx; sourceTree = "<group>"; };
		3141AEF41BD62333001F09B6 /* tmw_desert_spacing.png */ = {isa = PBXFileReference; lastKnownFileType = image.png; path = tmw_desert_spacing.png; sourceTree = "<group>"; };
		315213CD1BFF21F500083D8F /* CsvParser.cpp */ = {isa = PBXFileReference; fileEncoding = 4; lastKnownFileType = sourcecode.cpp.cpp; name = CsvParser.cpp; path = Utils/CsvParser.cpp; sourceTree = "<group>"; };
		315213CE1BFF21F500083D8F /* CsvParser.h */ = {isa = PBXFileReference; fileEncoding = 4; lastKnownFileType = sourcecode.c.h; name = CsvParser.h; path = Utils/CsvParser.h; sourceTree = "<group>"; };
		315213CF1BFF21F500083D8F /* IDPool.cpp */ = {isa = PBXFileReference; fileEncoding = 4; lastKnownFileType = sourcecode.cpp.cpp; name = IDPool.cpp; path = Utils/IDPool.cpp; sourceTree = "<group>"; };
		315213D01BFF21F500083D8F /* IDPool.h */ = {isa = PBXFileReference; fileEncoding = 4; lastKnownFileType = sourcecode.c.h; name = IDPool.h; path = Utils/IDPool.h; sourceTree = "<group>"; };
		315213D11BFF21F500083D8F /* TimeParser.hpp */ = {isa = PBXFileReference; fileEncoding = 4; lastKnownFileType = sourcecode.cpp.h; name = TimeParser.hpp; path = Utils/TimeParser.hpp; sourceTree = "<group>"; };
		315213D21BFF21F500083D8F /* UIHelper.hpp */ = {isa = PBXFileReference; fileEncoding = 4; lastKnownFileType = sourcecode.cpp.h; name = UIHelper.hpp; path = Utils/UIHelper.hpp; sourceTree = "<group>"; };
		315213D51BFF22A700083D8F /* StageDataManager.cpp */ = {isa = PBXFileReference; fileEncoding = 4; lastKnownFileType = sourcecode.cpp.cpp; name = StageDataManager.cpp; path = DataManager/StageDataManager.cpp; sourceTree = "<group>"; };
		315213D61BFF22A700083D8F /* StageDataManager.h */ = {isa = PBXFileReference; fileEncoding = 4; lastKnownFileType = sourcecode.c.h; name = StageDataManager.h; path = DataManager/StageDataManager.h; sourceTree = "<group>"; };
		315213D71BFF22A700083D8F /* StatusDataManager.cpp */ = {isa = PBXFileReference; fileEncoding = 4; lastKnownFileType = sourcecode.cpp.cpp; name = StatusDataManager.cpp; path = DataManager/StatusDataManager.cpp; sourceTree = "<group>"; };
		315213D81BFF22A700083D8F /* StatusDataManager.h */ = {isa = PBXFileReference; fileEncoding = 4; lastKnownFileType = sourcecode.c.h; name = StatusDataManager.h; path = DataManager/StatusDataManager.h; sourceTree = "<group>"; };
		315213DB1BFF231400083D8F /* EnemyNode.cpp */ = {isa = PBXFileReference; fileEncoding = 4; lastKnownFileType = sourcecode.cpp.cpp; name = EnemyNode.cpp; path = DataVisualizer/EnemyNode.cpp; sourceTree = "<group>"; };
		315213DC1BFF231400083D8F /* EnemyNode.h */ = {isa = PBXFileReference; fileEncoding = 4; lastKnownFileType = sourcecode.c.h; name = EnemyNode.h; path = DataVisualizer/EnemyNode.h; sourceTree = "<group>"; };
		315213DD1BFF231400083D8F /* HealthBar.cpp */ = {isa = PBXFileReference; fileEncoding = 4; lastKnownFileType = sourcecode.cpp.cpp; name = HealthBar.cpp; path = DataVisualizer/HealthBar.cpp; sourceTree = "<group>"; };
		315213DE1BFF231400083D8F /* HealthBar.h */ = {isa = PBXFileReference; fileEncoding = 4; lastKnownFileType = sourcecode.c.h; name = HealthBar.h; path = DataVisualizer/HealthBar.h; sourceTree = "<group>"; };
		315213DF1BFF231400083D8F /* Item_SelectStage.hpp */ = {isa = PBXFileReference; fileEncoding = 4; lastKnownFileType = sourcecode.cpp.h; name = Item_SelectStage.hpp; path = DataVisualizer/Item_SelectStage.hpp; sourceTree = "<group>"; };
		315213E01BFF231400083D8F /* Item_StageScoreRecord.hpp */ = {isa = PBXFileReference; fileEncoding = 4; lastKnownFileType = sourcecode.cpp.h; name = Item_StageScoreRecord.hpp; path = DataVisualizer/Item_StageScoreRecord.hpp; sourceTree = "<group>"; };
		315213E11BFF231400083D8F /* Layer_PlayerStatus.hpp */ = {isa = PBXFileReference; fileEncoding = 4; lastKnownFileType = sourcecode.cpp.h; name = Layer_PlayerStatus.hpp; path = DataVisualizer/Layer_PlayerStatus.hpp; sourceTree = "<group>"; };
		315213E21BFF231400083D8F /* ListItem_UnitRecord.cpp */ = {isa = PBXFileReference; fileEncoding = 4; lastKnownFileType = sourcecode.cpp.cpp; name = ListItem_UnitRecord.cpp; path = DataVisualizer/ListItem_UnitRecord.cpp; sourceTree = "<group>"; };
		315213E31BFF231400083D8F /* ListItem_UnitRecord.h */ = {isa = PBXFileReference; fileEncoding = 4; lastKnownFileType = sourcecode.c.h; name = ListItem_UnitRecord.h; path = DataVisualizer/ListItem_UnitRecord.h; sourceTree = "<group>"; };
		315213E41BFF231400083D8F /* ScoreBoard.cpp */ = {isa = PBXFileReference; fileEncoding = 4; lastKnownFileType = sourcecode.cpp.cpp; name = ScoreBoard.cpp; path = DataVisualizer/ScoreBoard.cpp; sourceTree = "<group>"; };
		315213E51BFF231400083D8F /* ScoreBoard.h */ = {isa = PBXFileReference; fileEncoding = 4; lastKnownFileType = sourcecode.c.h; name = ScoreBoard.h; path = DataVisualizer/ScoreBoard.h; sourceTree = "<group>"; };
		315213EA1BFF236C00083D8F /* ElementType.h */ = {isa = PBXFileReference; fileEncoding = 4; lastKnownFileType = sourcecode.c.h; name = ElementType.h; path = DataModel/ElementType.h; sourceTree = "<group>"; };
		315213EB1BFF236C00083D8F /* EnemyStatusData.h */ = {isa = PBXFileReference; fileEncoding = 4; lastKnownFileType = sourcecode.c.h; name = EnemyStatusData.h; path = DataModel/EnemyStatusData.h; sourceTree = "<group>"; };
		315213EC1BFF236C00083D8F /* GrowthData.hpp */ = {isa = PBXFileReference; fileEncoding = 4; lastKnownFileType = sourcecode.cpp.h; name = GrowthData.hpp; path = DataModel/GrowthData.hpp; sourceTree = "<group>"; };
		315213ED1BFF236C00083D8F /* PlayerAssetsData.cpp */ = {isa = PBXFileReference; fileEncoding = 4; lastKnownFileType = sourcecode.cpp.cpp; name = PlayerAssetsData.cpp; path = DataModel/PlayerAssetsData.cpp; sourceTree = "<group>"; };
		315213EE1BFF236C00083D8F /* PlayerAssetsData.h */ = {isa = PBXFileReference; fileEncoding = 4; lastKnownFileType = sourcecode.c.h; name = PlayerAssetsData.h; path = DataModel/PlayerAssetsData.h; sourceTree = "<group>"; };
		315213EF1BFF236C00083D8F /* PlayerStatusData.h */ = {isa = PBXFileReference; fileEncoding = 4; lastKnownFileType = sourcecode.c.h; name = PlayerStatusData.h; path = DataModel/PlayerStatusData.h; sourceTree = "<group>"; };
		315213F01BFF236C00083D8F /* PuzzleStatusChangeData.hpp */ = {isa = PBXFileReference; fileEncoding = 4; lastKnownFileType = sourcecode.cpp.h; name = PuzzleStatusChangeData.hpp; path = DataModel/PuzzleStatusChangeData.hpp; sourceTree = "<group>"; };
		315213F11BFF236C00083D8F /* StageClearData.cpp */ = {isa = PBXFileReference; fileEncoding = 4; lastKnownFileType = sourcecode.cpp.cpp; name = StageClearData.cpp; path = DataModel/StageClearData.cpp; sourceTree = "<group>"; };
		315213F21BFF236C00083D8F /* StageClearData.h */ = {isa = PBXFileReference; fileEncoding = 4; lastKnownFileType = sourcecode.c.h; name = StageClearData.h; path = DataModel/StageClearData.h; sourceTree = "<group>"; };
		315213F31BFF236C00083D8F /* StageData.cpp */ = {isa = PBXFileReference; fileEncoding = 4; lastKnownFileType = sourcecode.cpp.cpp; name = StageData.cpp; path = DataModel/StageData.cpp; sourceTree = "<group>"; };
		315213F41BFF236C00083D8F /* StageData.h */ = {isa = PBXFileReference; fileEncoding = 4; lastKnownFileType = sourcecode.c.h; name = StageData.h; path = DataModel/StageData.h; sourceTree = "<group>"; };
		315213F51BFF236C00083D8F /* StageScoreRecord.cpp */ = {isa = PBXFileReference; fileEncoding = 4; lastKnownFileType = sourcecode.cpp.cpp; name = StageScoreRecord.cpp; path = DataModel/StageScoreRecord.cpp; sourceTree = "<group>"; };
		315213F61BFF236C00083D8F /* StageScoreRecord.h */ = {isa = PBXFileReference; fileEncoding = 4; lastKnownFileType = sourcecode.c.h; name = StageScoreRecord.h; path = DataModel/StageScoreRecord.h; sourceTree = "<group>"; };
		315213F71BFF236C00083D8F /* UnitData.h */ = {isa = PBXFileReference; fileEncoding = 4; lastKnownFileType = sourcecode.c.h; name = UnitData.h; path = DataModel/UnitData.h; sourceTree = "<group>"; };
		315213F81BFF236C00083D8F /* UnitOfPlayerRecord.h */ = {isa = PBXFileReference; fileEncoding = 4; lastKnownFileType = sourcecode.c.h; name = UnitOfPlayerRecord.h; path = DataModel/UnitOfPlayerRecord.h; sourceTree = "<group>"; };
		315214011BFF23C600083D8F /* GameStageScene.cpp */ = {isa = PBXFileReference; fileEncoding = 4; lastKnownFileType = sourcecode.cpp.cpp; name = GameStageScene.cpp; path = Scene/GameStageScene.cpp; sourceTree = "<group>"; };
		315214021BFF23C600083D8F /* GameStageScene.h */ = {isa = PBXFileReference; fileEncoding = 4; lastKnownFileType = sourcecode.c.h; name = GameStageScene.h; path = Scene/GameStageScene.h; sourceTree = "<group>"; };
		315214031BFF23C600083D8F /* GatchaResultLayer.cpp */ = {isa = PBXFileReference; fileEncoding = 4; lastKnownFileType = sourcecode.cpp.cpp; name = GatchaResultLayer.cpp; path = Scene/GatchaResultLayer.cpp; sourceTree = "<group>"; };
		315214041BFF23C600083D8F /* GatchaResultLayer.h */ = {isa = PBXFileReference; fileEncoding = 4; lastKnownFileType = sourcecode.c.h; name = GatchaResultLayer.h; path = Scene/GatchaResultLayer.h; sourceTree = "<group>"; };
		315214051BFF23C600083D8F /* GetUnitScene.cpp */ = {isa = PBXFileReference; fileEncoding = 4; lastKnownFileType = sourcecode.cpp.cpp; name = GetUnitScene.cpp; path = Scene/GetUnitScene.cpp; sourceTree = "<group>"; };
		315214061BFF23C600083D8F /* GetUnitScene.h */ = {isa = PBXFileReference; fileEncoding = 4; lastKnownFileType = sourcecode.c.h; name = GetUnitScene.h; path = Scene/GetUnitScene.h; sourceTree = "<group>"; };
		315214071BFF23C600083D8F /* HomeScene.cpp */ = {isa = PBXFileReference; fileEncoding = 4; lastKnownFileType = sourcecode.cpp.cpp; name = HomeScene.cpp; path = Scene/HomeScene.cpp; sourceTree = "<group>"; };
		315214081BFF23C600083D8F /* HomeScene.h */ = {isa = PBXFileReference; fileEncoding = 4; lastKnownFileType = sourcecode.c.h; name = HomeScene.h; path = Scene/HomeScene.h; sourceTree = "<group>"; };
		315214091BFF23C600083D8F /* MainBackground.cpp */ = {isa = PBXFileReference; fileEncoding = 4; lastKnownFileType = sourcecode.cpp.cpp; name = MainBackground.cpp; path = Scene/MainBackground.cpp; sourceTree = "<group>"; };
		3152140A1BFF23C600083D8F /* MainBackground.h */ = {isa = PBXFileReference; fileEncoding = 4; lastKnownFileType = sourcecode.c.h; name = MainBackground.h; path = Scene/MainBackground.h; sourceTree = "<group>"; };
		3152140D1BFF23C600083D8F /* StageScoreScene.cpp */ = {isa = PBXFileReference; fileEncoding = 4; lastKnownFileType = sourcecode.cpp.cpp; name = StageScoreScene.cpp; path = Scene/StageScoreScene.cpp; sourceTree = "<group>"; };
		3152140E1BFF23C600083D8F /* StageScoreScene.h */ = {isa = PBXFileReference; fileEncoding = 4; lastKnownFileType = sourcecode.c.h; name = StageScoreScene.h; path = Scene/StageScoreScene.h; sourceTree = "<group>"; };
		3152140F1BFF23C600083D8F /* StageSelectScene.cpp */ = {isa = PBXFileReference; fileEncoding = 4; lastKnownFileType = sourcecode.cpp.cpp; name = StageSelectScene.cpp; path = Scene/StageSelectScene.cpp; sourceTree = "<group>"; };
		315214101BFF23C600083D8F /* StageSelectScene.h */ = {isa = PBXFileReference; fileEncoding = 4; lastKnownFileType = sourcecode.c.h; name = StageSelectScene.h; path = Scene/StageSelectScene.h; sourceTree = "<group>"; };
		315214111BFF23C600083D8F /* StatusScene.cpp */ = {isa = PBXFileReference; fileEncoding = 4; lastKnownFileType = sourcecode.cpp.cpp; name = StatusScene.cpp; path = Scene/StatusScene.cpp; sourceTree = "<group>"; };
		315214121BFF23C600083D8F /* StatusScene.h */ = {isa = PBXFileReference; fileEncoding = 4; lastKnownFileType = sourcecode.c.h; name = StatusScene.h; path = Scene/StatusScene.h; sourceTree = "<group>"; };
		3152141E1BFF24AC00083D8F /* IUnitGatchaStrategy.h */ = {isa = PBXFileReference; fileEncoding = 4; lastKnownFileType = sourcecode.c.h; name = IUnitGatchaStrategy.h; path = Scene/GetUnit/GetUnitStrategy/IUnitGatchaStrategy.h; sourceTree = "<group>"; };
		3152141F1BFF24AC00083D8F /* SimpleUnitGatchaStrategy.hpp */ = {isa = PBXFileReference; fileEncoding = 4; lastKnownFileType = sourcecode.cpp.h; name = SimpleUnitGatchaStrategy.hpp; path = Scene/GetUnit/GetUnitStrategy/SimpleUnitGatchaStrategy.hpp; sourceTree = "<group>"; };
		315214201BFF256300083D8F /* GameStageController.cpp */ = {isa = PBXFileReference; fileEncoding = 4; lastKnownFileType = sourcecode.cpp.cpp; name = GameStageController.cpp; path = Scene/GameStage/GameStageController.cpp; sourceTree = "<group>"; };
		315214211BFF256300083D8F /* GameStageController.h */ = {isa = PBXFileReference; fileEncoding = 4; lastKnownFileType = sourcecode.c.h; name = GameStageController.h; path = Scene/GameStage/GameStageController.h; sourceTree = "<group>"; };
		315214221BFF256300083D8F /* IMapItem.h */ = {isa = PBXFileReference; fileEncoding = 4; lastKnownFileType = sourcecode.c.h; name = IMapItem.h; path = Scene/GameStage/IMapItem.h; sourceTree = "<group>"; };
		315214231BFF256300083D8F /* Jewel.cpp */ = {isa = PBXFileReference; fileEncoding = 4; lastKnownFileType = sourcecode.cpp.cpp; name = Jewel.cpp; path = Scene/GameStage/Jewel.cpp; sourceTree = "<group>"; };
		315214241BFF256300083D8F /* Jewel.h */ = {isa = PBXFileReference; fileEncoding = 4; lastKnownFileType = sourcecode.c.h; name = Jewel.h; path = Scene/GameStage/Jewel.h; sourceTree = "<group>"; };
		315214251BFF256300083D8F /* JewelGrid.cpp */ = {isa = PBXFileReference; fileEncoding = 4; lastKnownFileType = sourcecode.cpp.cpp; name = JewelGrid.cpp; path = Scene/GameStage/JewelGrid.cpp; sourceTree = "<group>"; };
		315214261BFF256300083D8F /* JewelGrid.h */ = {isa = PBXFileReference; fileEncoding = 4; lastKnownFileType = sourcecode.c.h; name = JewelGrid.h; path = Scene/GameStage/JewelGrid.h; sourceTree = "<group>"; };
		315214271BFF256300083D8F /* JewelGridStatus.cpp */ = {isa = PBXFileReference; fileEncoding = 4; lastKnownFileType = sourcecode.cpp.cpp; name = JewelGridStatus.cpp; path = Scene/GameStage/JewelGridStatus.cpp; sourceTree = "<group>"; };
		315214281BFF256300083D8F /* JewelGridStatus.h */ = {isa = PBXFileReference; fileEncoding = 4; lastKnownFileType = sourcecode.c.h; name = JewelGridStatus.h; path = Scene/GameStage/JewelGridStatus.h; sourceTree = "<group>"; };
		315214291BFF256300083D8F /* MapController.cpp */ = {isa = PBXFileReference; fileEncoding = 4; lastKnownFileType = sourcecode.cpp.cpp; name = MapController.cpp; path = Scene/GameStage/MapController.cpp; sourceTree = "<group>"; };
		3152142A1BFF256300083D8F /* MapController.h */ = {isa = PBXFileReference; fileEncoding = 4; lastKnownFileType = sourcecode.c.h; name = MapController.h; path = Scene/GameStage/MapController.h; sourceTree = "<group>"; };
		3152142B1BFF256300083D8F /* MapItemBase.cpp */ = {isa = PBXFileReference; fileEncoding = 4; lastKnownFileType = sourcecode.cpp.cpp; name = MapItemBase.cpp; path = Scene/GameStage/MapItemBase.cpp; sourceTree = "<group>"; };
		3152142C1BFF256300083D8F /* MapItemBase.h */ = {isa = PBXFileReference; fileEncoding = 4; lastKnownFileType = sourcecode.c.h; name = MapItemBase.h; path = Scene/GameStage/MapItemBase.h; sourceTree = "<group>"; };
		3152142D1BFF256300083D8F /* MapItemEnemy.cpp */ = {isa = PBXFileReference; fileEncoding = 4; lastKnownFileType = sourcecode.cpp.cpp; name = MapItemEnemy.cpp; path = Scene/GameStage/MapItemEnemy.cpp; sourceTree = "<group>"; };
		3152142E1BFF256300083D8F /* MapItemEnemy.h */ = {isa = PBXFileReference; fileEncoding = 4; lastKnownFileType = sourcecode.c.h; name = MapItemEnemy.h; path = Scene/GameStage/MapItemEnemy.h; sourceTree = "<group>"; };
		3152142F1BFF256300083D8F /* MapItemPlayer.cpp */ = {isa = PBXFileReference; fileEncoding = 4; lastKnownFileType = sourcecode.cpp.cpp; name = MapItemPlayer.cpp; path = Scene/GameStage/MapItemPlayer.cpp; sourceTree = "<group>"; };
		315214301BFF256300083D8F /* MapItemPlayer.h */ = {isa = PBXFileReference; fileEncoding = 4; lastKnownFileType = sourcecode.c.h; name = MapItemPlayer.h; path = Scene/GameStage/MapItemPlayer.h; sourceTree = "<group>"; };
		315214311BFF256300083D8F /* MapLayer.cpp */ = {isa = PBXFileReference; fileEncoding = 4; lastKnownFileType = sourcecode.cpp.cpp; name = MapLayer.cpp; path = Scene/GameStage/MapLayer.cpp; sourceTree = "<group>"; };
		315214321BFF256300083D8F /* MapLayer.h */ = {isa = PBXFileReference; fileEncoding = 4; lastKnownFileType = sourcecode.c.h; name = MapLayer.h; path = Scene/GameStage/MapLayer.h; sourceTree = "<group>"; };
		3152143C1BFF262500083D8F /* IScoreEnemyStrategy.h */ = {isa = PBXFileReference; fileEncoding = 4; lastKnownFileType = sourcecode.c.h; name = IScoreEnemyStrategy.h; path = Scene/GameStage/ScoreStrategy/IScoreEnemyStrategy.h; sourceTree = "<group>"; };
		3152143D1BFF262500083D8F /* IScorePuzzleStrategy.h */ = {isa = PBXFileReference; fileEncoding = 4; lastKnownFileType = sourcecode.c.h; name = IScorePuzzleStrategy.h; path = Scene/GameStage/ScoreStrategy/IScorePuzzleStrategy.h; sourceTree = "<group>"; };
		3152143E1BFF262500083D8F /* IScoreStageClearStrategy.h */ = {isa = PBXFileReference; fileEncoding = 4; lastKnownFileType = sourcecode.c.h; name = IScoreStageClearStrategy.h; path = Scene/GameStage/ScoreStrategy/IScoreStageClearStrategy.h; sourceTree = "<group>"; };
		3152143F1BFF262500083D8F /* SimpleScoreEnemyStrategy.hpp */ = {isa = PBXFileReference; fileEncoding = 4; lastKnownFileType = sourcecode.cpp.h; name = SimpleScoreEnemyStrategy.hpp; path = Scene/GameStage/ScoreStrategy/SimpleScoreEnemyStrategy.hpp; sourceTree = "<group>"; };
		315214401BFF262500083D8F /* SimpleScorePuzzleStrategy.hpp */ = {isa = PBXFileReference; fileEncoding = 4; lastKnownFileType = sourcecode.cpp.h; name = SimpleScorePuzzleStrategy.hpp; path = Scene/GameStage/ScoreStrategy/SimpleScorePuzzleStrategy.hpp; sourceTree = "<group>"; };
		315214411BFF262500083D8F /* SimpleScoreStageClearStrategy.hpp */ = {isa = PBXFileReference; fileEncoding = 4; lastKnownFileType = sourcecode.cpp.h; name = SimpleScoreStageClearStrategy.hpp; path = Scene/GameStage/ScoreStrategy/SimpleScoreStageClearStrategy.hpp; sourceTree = "<group>"; };
		315214421BFF265100083D8F /* IGrowthStrategyStageClear.h */ = {isa = PBXFileReference; fileEncoding = 4; lastKnownFileType = sourcecode.c.h; name = IGrowthStrategyStageClear.h; path = Scene/GameStage/GrowStrategy/IGrowthStrategyStageClear.h; sourceTree = "<group>"; };
		315214431BFF265100083D8F /* SimpleGrowthStrategyStageClear.hpp */ = {isa = PBXFileReference; fileEncoding = 4; lastKnownFileType = sourcecode.cpp.h; name = SimpleGrowthStrategyStageClear.hpp; path = Scene/GameStage/GrowStrategy/SimpleGrowthStrategyStageClear.hpp; sourceTree = "<group>"; };
		315214441BFF269400083D8F /* IMapStrategyOnPuzzleStatusChange.h */ = {isa = PBXFileReference; fileEncoding = 4; lastKnownFileType = sourcecode.c.h; name = IMapStrategyOnPuzzleStatusChange.h; path = Scene/GameStage/MapStrategyOnPuzzle/IMapStrategyOnPuzzleStatusChange.h; sourceTree = "<group>"; };
		315214451BFF269400083D8F /* SimpleMapStrategyOnPuzzleStatusChange.cpp */ = {isa = PBXFileReference; fileEncoding = 4; lastKnownFileType = sourcecode.cpp.cpp; name = SimpleMapStrategyOnPuzzleStatusChange.cpp; path = Scene/GameStage/MapStrategyOnPuzzle/SimpleMapStrategyOnPuzzleStatusChange.cpp; sourceTree = "<group>"; };
		315214461BFF269400083D8F /* SimpleMapStrategyOnPuzzleStatusChange.h */ = {isa = PBXFileReference; fileEncoding = 4; lastKnownFileType = sourcecode.c.h; name = SimpleMapStrategyOnPuzzleStatusChange.h; path = Scene/GameStage/MapStrategyOnPuzzle/SimpleMapStrategyOnPuzzleStatusChange.h; sourceTree = "<group>"; };
		315214471BFF269400083D8F /* SimpleMapStrategyWithUnitsOnPuzzleStatusChange.cpp */ = {isa = PBXFileReference; fileEncoding = 4; lastKnownFileType = sourcecode.cpp.cpp; name = SimpleMapStrategyWithUnitsOnPuzzleStatusChange.cpp; path = Scene/GameStage/MapStrategyOnPuzzle/SimpleMapStrategyWithUnitsOnPuzzleStatusChange.cpp; sourceTree = "<group>"; };
		315214481BFF269400083D8F /* SimpleMapStrategyWithUnitsOnPuzzleStatusChange.h */ = {isa = PBXFileReference; fileEncoding = 4; lastKnownFileType = sourcecode.c.h; name = SimpleMapStrategyWithUnitsOnPuzzleStatusChange.h; path = Scene/GameStage/MapStrategyOnPuzzle/SimpleMapStrategyWithUnitsOnPuzzleStatusChange.h; sourceTree = "<group>"; };
		3152144B1BFF26D800083D8F /* ClearStageCondition_GoalMap.cpp */ = {isa = PBXFileReference; fileEncoding = 4; lastKnownFileType = sourcecode.cpp.cpp; name = ClearStageCondition_GoalMap.cpp; path = Scene/GameStage/ClearCondition/ClearStageCondition_GoalMap.cpp; sourceTree = "<group>"; };
		3152144C1BFF26D800083D8F /* ClearStageCondition_GoalMap.h */ = {isa = PBXFileReference; fileEncoding = 4; lastKnownFileType = sourcecode.c.h; name = ClearStageCondition_GoalMap.h; path = Scene/GameStage/ClearCondition/ClearStageCondition_GoalMap.h; sourceTree = "<group>"; };
		3152144D1BFF26D800083D8F /* ClearStageCondition_NoEnemy.cpp */ = {isa = PBXFileReference; fileEncoding = 4; lastKnownFileType = sourcecode.cpp.cpp; name = ClearStageCondition_NoEnemy.cpp; path = Scene/GameStage/ClearCondition/ClearStageCondition_NoEnemy.cpp; sourceTree = "<group>"; };
		3152144E1BFF26D800083D8F /* ClearStageCondition_NoEnemy.h */ = {isa = PBXFileReference; fileEncoding = 4; lastKnownFileType = sourcecode.c.h; name = ClearStageCondition_NoEnemy.h; path = Scene/GameStage/ClearCondition/ClearStageCondition_NoEnemy.h; sourceTree = "<group>"; };
		3152144F1BFF26D800083D8F /* IClearStageCondition.h */ = {isa = PBXFileReference; fileEncoding = 4; lastKnownFileType = sourcecode.c.h; name = IClearStageCondition.h; path = Scene/GameStage/ClearCondition/IClearStageCondition.h; sourceTree = "<group>"; };
		315214521BFF276D00083D8F /* AnalogStick.cpp */ = {isa = PBXFileReference; fileEncoding = 4; lastKnownFileType = sourcecode.cpp.cpp; name = AnalogStick.cpp; path = Scene/GameStage/AnalogStick.cpp; sourceTree = "<group>"; };
		315214531BFF276D00083D8F /* AnalogStick.h */ = {isa = PBXFileReference; fileEncoding = 4; lastKnownFileType = sourcecode.c.h; name = AnalogStick.h; path = Scene/GameStage/AnalogStick.h; sourceTree = "<group>"; };
		315214541BFF276D00083D8F /* GameStageHUD.cpp */ = {isa = PBXFileReference; fileEncoding = 4; lastKnownFileType = sourcecode.cpp.cpp; name = GameStageHUD.cpp; path = Scene/GameStage/GameStageHUD.cpp; sourceTree = "<group>"; };
		315214551BFF276D00083D8F /* GameStageHUD.h */ = {isa = PBXFileReference; fileEncoding = 4; lastKnownFileType = sourcecode.c.h; name = GameStageHUD.h; path = Scene/GameStage/GameStageHUD.h; sourceTree = "<group>"; };
		315214561BFF276D00083D8F /* StageClearLayer.cpp */ = {isa = PBXFileReference; fileEncoding = 4; lastKnownFileType = sourcecode.cpp.cpp; name = StageClearLayer.cpp; path = Scene/GameStage/StageClearLayer.cpp; sourceTree = "<group>"; };
		315214571BFF276D00083D8F /* StageClearLayer.h */ = {isa = PBXFileReference; fileEncoding = 4; lastKnownFileType = sourcecode.c.h; name = StageClearLayer.h; path = Scene/GameStage/StageClearLayer.h; sourceTree = "<group>"; };
		31599BE11BCF5E58005E92C5 /* data */ = {isa = PBXFileReference; lastKnownFileType = folder; path = data; sourceTree = "<group>"; };
		31819B561BE1B0D500C505E8 /* meta_tiles.png */ = {isa = PBXFileReference; lastKnownFileType = image.png; path = meta_tiles.png; sourceTree = "<group>"; };
		3188E6841BD0B68000AC8FBC /* stageIcon_0.png */ = {isa = PBXFileReference; lastKnownFileType = image.png; path = stageIcon_0.png; sourceTree = "<group>"; };
		3198547D1BE758EE004A9CEE /* attack.png */ = {isa = PBXFileReference; lastKnownFileType = image.png; path = attack.png; sourceTree = "<group>"; };
		319DA2C81BDF26C500151EF1 /* hp.png */ = {isa = PBXFileReference; lastKnownFileType = image.png; path = hp.png; sourceTree = "<group>"; };
		319DA2D51BE0A7B200151EF1 /* defaultParticle.plist */ = {isa = PBXFileReference; fileEncoding = 4; lastKnownFileType = text.plist.xml; path = defaultParticle.plist; sourceTree = "<group>"; };
		31CD823D1BD6464C0009D1FB /* Player_on_map.png */ = {isa = PBXFileReference; lastKnownFileType = image.png; path = Player_on_map.png; sourceTree = "<group>"; };
		31FF12B41BD9D49400E06405 /* stick_inner.png */ = {isa = PBXFileReference; lastKnownFileType = image.png; path = stick_inner.png; sourceTree = "<group>"; };
		31FF12B51BD9D49400E06405 /* stick_outer.png */ = {isa = PBXFileReference; lastKnownFileType = image.png; path = stick_outer.png; sourceTree = "<group>"; };
		46880B8419C43A87006E1F66 /* AppDelegate.cpp */ = {isa = PBXFileReference; fileEncoding = 4; lastKnownFileType = sourcecode.cpp.cpp; path = AppDelegate.cpp; sourceTree = "<group>"; };
		46880B8519C43A87006E1F66 /* AppDelegate.h */ = {isa = PBXFileReference; fileEncoding = 4; lastKnownFileType = sourcecode.c.h; path = AppDelegate.h; sourceTree = "<group>"; };
		503AE0F617EB97AB00D1A890 /* Icon.icns */ = {isa = PBXFileReference; lastKnownFileType = image.icns; path = Icon.icns; sourceTree = "<group>"; };
		503AE0F717EB97AB00D1A890 /* Info.plist */ = {isa = PBXFileReference; fileEncoding = 4; lastKnownFileType = text.plist.xml; path = Info.plist; sourceTree = "<group>"; };
		503AE0FA17EB989F00D1A890 /* AppController.h */ = {isa = PBXFileReference; fileEncoding = 4; lastKnownFileType = sourcecode.c.h; name = AppController.h; path = ios/AppController.h; sourceTree = SOURCE_ROOT; };
		503AE0FB17EB989F00D1A890 /* AppController.mm */ = {isa = PBXFileReference; fileEncoding = 4; lastKnownFileType = sourcecode.cpp.objcpp; name = AppController.mm; path = ios/AppController.mm; sourceTree = SOURCE_ROOT; };
		503AE0FC17EB989F00D1A890 /* main.m */ = {isa = PBXFileReference; fileEncoding = 4; lastKnownFileType = sourcecode.c.objc; name = main.m; path = ios/main.m; sourceTree = SOURCE_ROOT; };
		503AE0FD17EB989F00D1A890 /* Prefix.pch */ = {isa = PBXFileReference; fileEncoding = 4; lastKnownFileType = sourcecode.c.h; name = Prefix.pch; path = ios/Prefix.pch; sourceTree = SOURCE_ROOT; };
		503AE0FE17EB989F00D1A890 /* RootViewController.h */ = {isa = PBXFileReference; fileEncoding = 4; lastKnownFileType = sourcecode.c.h; name = RootViewController.h; path = ios/RootViewController.h; sourceTree = SOURCE_ROOT; };
		503AE0FF17EB989F00D1A890 /* RootViewController.mm */ = {isa = PBXFileReference; fileEncoding = 4; lastKnownFileType = sourcecode.cpp.objcpp; name = RootViewController.mm; path = ios/RootViewController.mm; sourceTree = SOURCE_ROOT; };
		503AE10317EB98FF00D1A890 /* main.cpp */ = {isa = PBXFileReference; fileEncoding = 4; lastKnownFileType = sourcecode.cpp.cpp; name = main.cpp; path = mac/main.cpp; sourceTree = "<group>"; };
		503AE10417EB98FF00D1A890 /* Prefix.pch */ = {isa = PBXFileReference; fileEncoding = 4; lastKnownFileType = sourcecode.c.h; name = Prefix.pch; path = mac/Prefix.pch; sourceTree = "<group>"; };
		503AE11117EB99EE00D1A890 /* libcurl.dylib */ = {isa = PBXFileReference; lastKnownFileType = "compiled.mach-o.dylib"; name = libcurl.dylib; path = usr/lib/libcurl.dylib; sourceTree = SDKROOT; };
		503AE11A17EB9C5A00D1A890 /* IOKit.framework */ = {isa = PBXFileReference; lastKnownFileType = wrapper.framework; name = IOKit.framework; path = System/Library/Frameworks/IOKit.framework; sourceTree = SDKROOT; };
		5087E76F17EB910900C73F5D /* MatchPuzzleRPGT-desktop.app */ = {isa = PBXFileReference; explicitFileType = wrapper.application; includeInIndex = 0; path = "MatchPuzzleRPGT-desktop.app"; sourceTree = BUILT_PRODUCTS_DIR; };
		5087E77217EB970100C73F5D /* Default-568h@2x.png */ = {isa = PBXFileReference; lastKnownFileType = image.png; path = "Default-568h@2x.png"; sourceTree = "<group>"; };
		5087E77317EB970100C73F5D /* Default.png */ = {isa = PBXFileReference; lastKnownFileType = image.png; path = Default.png; sourceTree = "<group>"; };
		5087E77417EB970100C73F5D /* Default@2x.png */ = {isa = PBXFileReference; lastKnownFileType = image.png; path = "Default@2x.png"; sourceTree = "<group>"; };
		5087E77517EB970100C73F5D /* Icon-114.png */ = {isa = PBXFileReference; lastKnownFileType = image.png; path = "Icon-114.png"; sourceTree = "<group>"; };
		5087E77617EB970100C73F5D /* Icon-120.png */ = {isa = PBXFileReference; lastKnownFileType = image.png; path = "Icon-120.png"; sourceTree = "<group>"; };
		5087E77717EB970100C73F5D /* Icon-144.png */ = {isa = PBXFileReference; lastKnownFileType = image.png; path = "Icon-144.png"; sourceTree = "<group>"; };
		5087E77817EB970100C73F5D /* Icon-152.png */ = {isa = PBXFileReference; lastKnownFileType = image.png; path = "Icon-152.png"; sourceTree = "<group>"; };
		5087E77917EB970100C73F5D /* Icon-57.png */ = {isa = PBXFileReference; lastKnownFileType = image.png; path = "Icon-57.png"; sourceTree = "<group>"; };
		5087E77A17EB970100C73F5D /* Icon-72.png */ = {isa = PBXFileReference; lastKnownFileType = image.png; path = "Icon-72.png"; sourceTree = "<group>"; };
		5087E77B17EB970100C73F5D /* Icon-76.png */ = {isa = PBXFileReference; lastKnownFileType = image.png; path = "Icon-76.png"; sourceTree = "<group>"; };
		5087E77C17EB970100C73F5D /* Info.plist */ = {isa = PBXFileReference; fileEncoding = 4; lastKnownFileType = text.plist.xml; path = Info.plist; sourceTree = "<group>"; };
		5087E78817EB974C00C73F5D /* AppKit.framework */ = {isa = PBXFileReference; lastKnownFileType = wrapper.framework; name = AppKit.framework; path = System/Library/Frameworks/AppKit.framework; sourceTree = SDKROOT; };
		5087E78A17EB975400C73F5D /* OpenGL.framework */ = {isa = PBXFileReference; lastKnownFileType = wrapper.framework; name = OpenGL.framework; path = System/Library/Frameworks/OpenGL.framework; sourceTree = SDKROOT; };
		50EF629217ECD46A001EB2F8 /* Icon-40.png */ = {isa = PBXFileReference; lastKnownFileType = image.png; path = "Icon-40.png"; sourceTree = "<group>"; };
		50EF629317ECD46A001EB2F8 /* Icon-58.png */ = {isa = PBXFileReference; lastKnownFileType = image.png; path = "Icon-58.png"; sourceTree = "<group>"; };
		50EF629417ECD46A001EB2F8 /* Icon-80.png */ = {isa = PBXFileReference; lastKnownFileType = image.png; path = "Icon-80.png"; sourceTree = "<group>"; };
		50EF629517ECD46A001EB2F8 /* Icon-100.png */ = {isa = PBXFileReference; lastKnownFileType = image.png; path = "Icon-100.png"; sourceTree = "<group>"; };
		50EF62A017ECD613001EB2F8 /* Icon-29.png */ = {isa = PBXFileReference; lastKnownFileType = image.png; path = "Icon-29.png"; sourceTree = "<group>"; };
		50EF62A117ECD613001EB2F8 /* Icon-50.png */ = {isa = PBXFileReference; lastKnownFileType = image.png; path = "Icon-50.png"; sourceTree = "<group>"; };
		521A8E6219F0C34300D177D7 /* Default-667h@2x.png */ = {isa = PBXFileReference; lastKnownFileType = image.png; path = "Default-667h@2x.png"; sourceTree = "<group>"; };
		521A8E6319F0C34300D177D7 /* Default-736h@3x.png */ = {isa = PBXFileReference; lastKnownFileType = image.png; path = "Default-736h@3x.png"; sourceTree = "<group>"; };
		52B47A461A53D09B004E4C60 /* Security.framework */ = {isa = PBXFileReference; lastKnownFileType = wrapper.framework; name = Security.framework; path = Platforms/iPhoneOS.platform/Developer/SDKs/iPhoneOS8.1.sdk/System/Library/Frameworks/Security.framework; sourceTree = DEVELOPER_DIR; };
		8262943D1AAF051F00CB7CF7 /* Security.framework */ = {isa = PBXFileReference; lastKnownFileType = wrapper.framework; name = Security.framework; path = System/Library/Frameworks/Security.framework; sourceTree = SDKROOT; };
		89AD4506B527F53C15871621 /* libcocos2d iOS.a */ = {isa = PBXFileReference; lastKnownFileType = archive.ar; name = "libcocos2d iOS.a"; path = "/Applications/Cocos/frameworks/cocos2d-x-3.8/prebuilt/ios/libcocos2d iOS.a"; sourceTree = "<absolute>"; };
		BF170DB012928DE900B8313A /* OpenGLES.framework */ = {isa = PBXFileReference; lastKnownFileType = wrapper.framework; name = OpenGLES.framework; path = System/Library/Frameworks/OpenGLES.framework; sourceTree = SDKROOT; };
		BF170DB412928DE900B8313A /* libz.dylib */ = {isa = PBXFileReference; lastKnownFileType = "compiled.mach-o.dylib"; name = libz.dylib; path = usr/lib/libz.dylib; sourceTree = SDKROOT; };
		BF1C47EA1293683800B63C5D /* QuartzCore.framework */ = {isa = PBXFileReference; lastKnownFileType = wrapper.framework; name = QuartzCore.framework; path = System/Library/Frameworks/QuartzCore.framework; sourceTree = SDKROOT; };
		D44C620B132DFF330009C878 /* OpenAL.framework */ = {isa = PBXFileReference; lastKnownFileType = wrapper.framework; name = OpenAL.framework; path = System/Library/Frameworks/OpenAL.framework; sourceTree = SDKROOT; };
		D44C620D132DFF430009C878 /* AVFoundation.framework */ = {isa = PBXFileReference; lastKnownFileType = wrapper.framework; name = AVFoundation.framework; path = System/Library/Frameworks/AVFoundation.framework; sourceTree = SDKROOT; };
		D44C620F132DFF4E0009C878 /* AudioToolbox.framework */ = {isa = PBXFileReference; lastKnownFileType = wrapper.framework; name = AudioToolbox.framework; path = System/Library/Frameworks/AudioToolbox.framework; sourceTree = SDKROOT; };
		D6B0611A1803AB670077942B /* CoreMotion.framework */ = {isa = PBXFileReference; lastKnownFileType = wrapper.framework; name = CoreMotion.framework; path = Platforms/iPhoneOS.platform/Developer/SDKs/iPhoneOS7.0.sdk/System/Library/Frameworks/CoreMotion.framework; sourceTree = DEVELOPER_DIR; };
		ED545A7B1B68A1F400C3958E /* libiconv.dylib */ = {isa = PBXFileReference; lastKnownFileType = "compiled.mach-o.dylib"; name = libiconv.dylib; path = Platforms/iPhoneOS.platform/Developer/SDKs/iPhoneOS8.4.sdk/usr/lib/libiconv.dylib; sourceTree = DEVELOPER_DIR; };
		ED545A7D1B68A1FA00C3958E /* libiconv.dylib */ = {isa = PBXFileReference; lastKnownFileType = "compiled.mach-o.dylib"; name = libiconv.dylib; path = usr/lib/libiconv.dylib; sourceTree = SDKROOT; };
/* End PBXFileReference section */

/* Begin PBXFrameworksBuildPhase section */
		1D60588F0D05DD3D006BFB54 /* Frameworks */ = {
			isa = PBXFrameworksBuildPhase;
			buildActionMask = 2147483647;
			files = (
				ED545A7C1B68A1F400C3958E /* libiconv.dylib in Frameworks */,
				52B47A471A53D09C004E4C60 /* Security.framework in Frameworks */,
				D6B0611B1803AB670077942B /* CoreMotion.framework in Frameworks */,
				1D60589F0D05DD5A006BFB54 /* Foundation.framework in Frameworks */,
				1DF5F4E00D08C38300B7A737 /* UIKit.framework in Frameworks */,
				288765A50DF7441C002DB57D /* CoreGraphics.framework in Frameworks */,
				BF171245129291EC00B8313A /* OpenGLES.framework in Frameworks */,
				BF1712471292920000B8313A /* libz.dylib in Frameworks */,
				BF1C47F01293687400B63C5D /* QuartzCore.framework in Frameworks */,
				D44C620C132DFF330009C878 /* OpenAL.framework in Frameworks */,
				D44C620E132DFF430009C878 /* AVFoundation.framework in Frameworks */,
				D44C6210132DFF4E0009C878 /* AudioToolbox.framework in Frameworks */,
				C1A34EC3B3688816E3878B27 /* libcocos2d iOS.a in Frameworks */,
			);
			runOnlyForDeploymentPostprocessing = 0;
		};
		5087E75C17EB910900C73F5D /* Frameworks */ = {
			isa = PBXFrameworksBuildPhase;
			buildActionMask = 2147483647;
			files = (
				ED545A7E1B68A1FA00C3958E /* libiconv.dylib in Frameworks */,
				5087E76717EB910900C73F5D /* libz.dylib in Frameworks */,
				8262943E1AAF051F00CB7CF7 /* Security.framework in Frameworks */,
				503AE11B17EB9C5A00D1A890 /* IOKit.framework in Frameworks */,
				5087E78B17EB975400C73F5D /* OpenGL.framework in Frameworks */,
				5087E78917EB974C00C73F5D /* AppKit.framework in Frameworks */,
				5087E76317EB910900C73F5D /* Foundation.framework in Frameworks */,
				5087E76817EB910900C73F5D /* QuartzCore.framework in Frameworks */,
				5087E76917EB910900C73F5D /* OpenAL.framework in Frameworks */,
				5087E76A17EB910900C73F5D /* AVFoundation.framework in Frameworks */,
				5087E76B17EB910900C73F5D /* AudioToolbox.framework in Frameworks */,
				04F24EA79E2FEB16726F1559 /* libcocos2d Mac.a in Frameworks */,
			);
			runOnlyForDeploymentPostprocessing = 0;
		};
/* End PBXFrameworksBuildPhase section */

/* Begin PBXGroup section */
		080E96DDFE201D6D7F000001 /* ios */ = {
			isa = PBXGroup;
			children = (
				5087E77117EB970100C73F5D /* Icons */,
				503AE0FA17EB989F00D1A890 /* AppController.h */,
				503AE0FB17EB989F00D1A890 /* AppController.mm */,
				503AE0FC17EB989F00D1A890 /* main.m */,
				503AE0FD17EB989F00D1A890 /* Prefix.pch */,
				503AE0FE17EB989F00D1A890 /* RootViewController.h */,
				503AE0FF17EB989F00D1A890 /* RootViewController.mm */,
			);
			name = ios;
			path = Classes;
			sourceTree = "<group>";
		};
		19C28FACFE9D520D11CA2CBB /* Products */ = {
			isa = PBXGroup;
			children = (
				1D6058910D05DD3D006BFB54 /* MatchPuzzleRPGT-mobile.app */,
				5087E76F17EB910900C73F5D /* MatchPuzzleRPGT-desktop.app */,
			);
			name = Products;
			sourceTree = "<group>";
		};
		29B97314FDCFA39411CA2CEA /* CustomTemplate */ = {
			isa = PBXGroup;
			children = (
				46880B8319C43A87006E1F66 /* Classes */,
				46880B7519C43A67006E1F66 /* Resources */,
				29B97323FDCFA39411CA2CEA /* Frameworks */,
				080E96DDFE201D6D7F000001 /* ios */,
				503AE10617EB990700D1A890 /* mac */,
				19C28FACFE9D520D11CA2CBB /* Products */,
				D5CB42F08C6D43063F35C095 /* ios-libs */,
				902F42B2BBC012D29E93F7B6 /* mac-libs */,
			);
			name = CustomTemplate;
			sourceTree = "<group>";
		};
		29B97323FDCFA39411CA2CEA /* Frameworks */ = {
			isa = PBXGroup;
			children = (
				ED545A7D1B68A1FA00C3958E /* libiconv.dylib */,
				ED545A7B1B68A1F400C3958E /* libiconv.dylib */,
				8262943D1AAF051F00CB7CF7 /* Security.framework */,
				52B47A461A53D09B004E4C60 /* Security.framework */,
				D6B0611A1803AB670077942B /* CoreMotion.framework */,
				503AE11A17EB9C5A00D1A890 /* IOKit.framework */,
				503AE11117EB99EE00D1A890 /* libcurl.dylib */,
				5087E78A17EB975400C73F5D /* OpenGL.framework */,
				5087E78817EB974C00C73F5D /* AppKit.framework */,
				1ACB3243164770DE00914215 /* libcurl.a */,
				BF170DB412928DE900B8313A /* libz.dylib */,
				D44C620F132DFF4E0009C878 /* AudioToolbox.framework */,
				D44C620D132DFF430009C878 /* AVFoundation.framework */,
				288765A40DF7441C002DB57D /* CoreGraphics.framework */,
				1D30AB110D05D00D00671497 /* Foundation.framework */,
				D44C620B132DFF330009C878 /* OpenAL.framework */,
				BF170DB012928DE900B8313A /* OpenGLES.framework */,
				BF1C47EA1293683800B63C5D /* QuartzCore.framework */,
				1DF5F4DF0D08C38300B7A737 /* UIKit.framework */,
			);
			name = Frameworks;
			sourceTree = "<group>";
		};
		31122EBA1BCCF0FE00F08C65 /* DataModel */ = {
			isa = PBXGroup;
			children = (
				315213EA1BFF236C00083D8F /* ElementType.h */,
				315213EB1BFF236C00083D8F /* EnemyStatusData.h */,
				315213EC1BFF236C00083D8F /* GrowthData.hpp */,
				315213ED1BFF236C00083D8F /* PlayerAssetsData.cpp */,
				315213EE1BFF236C00083D8F /* PlayerAssetsData.h */,
				315213EF1BFF236C00083D8F /* PlayerStatusData.h */,
				315213F01BFF236C00083D8F /* PuzzleStatusChangeData.hpp */,
				315213F11BFF236C00083D8F /* StageClearData.cpp */,
				315213F21BFF236C00083D8F /* StageClearData.h */,
				315213F31BFF236C00083D8F /* StageData.cpp */,
				315213F41BFF236C00083D8F /* StageData.h */,
				315213F51BFF236C00083D8F /* StageScoreRecord.cpp */,
				315213F61BFF236C00083D8F /* StageScoreRecord.h */,
				315213F71BFF236C00083D8F /* UnitData.h */,
				315213F81BFF236C00083D8F /* UnitOfPlayerRecord.h */,
			);
			name = DataModel;
			sourceTree = "<group>";
		};
		31122EBC1BCCF12D00F08C65 /* DataManager */ = {
			isa = PBXGroup;
			children = (
				315213D51BFF22A700083D8F /* StageDataManager.cpp */,
				315213D61BFF22A700083D8F /* StageDataManager.h */,
				315213D71BFF22A700083D8F /* StatusDataManager.cpp */,
				315213D81BFF22A700083D8F /* StatusDataManager.h */,
			);
			name = DataManager;
			sourceTree = "<group>";
		};
		31122EBD1BCCF14A00F08C65 /* Scene */ = {
			isa = PBXGroup;
			children = (
				3141AED01BD4B74E001F09B6 /* GameStage */,
				311C56361BF5CEAB00357A7A /* GetUnit */,
				315214011BFF23C600083D8F /* GameStageScene.cpp */,
				315214021BFF23C600083D8F /* GameStageScene.h */,
				315214031BFF23C600083D8F /* GatchaResultLayer.cpp */,
				315214041BFF23C600083D8F /* GatchaResultLayer.h */,
				315214051BFF23C600083D8F /* GetUnitScene.cpp */,
				315214061BFF23C600083D8F /* GetUnitScene.h */,
				315214071BFF23C600083D8F /* HomeScene.cpp */,
				315214081BFF23C600083D8F /* HomeScene.h */,
				315214091BFF23C600083D8F /* MainBackground.cpp */,
				3152140A1BFF23C600083D8F /* MainBackground.h */,
				3152140D1BFF23C600083D8F /* StageScoreScene.cpp */,
				3152140E1BFF23C600083D8F /* StageScoreScene.h */,
				3152140F1BFF23C600083D8F /* StageSelectScene.cpp */,
				315214101BFF23C600083D8F /* StageSelectScene.h */,
				315214111BFF23C600083D8F /* StatusScene.cpp */,
				315214121BFF23C600083D8F /* StatusScene.h */,
			);
			name = Scene;
			sourceTree = "<group>";
		};
		31122EBE1BCCF19900F08C65 /* DataVisualizer */ = {
			isa = PBXGroup;
			children = (
				315213DB1BFF231400083D8F /* EnemyNode.cpp */,
				315213DC1BFF231400083D8F /* EnemyNode.h */,
				315213DD1BFF231400083D8F /* HealthBar.cpp */,
				315213DE1BFF231400083D8F /* HealthBar.h */,
				315213DF1BFF231400083D8F /* Item_SelectStage.hpp */,
				315213E01BFF231400083D8F /* Item_StageScoreRecord.hpp */,
				315213E11BFF231400083D8F /* Layer_PlayerStatus.hpp */,
				315213E21BFF231400083D8F /* ListItem_UnitRecord.cpp */,
				315213E31BFF231400083D8F /* ListItem_UnitRecord.h */,
				315213E41BFF231400083D8F /* ScoreBoard.cpp */,
				315213E51BFF231400083D8F /* ScoreBoard.h */,
			);
			name = DataVisualizer;
			sourceTree = "<group>";
		};
		31122EC31BCE277700F08C65 /* Utils */ = {
			isa = PBXGroup;
			children = (
				315213CD1BFF21F500083D8F /* CsvParser.cpp */,
				315213CE1BFF21F500083D8F /* CsvParser.h */,
				315213CF1BFF21F500083D8F /* IDPool.cpp */,
				315213D01BFF21F500083D8F /* IDPool.h */,
				315213D11BFF21F500083D8F /* TimeParser.hpp */,
				315213D21BFF21F500083D8F /* UIHelper.hpp */,
			);
			name = Utils;
			sourceTree = "<group>";
		};
		311C56361BF5CEAB00357A7A /* GetUnit */ = {
			isa = PBXGroup;
			children = (
				311C56371BF5CEB900357A7A /* GetUnitStrategy */,
			);
			name = GetUnit;
			sourceTree = "<group>";
		};
		311C56371BF5CEB900357A7A /* GetUnitStrategy */ = {
			isa = PBXGroup;
			children = (
				3152141E1BFF24AC00083D8F /* IUnitGatchaStrategy.h */,
				3152141F1BFF24AC00083D8F /* SimpleUnitGatchaStrategy.hpp */,
			);
			name = GetUnitStrategy;
			sourceTree = "<group>";
		};
		3141AED01BD4B74E001F09B6 /* GameStage */ = {
			isa = PBXGroup;
			children = (
				315214521BFF276D00083D8F /* AnalogStick.cpp */,
				315214531BFF276D00083D8F /* AnalogStick.h */,
				315214541BFF276D00083D8F /* GameStageHUD.cpp */,
				315214551BFF276D00083D8F /* GameStageHUD.h */,
				315214561BFF276D00083D8F /* StageClearLayer.cpp */,
				315214571BFF276D00083D8F /* StageClearLayer.h */,
				315214201BFF256300083D8F /* GameStageController.cpp */,
				315214211BFF256300083D8F /* GameStageController.h */,
				315214221BFF256300083D8F /* IMapItem.h */,
				315214231BFF256300083D8F /* Jewel.cpp */,
				315214241BFF256300083D8F /* Jewel.h */,
				315214251BFF256300083D8F /* JewelGrid.cpp */,
				315214261BFF256300083D8F /* JewelGrid.h */,
				315214271BFF256300083D8F /* JewelGridStatus.cpp */,
				315214281BFF256300083D8F /* JewelGridStatus.h */,
				315214291BFF256300083D8F /* MapController.cpp */,
				3152142A1BFF256300083D8F /* MapController.h */,
				3152142B1BFF256300083D8F /* MapItemBase.cpp */,
				3152142C1BFF256300083D8F /* MapItemBase.h */,
				3152142D1BFF256300083D8F /* MapItemEnemy.cpp */,
				3152142E1BFF256300083D8F /* MapItemEnemy.h */,
				3152142F1BFF256300083D8F /* MapItemPlayer.cpp */,
				315214301BFF256300083D8F /* MapItemPlayer.h */,
				315214311BFF256300083D8F /* MapLayer.cpp */,
				315214321BFF256300083D8F /* MapLayer.h */,
				3198548C1BE9FB53004A9CEE /* GrowthStrategy */,
				319854841BE9BD57004A9CEE /* ScoreStrategy */,
				31819B621BE1EEBB00C505E8 /* MapStrategyOnPuzzle */,
				31819B611BE1EE9F00C505E8 /* ClearCondition */,
			);
			name = GameStage;
			sourceTree = "<group>";
		};
		31819B611BE1EE9F00C505E8 /* ClearCondition */ = {
			isa = PBXGroup;
			children = (
				3152144B1BFF26D800083D8F /* ClearStageCondition_GoalMap.cpp */,
				3152144C1BFF26D800083D8F /* ClearStageCondition_GoalMap.h */,
				3152144D1BFF26D800083D8F /* ClearStageCondition_NoEnemy.cpp */,
				3152144E1BFF26D800083D8F /* ClearStageCondition_NoEnemy.h */,
				3152144F1BFF26D800083D8F /* IClearStageCondition.h */,
			);
			name = ClearCondition;
			sourceTree = "<group>";
		};
		31819B621BE1EEBB00C505E8 /* MapStrategyOnPuzzle */ = {
			isa = PBXGroup;
			children = (
				315214441BFF269400083D8F /* IMapStrategyOnPuzzleStatusChange.h */,
				315214451BFF269400083D8F /* SimpleMapStrategyOnPuzzleStatusChange.cpp */,
				315214461BFF269400083D8F /* SimpleMapStrategyOnPuzzleStatusChange.h */,
				315214471BFF269400083D8F /* SimpleMapStrategyWithUnitsOnPuzzleStatusChange.cpp */,
				315214481BFF269400083D8F /* SimpleMapStrategyWithUnitsOnPuzzleStatusChange.h */,
			);
			name = MapStrategyOnPuzzle;
			sourceTree = "<group>";
		};
		319854841BE9BD57004A9CEE /* ScoreStrategy */ = {
			isa = PBXGroup;
			children = (
				3152143C1BFF262500083D8F /* IScoreEnemyStrategy.h */,
				3152143D1BFF262500083D8F /* IScorePuzzleStrategy.h */,
				3152143E1BFF262500083D8F /* IScoreStageClearStrategy.h */,
				3152143F1BFF262500083D8F /* SimpleScoreEnemyStrategy.hpp */,
				315214401BFF262500083D8F /* SimpleScorePuzzleStrategy.hpp */,
				315214411BFF262500083D8F /* SimpleScoreStageClearStrategy.hpp */,
			);
			name = ScoreStrategy;
			sourceTree = "<group>";
		};
		3198548C1BE9FB53004A9CEE /* GrowthStrategy */ = {
			isa = PBXGroup;
			children = (
				315214421BFF265100083D8F /* IGrowthStrategyStageClear.h */,
				315214431BFF265100083D8F /* SimpleGrowthStrategyStageClear.hpp */,
			);
			name = GrowthStrategy;
			sourceTree = "<group>";
		};
		46880B7519C43A67006E1F66 /* Resources */ = {
			isa = PBXGroup;
			children = (
				3198547D1BE758EE004A9CEE /* attack.png */,
				31819B561BE1B0D500C505E8 /* meta_tiles.png */,
				319DA2D51BE0A7B200151EF1 /* defaultParticle.plist */,
				319DA2C81BDF26C500151EF1 /* hp.png */,
				31FF12B41BD9D49400E06405 /* stick_inner.png */,
				31FF12B51BD9D49400E06405 /* stick_outer.png */,
				31CD823D1BD6464C0009D1FB /* Player_on_map.png */,
				3141AEF41BD62333001F09B6 /* tmw_desert_spacing.png */,
				3141AEF11BD6217F001F09B6 /* map_00.tmx */,
				3141AEDC1BD4DB47001F09B6 /* element_0.png */,
				3141AEDD1BD4DB47001F09B6 /* element_1.png */,
				3141AEDE1BD4DB47001F09B6 /* element_2.png */,
				3141AEDF1BD4DB47001F09B6 /* element_3.png */,
				3141AED91BD4C03B001F09B6 /* crush.ogg */,
				31599BE11BCF5E58005E92C5 /* data */,
				31122EC01BCD01CD00F08C65 /* ui */,
				31122EB41BCCBEDF00F08C65 /* Chara_illust.png */,
				31122EA51BCC9DBC00F08C65 /* character_icon_0.png */,
				3188E6841BD0B68000AC8FBC /* stageIcon_0.png */,
				31122EA61BCC9DBC00F08C65 /* element_blue.png */,
				31122EA71BCC9DBC00F08C65 /* element_green.png */,
				31122EA81BCC9DBC00F08C65 /* element_red.png */,
				31122EA91BCC9DBC00F08C65 /* element_yellow.png */,
				31122E831BC780C400F08C65 /* mainBG.png */,
				31122E7C1BC77C4B00F08C65 /* start.png */,
				31122E861BC7852F00F08C65 /* score.png */,
				31122E891BC786DA00F08C65 /* status.png */,
				31122E8C1BC7872800F08C65 /* exit.png */,
				313E6FEC1BF474FB00DD3BF6 /* getUnits.png */,
				31122E931BC79CC800F08C65 /* home.png */,
				3128F73B1BFB222100198B11 /* Button_prevStage.png */,
				3128F73E1BFB227A00198B11 /* Button_nextStage.png */,
			);
			name = Resources;
			path = ../Resources;
			sourceTree = "<group>";
		};
		46880B8319C43A87006E1F66 /* Classes */ = {
			isa = PBXGroup;
			children = (
				31122EC31BCE277700F08C65 /* Utils */,
				31122EBD1BCCF14A00F08C65 /* Scene */,
				31122EBC1BCCF12D00F08C65 /* DataManager */,
				31122EBE1BCCF19900F08C65 /* DataVisualizer */,
				31122EBA1BCCF0FE00F08C65 /* DataModel */,
				46880B8419C43A87006E1F66 /* AppDelegate.cpp */,
				46880B8519C43A87006E1F66 /* AppDelegate.h */,
				31122E781BC76DCF00F08C65 /* SceneMediator.cpp */,
				31122E791BC76DCF00F08C65 /* SceneMediator.h */,
			);
			name = Classes;
			path = ../Classes;
			sourceTree = "<group>";
		};
		503AE0F517EB97AB00D1A890 /* Icons */ = {
			isa = PBXGroup;
			children = (
				503AE0F617EB97AB00D1A890 /* Icon.icns */,
				503AE0F717EB97AB00D1A890 /* Info.plist */,
			);
			name = Icons;
			path = mac;
			sourceTree = SOURCE_ROOT;
		};
		503AE10617EB990700D1A890 /* mac */ = {
			isa = PBXGroup;
			children = (
				503AE0F517EB97AB00D1A890 /* Icons */,
				503AE10317EB98FF00D1A890 /* main.cpp */,
				503AE10417EB98FF00D1A890 /* Prefix.pch */,
			);
			name = mac;
			sourceTree = "<group>";
		};
		5087E77117EB970100C73F5D /* Icons */ = {
			isa = PBXGroup;
			children = (
				521A8E6219F0C34300D177D7 /* Default-667h@2x.png */,
				521A8E6319F0C34300D177D7 /* Default-736h@3x.png */,
				5087E77217EB970100C73F5D /* Default-568h@2x.png */,
				5087E77317EB970100C73F5D /* Default.png */,
				5087E77417EB970100C73F5D /* Default@2x.png */,
				50EF62A017ECD613001EB2F8 /* Icon-29.png */,
				50EF62A117ECD613001EB2F8 /* Icon-50.png */,
				50EF629217ECD46A001EB2F8 /* Icon-40.png */,
				50EF629317ECD46A001EB2F8 /* Icon-58.png */,
				50EF629417ECD46A001EB2F8 /* Icon-80.png */,
				50EF629517ECD46A001EB2F8 /* Icon-100.png */,
				5087E77517EB970100C73F5D /* Icon-114.png */,
				5087E77617EB970100C73F5D /* Icon-120.png */,
				5087E77717EB970100C73F5D /* Icon-144.png */,
				5087E77817EB970100C73F5D /* Icon-152.png */,
				5087E77917EB970100C73F5D /* Icon-57.png */,
				5087E77A17EB970100C73F5D /* Icon-72.png */,
				5087E77B17EB970100C73F5D /* Icon-76.png */,
				5087E77C17EB970100C73F5D /* Info.plist */,
			);
			name = Icons;
			path = ios;
			sourceTree = SOURCE_ROOT;
		};
		902F42B2BBC012D29E93F7B6 /* mac-libs */ = {
			isa = PBXGroup;
			children = (
				1D364C16A410D74FA7F2CF54 /* libcocos2d Mac.a */,
			);
			name = "mac-libs";
			sourceTree = "<group>";
		};
		D5CB42F08C6D43063F35C095 /* ios-libs */ = {
			isa = PBXGroup;
			children = (
				89AD4506B527F53C15871621 /* libcocos2d iOS.a */,
			);
			name = "ios-libs";
			sourceTree = "<group>";
		};
/* End PBXGroup section */

/* Begin PBXNativeTarget section */
		1D6058900D05DD3D006BFB54 /* MatchPuzzleRPGT-mobile */ = {
			isa = PBXNativeTarget;
			buildConfigurationList = 1D6058960D05DD3E006BFB54 /* Build configuration list for PBXNativeTarget "MatchPuzzleRPGT-mobile" */;
			buildPhases = (
				1D60588D0D05DD3D006BFB54 /* Resources */,
				1D60588E0D05DD3D006BFB54 /* Sources */,
				1D60588F0D05DD3D006BFB54 /* Frameworks */,
			);
			buildRules = (
			);
			dependencies = (
			);
			name = "MatchPuzzleRPGT-mobile";
			productName = iphone;
			productReference = 1D6058910D05DD3D006BFB54 /* MatchPuzzleRPGT-mobile.app */;
			productType = "com.apple.product-type.application";
		};
		5087E73D17EB910900C73F5D /* MatchPuzzleRPGT-desktop */ = {
			isa = PBXNativeTarget;
			buildConfigurationList = 5087E76C17EB910900C73F5D /* Build configuration list for PBXNativeTarget "MatchPuzzleRPGT-desktop" */;
			buildPhases = (
				5087E74817EB910900C73F5D /* Resources */,
				5087E75617EB910900C73F5D /* Sources */,
				5087E75C17EB910900C73F5D /* Frameworks */,
			);
			buildRules = (
			);
			dependencies = (
			);
			name = "MatchPuzzleRPGT-desktop";
			productName = iphone;
			productReference = 5087E76F17EB910900C73F5D /* MatchPuzzleRPGT-desktop.app */;
			productType = "com.apple.product-type.application";
		};
/* End PBXNativeTarget section */

/* Begin PBXProject section */
		29B97313FDCFA39411CA2CEA /* Project object */ = {
			isa = PBXProject;
			attributes = {
				LastUpgradeCheck = 0500;
			};
			buildConfigurationList = C01FCF4E08A954540054247B /* Build configuration list for PBXProject "MatchPuzzleRPGT" */;
			compatibilityVersion = "Xcode 3.2";
			developmentRegion = English;
			hasScannedForEncodings = 1;
			knownRegions = (
				English,
				Japanese,
				French,
				German,
			);
			mainGroup = 29B97314FDCFA39411CA2CEA /* CustomTemplate */;
			projectDirPath = "";
			projectRoot = "";
			targets = (
				1D6058900D05DD3D006BFB54 /* MatchPuzzleRPGT-mobile */,
				5087E73D17EB910900C73F5D /* MatchPuzzleRPGT-desktop */,
			);
		};
/* End PBXProject section */

/* Begin PBXResourcesBuildPhase section */
		1D60588D0D05DD3D006BFB54 /* Resources */ = {
			isa = PBXResourcesBuildPhase;
			buildActionMask = 2147483647;
			files = (
				319DA2D61BE0A7B200151EF1 /* defaultParticle.plist in Resources */,
				31122EC11BCD01CD00F08C65 /* ui in Resources */,
				313E6FED1BF474FB00DD3BF6 /* getUnits.png in Resources */,
				5087E78117EB970100C73F5D /* Icon-120.png in Resources */,
				31122E8A1BC786DA00F08C65 /* status.png in Resources */,
				3141AEF51BD62333001F09B6 /* tmw_desert_spacing.png in Resources */,
				5087E78617EB970100C73F5D /* Icon-76.png in Resources */,
				31FF12B61BD9D49400E06405 /* stick_inner.png in Resources */,
				5087E77F17EB970100C73F5D /* Default@2x.png in Resources */,
				50EF629917ECD46A001EB2F8 /* Icon-100.png in Resources */,
				31122E871BC7852F00F08C65 /* score.png in Resources */,
				319DA2C91BDF26C500151EF1 /* hp.png in Resources */,
				5087E78317EB970100C73F5D /* Icon-152.png in Resources */,
				5087E77D17EB970100C73F5D /* Default-568h@2x.png in Resources */,
				31122EAE1BCC9DBC00F08C65 /* element_green.png in Resources */,
				3141AEE21BD4DB47001F09B6 /* element_1.png in Resources */,
				3141AEF21BD6217F001F09B6 /* map_00.tmx in Resources */,
				31CD823E1BD6464C0009D1FB /* Player_on_map.png in Resources */,
				31122E7D1BC77C4B00F08C65 /* start.png in Resources */,
				3188E6851BD0B68000AC8FBC /* stageIcon_0.png in Resources */,
				5087E78517EB970100C73F5D /* Icon-72.png in Resources */,
				31819B571BE1B0D500C505E8 /* meta_tiles.png in Resources */,
				3141AEDA1BD4C03B001F09B6 /* crush.ogg in Resources */,
				31122EAC1BCC9DBC00F08C65 /* element_blue.png in Resources */,
				521A8E6519F0C34300D177D7 /* Default-736h@3x.png in Resources */,
				3141AEE41BD4DB47001F09B6 /* element_2.png in Resources */,
				3141AEE01BD4DB47001F09B6 /* element_0.png in Resources */,
				50EF62A317ECD613001EB2F8 /* Icon-50.png in Resources */,
				31122EB21BCC9DBC00F08C65 /* element_yellow.png in Resources */,
				3128F73C1BFB222100198B11 /* Button_prevStage.png in Resources */,
				31122E8D1BC7872800F08C65 /* exit.png in Resources */,
				5087E78017EB970100C73F5D /* Icon-114.png in Resources */,
				31122E841BC780C400F08C65 /* mainBG.png in Resources */,
				3198547E1BE758EE004A9CEE /* attack.png in Resources */,
				50EF62A217ECD613001EB2F8 /* Icon-29.png in Resources */,
				31122EB01BCC9DBC00F08C65 /* element_red.png in Resources */,
				50EF629617ECD46A001EB2F8 /* Icon-40.png in Resources */,
				5087E78217EB970100C73F5D /* Icon-144.png in Resources */,
				50EF629817ECD46A001EB2F8 /* Icon-80.png in Resources */,
				5087E78417EB970100C73F5D /* Icon-57.png in Resources */,
				31122E941BC79CC800F08C65 /* home.png in Resources */,
				5087E77E17EB970100C73F5D /* Default.png in Resources */,
				3141AEE61BD4DB47001F09B6 /* element_3.png in Resources */,
				3128F73F1BFB227A00198B11 /* Button_nextStage.png in Resources */,
				31FF12B81BD9D49400E06405 /* stick_outer.png in Resources */,
				521A8E6419F0C34300D177D7 /* Default-667h@2x.png in Resources */,
				31122EAA1BCC9DBC00F08C65 /* character_icon_0.png in Resources */,
				31122EB51BCCBEDF00F08C65 /* Chara_illust.png in Resources */,
				31599BE21BCF5E58005E92C5 /* data in Resources */,
				50EF629717ECD46A001EB2F8 /* Icon-58.png in Resources */,
			);
			runOnlyForDeploymentPostprocessing = 0;
		};
		5087E74817EB910900C73F5D /* Resources */ = {
			isa = PBXResourcesBuildPhase;
			buildActionMask = 2147483647;
			files = (
				3141AEE71BD4DB47001F09B6 /* element_3.png in Resources */,
				3128F7401BFB227A00198B11 /* Button_nextStage.png in Resources */,
				3141AEF61BD62333001F09B6 /* tmw_desert_spacing.png in Resources */,
				31122E881BC7852F00F08C65 /* score.png in Resources */,
				31122E7E1BC77C4B00F08C65 /* start.png in Resources */,
				313E6FEE1BF474FB00DD3BF6 /* getUnits.png in Resources */,
				3188E6861BD0B68000AC8FBC /* stageIcon_0.png in Resources */,
				3198547F1BE758EE004A9CEE /* attack.png in Resources */,
				31122E951BC79CC800F08C65 /* home.png in Resources */,
				31122EAD1BCC9DBC00F08C65 /* element_blue.png in Resources */,
				31122EAB1BCC9DBC00F08C65 /* character_icon_0.png in Resources */,
				31122E851BC780C400F08C65 /* mainBG.png in Resources */,
				3141AEE11BD4DB47001F09B6 /* element_0.png in Resources */,
				319DA2CA1BDF26C500151EF1 /* hp.png in Resources */,
				3141AEE51BD4DB47001F09B6 /* element_2.png in Resources */,
				31122EAF1BCC9DBC00F08C65 /* element_green.png in Resources */,
				3141AEF31BD6217F001F09B6 /* map_00.tmx in Resources */,
				31819B581BE1B0D500C505E8 /* meta_tiles.png in Resources */,
				503AE0F817EB97AB00D1A890 /* Icon.icns in Resources */,
				3141AEE31BD4DB47001F09B6 /* element_1.png in Resources */,
				3141AEDB1BD4C03B001F09B6 /* crush.ogg in Resources */,
				31122E8B1BC786DA00F08C65 /* status.png in Resources */,
				31122EC21BCD01CD00F08C65 /* ui in Resources */,
				31122E8E1BC7872800F08C65 /* exit.png in Resources */,
				319DA2D71BE0A7B200151EF1 /* defaultParticle.plist in Resources */,
				31122EB31BCC9DBC00F08C65 /* element_yellow.png in Resources */,
				3128F73D1BFB222100198B11 /* Button_prevStage.png in Resources */,
				31FF12B91BD9D49400E06405 /* stick_outer.png in Resources */,
				31FF12B71BD9D49400E06405 /* stick_inner.png in Resources */,
				31122EB11BCC9DBC00F08C65 /* element_red.png in Resources */,
				31122EB61BCCBEDF00F08C65 /* Chara_illust.png in Resources */,
			);
			runOnlyForDeploymentPostprocessing = 0;
		};
/* End PBXResourcesBuildPhase section */

/* Begin PBXSourcesBuildPhase section */
		1D60588E0D05DD3D006BFB54 /* Sources */ = {
			isa = PBXSourcesBuildPhase;
			buildActionMask = 2147483647;
			files = (
				3152141D1BFF23C600083D8F /* StatusScene.cpp in Sources */,
				315213E81BFF231400083D8F /* ListItem_UnitRecord.cpp in Sources */,
				315213E91BFF231400083D8F /* ScoreBoard.cpp in Sources */,
				315214511BFF26D800083D8F /* ClearStageCondition_NoEnemy.cpp in Sources */,
				315214161BFF23C600083D8F /* GatchaResultLayer.cpp in Sources */,
				3152145A1BFF276D00083D8F /* StageClearLayer.cpp in Sources */,
				315214171BFF23C600083D8F /* GetUnitScene.cpp in Sources */,
				315213D41BFF21F500083D8F /* IDPool.cpp in Sources */,
				315214191BFF23C600083D8F /* MainBackground.cpp in Sources */,
				315213F91BFF236C00083D8F /* PlayerAssetsData.cpp in Sources */,
				315214361BFF256300083D8F /* JewelGridStatus.cpp in Sources */,
				315213FA1BFF236C00083D8F /* StageClearData.cpp in Sources */,
				315214331BFF256300083D8F /* GameStageController.cpp in Sources */,
				3152143A1BFF256300083D8F /* MapItemPlayer.cpp in Sources */,
				315213E71BFF231400083D8F /* HealthBar.cpp in Sources */,
				31122E7A1BC76DCF00F08C65 /* SceneMediator.cpp in Sources */,
				46880B8819C43A87006E1F66 /* AppDelegate.cpp in Sources */,
				315213D31BFF21F500083D8F /* CsvParser.cpp in Sources */,
				503AE10017EB989F00D1A890 /* AppController.mm in Sources */,
				315213DA1BFF22A700083D8F /* StatusDataManager.cpp in Sources */,
				3152141B1BFF23C600083D8F /* StageScoreScene.cpp in Sources */,
				315214491BFF269400083D8F /* SimpleMapStrategyOnPuzzleStatusChange.cpp in Sources */,
				315213E61BFF231400083D8F /* EnemyNode.cpp in Sources */,
				315214381BFF256300083D8F /* MapItemBase.cpp in Sources */,
				315213FB1BFF236C00083D8F /* StageData.cpp in Sources */,
				315214591BFF276D00083D8F /* GameStageHUD.cpp in Sources */,
				315214351BFF256300083D8F /* JewelGrid.cpp in Sources */,
				315214501BFF26D800083D8F /* ClearStageCondition_GoalMap.cpp in Sources */,
				315214341BFF256300083D8F /* Jewel.cpp in Sources */,
				315213D91BFF22A700083D8F /* StageDataManager.cpp in Sources */,
				315213FC1BFF236C00083D8F /* StageScoreRecord.cpp in Sources */,
				3152144A1BFF269400083D8F /* SimpleMapStrategyWithUnitsOnPuzzleStatusChange.cpp in Sources */,
				315214181BFF23C600083D8F /* HomeScene.cpp in Sources */,
				503AE10217EB989F00D1A890 /* RootViewController.mm in Sources */,
				315214581BFF276D00083D8F /* AnalogStick.cpp in Sources */,
				315214371BFF256300083D8F /* MapController.cpp in Sources */,
				3152143B1BFF256300083D8F /* MapLayer.cpp in Sources */,
				315214151BFF23C600083D8F /* GameStageScene.cpp in Sources */,
				503AE10117EB989F00D1A890 /* main.m in Sources */,
				3152141C1BFF23C600083D8F /* StageSelectScene.cpp in Sources */,
				315214391BFF256300083D8F /* MapItemEnemy.cpp in Sources */,
			);
			runOnlyForDeploymentPostprocessing = 0;
		};
		5087E75617EB910900C73F5D /* Sources */ = {
			isa = PBXSourcesBuildPhase;
			buildActionMask = 2147483647;
			files = (
				46880B8919C43A87006E1F66 /* AppDelegate.cpp in Sources */,
				31122E7B1BC76DCF00F08C65 /* SceneMediator.cpp in Sources */,
				503AE10517EB98FF00D1A890 /* main.cpp in Sources */,
			);
			runOnlyForDeploymentPostprocessing = 0;
		};
/* End PBXSourcesBuildPhase section */

/* Begin XCBuildConfiguration section */
		1D6058940D05DD3E006BFB54 /* Debug */ = {
			isa = XCBuildConfiguration;
			buildSettings = {
				ALWAYS_SEARCH_USER_PATHS = YES;
				CODE_SIGN_IDENTITY = "iPhone Developer";
				COMPRESS_PNG_FILES = NO;
				GCC_DYNAMIC_NO_PIC = NO;
				GCC_INLINES_ARE_PRIVATE_EXTERN = NO;
				GCC_PRECOMPILE_PREFIX_HEADER = YES;
				GCC_PREFIX_HEADER = ios/Prefix.pch;
				GCC_PREPROCESSOR_DEFINITIONS = (
					USE_FILE32API,
					CC_TARGET_OS_IPHONE,
					"COCOS2D_DEBUG=1",
					"CC_ENABLE_CHIPMUNK_INTEGRATION=1",
				);
				GCC_SYMBOLS_PRIVATE_EXTERN = NO;
				HEADER_SEARCH_PATHS = (
					"$(inherited)",
					"/Applications/Cocos/frameworks/cocos2d-x-3.8/cocos/platform/ios",
					"/Applications/Cocos/frameworks/cocos2d-x-3.8/cocos/platform/ios/Simulation",
				);
				INFOPLIST_FILE = ios/Info.plist;
				IPHONEOS_DEPLOYMENT_TARGET = 5.0;
				LIBRARY_SEARCH_PATHS = " /Applications/Cocos/frameworks/cocos2d-x-3.8/prebuilt/ios";
				OTHER_LDFLAGS = (
					"$(_COCOS_LIB_IOS_BEGIN)",
					"$(_COCOS_LIB_IOS_END)",
				);
				SDKROOT = iphoneos;
				TARGETED_DEVICE_FAMILY = "1,2";
				USER_HEADER_SEARCH_PATHS = "$(_COCOS_HEADER_IOS_BEGIN) $(_COCOS_HEADER_IOS_END)";
				VALID_ARCHS = "arm64 armv7";
			};
			name = Debug;
		};
		1D6058950D05DD3E006BFB54 /* Release */ = {
			isa = XCBuildConfiguration;
			buildSettings = {
				ALWAYS_SEARCH_USER_PATHS = YES;
				CODE_SIGN_IDENTITY = "iPhone Developer";
				COMPRESS_PNG_FILES = NO;
				GCC_INLINES_ARE_PRIVATE_EXTERN = NO;
				GCC_PRECOMPILE_PREFIX_HEADER = YES;
				GCC_PREFIX_HEADER = ios/Prefix.pch;
				GCC_PREPROCESSOR_DEFINITIONS = (
					USE_FILE32API,
					CC_TARGET_OS_IPHONE,
					"CC_ENABLE_CHIPMUNK_INTEGRATION=1",
				);
				GCC_SYMBOLS_PRIVATE_EXTERN = NO;
				HEADER_SEARCH_PATHS = (
					"$(inherited)",
					"/Applications/Cocos/frameworks/cocos2d-x-3.8/cocos/platform/ios",
					"/Applications/Cocos/frameworks/cocos2d-x-3.8/cocos/platform/ios/Simulation",
				);
				INFOPLIST_FILE = ios/Info.plist;
				IPHONEOS_DEPLOYMENT_TARGET = 5.0;
				LIBRARY_SEARCH_PATHS = " /Applications/Cocos/frameworks/cocos2d-x-3.8/prebuilt/ios";
				OTHER_LDFLAGS = (
					"$(_COCOS_LIB_IOS_BEGIN)",
					"$(_COCOS_LIB_IOS_END)",
				);
				SDKROOT = iphoneos;
				TARGETED_DEVICE_FAMILY = "1,2";
				USER_HEADER_SEARCH_PATHS = "$(_COCOS_HEADER_IOS_BEGIN) $(_COCOS_HEADER_IOS_END)";
				VALID_ARCHS = "arm64 armv7";
			};
			name = Release;
		};
		5087E76D17EB910900C73F5D /* Debug */ = {
			isa = XCBuildConfiguration;
			buildSettings = {
				ALWAYS_SEARCH_USER_PATHS = YES;
				ARCHS = "$(ARCHS_STANDARD_64_BIT)";
				CLANG_CXX_LANGUAGE_STANDARD = "c++0x";
				CLANG_CXX_LIBRARY = "libc++";
				GCC_DYNAMIC_NO_PIC = NO;
				GCC_INLINES_ARE_PRIVATE_EXTERN = NO;
				GCC_PRECOMPILE_PREFIX_HEADER = YES;
				GCC_PREFIX_HEADER = mac/Prefix.pch;
				GCC_PREPROCESSOR_DEFINITIONS = (
					USE_FILE32API,
					CC_TARGET_OS_MAC,
					"COCOS2D_DEBUG=1",
					"CC_ENABLE_CHIPMUNK_INTEGRATION=1",
				);
				GCC_SYMBOLS_PRIVATE_EXTERN = NO;
				HEADER_SEARCH_PATHS = (
					"$(inherited)",
					"/Applications/Cocos/frameworks/cocos2d-x-3.8/cocos/platform/mac",
					"/Applications/Cocos/frameworks/cocos2d-x-3.8/external/glfw3/include/mac",
				);
				INFOPLIST_FILE = mac/Info.plist;
				LIBRARY_SEARCH_PATHS = " /Applications/Cocos/frameworks/cocos2d-x-3.8/prebuilt/mac";
				OTHER_LDFLAGS = (
					"$(_COCOS_LIB_MAC_BEGIN)",
					"$(_COCOS_LIB_MAC_END)",
				);
				USER_HEADER_SEARCH_PATHS = "$(_COCOS_HEADER_MAC_BEGIN) $(_COCOS_HEADER_MAC_END)";
			};
			name = Debug;
		};
		5087E76E17EB910900C73F5D /* Release */ = {
			isa = XCBuildConfiguration;
			buildSettings = {
				ALWAYS_SEARCH_USER_PATHS = YES;
				ARCHS = "$(ARCHS_STANDARD_64_BIT)";
				CLANG_CXX_LANGUAGE_STANDARD = "c++0x";
				CLANG_CXX_LIBRARY = "libc++";
				GCC_INLINES_ARE_PRIVATE_EXTERN = NO;
				GCC_PRECOMPILE_PREFIX_HEADER = YES;
				GCC_PREFIX_HEADER = mac/Prefix.pch;
				GCC_PREPROCESSOR_DEFINITIONS = (
					USE_FILE32API,
					CC_TARGET_OS_MAC,
					"CC_ENABLE_CHIPMUNK_INTEGRATION=1",
				);
				GCC_SYMBOLS_PRIVATE_EXTERN = NO;
				HEADER_SEARCH_PATHS = (
					"$(inherited)",
					"/Applications/Cocos/frameworks/cocos2d-x-3.8/cocos/platform/mac",
					"/Applications/Cocos/frameworks/cocos2d-x-3.8/external/glfw3/include/mac",
				);
				INFOPLIST_FILE = mac/Info.plist;
				LIBRARY_SEARCH_PATHS = " /Applications/Cocos/frameworks/cocos2d-x-3.8/prebuilt/mac";
				OTHER_LDFLAGS = (
					"$(_COCOS_LIB_MAC_BEGIN)",
					"$(_COCOS_LIB_MAC_END)",
				);
				USER_HEADER_SEARCH_PATHS = "$(_COCOS_HEADER_MAC_BEGIN) $(_COCOS_HEADER_MAC_END)";
			};
			name = Release;
		};
		C01FCF4F08A954540054247B /* Debug */ = {
			isa = XCBuildConfiguration;
			buildSettings = {
				CLANG_CXX_LANGUAGE_STANDARD = "c++0x";
				CLANG_CXX_LIBRARY = "libc++";
				COPY_PHASE_STRIP = NO;
				GCC_OPTIMIZATION_LEVEL = 0;
				GCC_WARN_ABOUT_RETURN_TYPE = YES;
				GCC_WARN_UNUSED_VARIABLE = YES;
				HEADER_SEARCH_PATHS = (
					"/Applications/Cocos/frameworks/cocos2d-x-3.8",
					"/Applications/Cocos/frameworks/cocos2d-x-3.8/cocos",
					"/Applications/Cocos/frameworks/cocos2d-x-3.8/cocos/base",
					"/Applications/Cocos/frameworks/cocos2d-x-3.8/cocos/physics",
					"/Applications/Cocos/frameworks/cocos2d-x-3.8/cocos/math",
					"/Applications/Cocos/frameworks/cocos2d-x-3.8/cocos/2d",
					"/Applications/Cocos/frameworks/cocos2d-x-3.8/cocos/ui",
					"/Applications/Cocos/frameworks/cocos2d-x-3.8/cocos/network",
					"/Applications/Cocos/frameworks/cocos2d-x-3.8/cocos/audio/include",
					"/Applications/Cocos/frameworks/cocos2d-x-3.8/cocos/editor-support",
					"/Applications/Cocos/frameworks/cocos2d-x-3.8/extensions",
					"/Applications/Cocos/frameworks/cocos2d-x-3.8/external",
					"/Applications/Cocos/frameworks/cocos2d-x-3.8/external/chipmunk/include/chipmunk",
				);
				MACOSX_DEPLOYMENT_TARGET = 10.7;
				ONLY_ACTIVE_ARCH = YES;
				PRODUCT_NAME = "$(TARGET_NAME)";
				SDKROOT = macosx;
			};
			name = Debug;
		};
		C01FCF5008A954540054247B /* Release */ = {
			isa = XCBuildConfiguration;
			buildSettings = {
				CLANG_CXX_LANGUAGE_STANDARD = "c++0x";
				CLANG_CXX_LIBRARY = "libc++";
				GCC_WARN_ABOUT_RETURN_TYPE = YES;
				GCC_WARN_UNUSED_VARIABLE = YES;
				HEADER_SEARCH_PATHS = (
					"/Applications/Cocos/frameworks/cocos2d-x-3.8",
					"/Applications/Cocos/frameworks/cocos2d-x-3.8/cocos",
					"/Applications/Cocos/frameworks/cocos2d-x-3.8/cocos/base",
					"/Applications/Cocos/frameworks/cocos2d-x-3.8/cocos/physics",
					"/Applications/Cocos/frameworks/cocos2d-x-3.8/cocos/math",
					"/Applications/Cocos/frameworks/cocos2d-x-3.8/cocos/2d",
					"/Applications/Cocos/frameworks/cocos2d-x-3.8/cocos/ui",
					"/Applications/Cocos/frameworks/cocos2d-x-3.8/cocos/network",
					"/Applications/Cocos/frameworks/cocos2d-x-3.8/cocos/audio/include",
					"/Applications/Cocos/frameworks/cocos2d-x-3.8/cocos/editor-support",
					"/Applications/Cocos/frameworks/cocos2d-x-3.8/extensions",
					"/Applications/Cocos/frameworks/cocos2d-x-3.8/external",
					"/Applications/Cocos/frameworks/cocos2d-x-3.8/external/chipmunk/include/chipmunk",
				);
				MACOSX_DEPLOYMENT_TARGET = 10.7;
				OTHER_CFLAGS = "-DNS_BLOCK_ASSERTIONS=1";
				PRODUCT_NAME = "$(TARGET_NAME)";
				SDKROOT = macosx;
				VALIDATE_PRODUCT = YES;
			};
			name = Release;
		};
/* End XCBuildConfiguration section */

/* Begin XCConfigurationList section */
		1D6058960D05DD3E006BFB54 /* Build configuration list for PBXNativeTarget "MatchPuzzleRPGT-mobile" */ = {
			isa = XCConfigurationList;
			buildConfigurations = (
				1D6058940D05DD3E006BFB54 /* Debug */,
				1D6058950D05DD3E006BFB54 /* Release */,
			);
			defaultConfigurationIsVisible = 0;
			defaultConfigurationName = Debug;
		};
		5087E76C17EB910900C73F5D /* Build configuration list for PBXNativeTarget "MatchPuzzleRPGT-desktop" */ = {
			isa = XCConfigurationList;
			buildConfigurations = (
				5087E76D17EB910900C73F5D /* Debug */,
				5087E76E17EB910900C73F5D /* Release */,
			);
			defaultConfigurationIsVisible = 0;
			defaultConfigurationName = Debug;
		};
		C01FCF4E08A954540054247B /* Build configuration list for PBXProject "MatchPuzzleRPGT" */ = {
			isa = XCConfigurationList;
			buildConfigurations = (
				C01FCF4F08A954540054247B /* Debug */,
				C01FCF5008A954540054247B /* Release */,
			);
			defaultConfigurationIsVisible = 0;
			defaultConfigurationName = Debug;
		};
/* End XCConfigurationList section */
	};
	rootObject = 29B97313FDCFA39411CA2CEA /* Project object */;
}
